{
  "version": 4,
  "terraform_version": "1.9.6",
  "serial": 123,
  "lineage": "94605872-5ef2-f4b7-588e-95e3c0d95386",
  "outputs": {},
  "resources": [
    {
      "mode": "data",
      "type": "aws_ecrpublic_authorization_token",
      "name": "token",
      "provider": "provider[\"registry.terraform.io/hashicorp/aws\"].us_east_1",
      "instances": [
        {
          "schema_version": 0,
          "attributes": {
            "authorization_token": "QVdTOmV5SndZWGxzYjJGa0lqb2lOblV2TjJKb2JHTXdTbTFHYzJKMWNGTk5PRFZaZWtkS0swNXlXVU0wVmtJNFQwazFVMnBXUkhOcUsySjBiVTgwWWxaRFZVNVpaMDFwV25wRFlWZzNiamQzT1hSRFkxUXhlbTg1WTFaU2JuaFBiRlp3VEZaaFVXUTVhVzVFTURSNldXMTNTMmt6ZVhsNlJGZEljbEJKY0VwalJIcEdTakpFU1cwNGFsQmlWbEE0YW5KNmNESk9PRVZ2ZGtzMVZTOUVWakF3WlhrNVVtTmtabGxtZERZd01FYzBURXBVYlZKT2VuTmxNVzV3VEVKT1dXdHFkVko1Y1ZkSFJGVlpLME14YkRKNlMwSklaWGQwWlhsblNWbExhRlZzWlVOUmNuUk9hVFZzZFdScWIxTlNNMkZCVm0xMWRIaFBWRFpLUjJGelpVaElNemRLVURVMFIxZEVWMGRXWkVWQ09XRkhhbEJhWkZKQ1FYcERkWE42YURKUU5IbGxRa051UmxOUk5qTklXWE0zZVhORWRFOXphV3BXWTBacGFrcFFjRXgwYUhNMWVtcFhNRzByZDBwamNubDVXVEJYZGxaV05XNXRkVWhEZFhSTWNGQnFXbVExVmtZeFVsVnpSbEpUUWtKNFYwRnVkMnMwVlZWa2VWUTRWbEYwZEU5MFdWUlZjVXd3UkdzeVRYQm9jbTV5Y1VKNWVsazFOMDQyYkdZMEx6YzRlV2RZWW5SRGFEaEdkWFo1ZHpkbFpGUkJPVEkyUVM5cVJsVlpOVVpWYzBkNVJubFRUWE5MU2psR1JWQnZPV1ZsYTJ4SUwzZFVlSEpKUTJ3MlprTTNjR1pSYlcxc1lrTnplWEY1WTIxNWRrdzNjbmRWZGs0MGVUWnlWMjh6Y0hGaVYyTlFka05SVTJSVVdWbHdTbmhFTVdOT2RuSmlhVmRWT0hVcmFWUnFWWFJUTTFnd2VUSlljM1ZvV1d0bFRXdHdMMGM0U1UxWGVHRlJVVnA1WmxCNlFVNUNUbVZUVjBvcmRFbHNNRk51TjFGV09HSTNNbmRRVTBwdk0zUkxhRFJHWlRGck5sVkhWVmt3THpaMU5HaHVOV0pWYmpWb2JXUlZlRlJGVldsbWRYZGlSMnBqV0hWRVowdDZZVXhNU21SUFExVXpiWGxvU3l0cWFHeEtTbFF5Tms1M2VIVlpWV1pGU0RnMWVEY3lNMWRaVG5sYWRIb3dPWEF3VWxoS1ZqaGFNbG80ZVVsWVpEUjZSVWhFWmsxdU4wMURjVGQ0VmpOQ1ZVMVJVR3R2VEZseWJETlNTVFI1V2twUU9HRldOVUUwZUhKM2VVeFhXbkl6WjBrNFNFRmlUamd2WWtkc1MxcFplVk53V2tNMWRVZEZkamxaTkU1S1YxSkJaV2gwTVhsUllXSktPRmhWU1dsS2JGSjNOVE5LUW5SUVlqSndVa1ZUVkZoT1RGTllSMHRRZEd0SWVIRTVWUzlGTURsbWNUbHpORXRwVTJWb1pqWjRUMGhCVm1wamJUQm5SV1Z4UkZBcmNpdEpRV1UyVkhVMmRYRjVkemw2YmtsR0wwcEdMelJ1YlhCWk1UQnpOVXg0YW5NdldrdzRUblpVUjFBdmVUWTVhVm80WWs5d1EzcERNbmh1Wm1Ob1JqQlVWSGR0ZFhCMGRsTndZMFJMZDAxTE9EazVORUVyZHk5a09UWlRPVUpGY1hnclFWaGlUbE42TVcwclVreGFZMWwwVFdFNFUxcElXWE56YVZwVk5UbG1helY2VFhGcmMwbEZkM1YzTDJaa1NFWnFZMUI2ZFVoWWIxTmFkV0pMZUdsWVF6RXdTekZxTjNoMUwydDRXRTlUWTJkT1EyMTRkMVJ2V0hSTmFrOGlMQ0prWVhSaGEyVjVJam9pWlhsS1VWSkdaMmxQYVVwVVZVVjBWMVpXUVRSa01WcENaR3BDTmxReFNtMVhWa3AzVlZSS2RWUnVhRFZpZWxad1MzcE9SVTFITVhWT1NIQnhVa1UxVTFKc2NITmhlbVJYVXpKS2VHVkhjRTVSVjJ0M1ZETmtkMVZUT1hCWlZYQkRZV3hOTlZwclJUSk9SVEZ2WTI1d1ZXUnRkM2hWUjFaaFVtdEZOR1ZWZEhwaGJtOHpWR3hzTVdJd2RFTlRTRkpxV1ZkWmRscHJUVE5YYWtaUVZXMDRNMWRzUlhwVlIzUjFVMnBHVGxWdVRtaGFiVEZLV2taU1dXTXhiRmRqYTJSb1pXcG9SMWt3T1U5VmJWcE1XVEJvVG1KNlFtOVdhbXhXVjFSV1YxRnVjRTlXV0hCRVpFVnJlbHBYV2pWaFZYQldUVmhzTUZKck1XNVplbVJVVWpOak1scHRNSHBaTUZwR1lUQk9NbFJ1VmpSVVIxWjVZbnBrYjFsWFpGcFZSVWt6V1d4V1NXVlhXbEZoU0U0d1pVVkdhVlZYWkZwT1JGWkdTM3BPWVU1WGNISldSWGd5VWtWdmNsbHNSbEZTYWxwRVlrWmtWR0Z0UlRKTk1IaDBVakE1V0U1cGRGSk9iR3hEVkhrNVRHTklVbFZMTTJRelZYcEpOVTV0VGxkbGJYQTBUV3RHVldKRlNYbE1NblJoVGxWNGNGWnVaM2hSVm1SaFZUTnNTMVJYZEc1aWEwcHNVbGRTYldWRGRFNWthekI0WWxoR2VHVldTWGxUUjNSUlRWVTVXV1ZHUW5kU1dFcFZaV3BhZW1OSWNFUlpXR001VUZOSmMwbHJiRUpTUTBrMlNXNWpkbFZyYkdwbFdGSnFaRzFTY0ZKVmJEVmtiRUoyWW14U1NWSnNUbmhPVXpsMVlqTmpkbFJIYkUxUlYxSnJZV2s1UjFZeVdreGpWa1p5V214b05rOUhSakpVTTJRelZrZFNWVmxzYUhoVFIyZ3laSHBXUW1OVVZsaFZTRkpRVmtWb1NVOVZNVTVpUkZwUVpGVlpkbGx0V2tWa2JtUlpTekJXZDJORVRtMWFWVVV5VWxkYWNXRklVbGxOUlhCSVdqTk9jMHd5WjNwbGJUZ3haRzVvVUZadFVsWmtTRnBxWTFSS2FFNVZXWGxSTURWS1ZFaFZOVmx0UmxwWmJXaGFWMVZLVG1KdWF6TmFhbWhaVlZkT2FWcHJiRFpTYXpoMlpXdFNXRmt5VlhKVFJFNTBTekpvU1Vzd1JYbFVWbXhKWVZkR1ZWVnRVak5XYVhNelRUSnNXbE5VUmxWaE1HaFdWRWhTYm1JelpGWlZWRnBLVjBjNGVXRlZUbTFaTUhocFVqQlNkRlpWUlhoT1NGWktUVlYwVkUxSGVHbFRNMGw0WVZaYWRGVnVSbEpXV0ZaR1kwWktNbVJHVG5aak1qUjZWbTFvUkZOSGN6SmxWMDVPV1hwYVZXUlZOVXhQVjNCclZFTnpORmRXUWxCbFJYUXlWakpKTkUxdFdYZFZhMWt4VEROQ1drMVViR3BOVjJoWVUycFdhMUV4V21sT01GcHFUVWQ0UzJWWE9WbGhWM1JUVlZoQ01WWXpVblJoYlZaR1RsaFdlRTFxU1RKVWJrcFpXak53VDFOclVrNWhWM042Wkhvd09VbHVNRDBpTENKMlpYSnphVzl1SWpvaU15SXNJblI1Y0dVaU9pSkVRVlJCWDB0RldTSXNJbVY0Y0dseVlYUnBiMjRpT2pFM01qYzVPREk0TWpkOQ==",
            "expires_at": "2024-10-03T19:13:47Z",
            "id": "us-east-1",
            "password": "eyJwYXlsb2FkIjoiNnUvN2JobGMwSm1Gc2J1cFNNODVZekdKK05yWUM0VkI4T0k1U2pWRHNqK2J0bU80YlZDVU5ZZ01pWnpDYVg3bjd3OXRDY1Qxem85Y1ZSbnhPbFZwTFZhUWQ5aW5EMDR6WW13S2kzeXl6RFdIclBJcEpjRHpGSjJESW04alBiVlA4anJ6cDJOOEVvdks1VS9EVjAwZXk5UmNkZllmdDYwMEc0TEpUbVJOenNlMW5wTEJOWWtqdVJ5cVdHRFVZK0MxbDJ6S0JIZXd0ZXlnSVlLaFVsZUNRcnROaTVsdWRqb1NSM2FBVm11dHhPVDZKR2FzZUhIMzdKUDU0R1dEV0dWZEVCOWFHalBaZFJCQXpDdXN6aDJQNHllQkNuRlNRNjNIWXM3eXNEdE9zaWpWY0ZpakpQcEx0aHM1empXMG0rd0pjcnl5WTBXdlZWNW5tdUhDdXRMcFBqWmQ1VkYxUlVzRlJTQkJ4V0Fud2s0VVVkeVQ4VlF0dE90WVRVcUwwRGsyTXBocm5ycUJ5elk1N042bGY0Lzc4eWdYYnRDaDhGdXZ5dzdlZFRBOTI2QS9qRlVZNUZVc0d5RnlTTXNLSjlGRVBvOWVla2xIL3dUeHJJQ2w2ZkM3cGZRbW1sYkNzeXF5Y215dkw3cndVdk40eTZyV28zcHFiV2NQdkNRU2RUWVlwSnhEMWNOdnJiaVdVOHUraVRqVXRTM1gweTJYc3VoWWtlTWtwL0c4SU1XeGFRUVp5ZlB6QU5CTmVTV0ordElsMFNuN1FWOGI3MndQU0pvM3RLaDRGZTFrNlVHVVkwLzZ1NGhuNWJVbjVobWRVeFRFVWlmdXdiR2pjWHVEZ0t6YUxMSmRPQ1UzbXloSytqaGxKSlQyNk53eHVZVWZFSDg1eDcyM1dZTnladHowOXAwUlhKVjhaMlo4eUlYZDR6RUhEZk1uN01DcTd4VjNCVU1RUGtvTFlybDNSSTR5WkpQOGFWNUE0eHJ3eUxXWnIzZ0k4SEFiTjgvYkdsS1pZeVNwWkM1dUdFdjlZNE5KV1JBZWh0MXlRYWJKOFhVSWlKbFJ3NTNKQnRQYjJwUkVTVFhOTFNYR0tQdGtIeHE5VS9FMDlmcTlzNEtpU2VoZjZ4T0hBVmpjbTBnRWVxRFArcitJQWU2VHU2dXF5dzl6bklGL0pGLzRubXBZMTBzNUx4anMvWkw4TnZUR1AveTY5aVo4Yk9wQ3pDMnhuZmNoRjBUVHdtdXB0dlNwY0RLd01LODk5NEErdy9kOTZTOUJFcXgrQVhiTlN6MW0rUkxaY1l0TWE4U1pIWXNzaVpVNTlmazV6TXFrc0lFd3V3L2ZkSEZqY1B6dUhYb1NadWJLeGlYQzEwSzFqN3h1L2t4WE9TY2dOQ214d1RvWHRNak8iLCJkYXRha2V5IjoiZXlKUVJGZ2lPaUpUVUV0V1ZWQTRkMVpCZGpCNlQxSm1XVkp3VVRKdVRuaDVielZwS3pORU1HMXVOSHBxUkU1U1JscHNhemRXUzJKeGVHcE5RV2t3VDNkd1VTOXBZVXBDYWxNNVprRTJORTFvY25wVWRtd3hVR1ZhUmtFNGVVdHphbm8zVGxsMWIwdENTSFJqWVdZdlprTTNXakZQVW04M1dsRXpVR3R1U2pGTlVuTmhabTFKWkZSWWMxbFdja2RoZWpoR1kwOU9VbVpMWTBoTmJ6Qm9WamxWV1RWV1FucE9WWHBEZEVrelpXWjVhVXBWTVhsMFJrMW5ZemRUUjNjMlptMHpZMFpGYTBOMlRuVjRUR1Z5Ynpkb1lXZFpVRUkzWWxWSWVXWlFhSE4wZUVGaVVXZFpORFZGS3pOYU5XcHJWRXgyUkVvcllsRlFSalpEYkZkVGFtRTJNMHh0UjA5WE5pdFJObGxDVHk5TGNIUlVLM2QzVXpJNU5tTldlbXA0TWtGVWJFSXlMMnRhTlV4cFZuZ3hRVmRhVTNsS1RXdG5ia0psUldSbWVDdE5kazB4YlhGeGVWSXlTR3RRTVU5WWVGQndSWEpVZWpaemNIcERZWGM5UFNJc0lrbEJSQ0k2SW5jdlVrbGplWFJqZG1ScFJVbDVkbEJ2YmxSSVJsTnhOUzl1YjNjdlRHbE1RV1JrYWk5R1YyWkxjVkZyWmxoNk9HRjJUM2QzVkdSVVlsaHhTR2gyZHpWQmNUVlhVSFJQVkVoSU9VMU5iRFpQZFVZdlltWkVkbmRZSzBWd2NETm1aVUUyUldacWFIUllNRXBIWjNOc0wyZ3plbTgxZG5oUFZtUlZkSFpqY1RKaE5VWXlRMDVKVEhVNVltRlpZbWhaV1VKTmJuazNaamhZVVdOaVprbDZSazh2ZWtSWFkyVXJTRE50SzJoSUswRXlUVmxJYVdGVVVtUjNWaXMzTTJsWlNURlVhMGhWVEhSbmIzZFZVVFpKV0c4eWFVTm1ZMHhpUjBSdFZVRXhOSFZKTVV0VE1HeGlTM0l4YVZadFVuRlJWWFZGY0ZKMmRGTnZjMjR6Vm1oRFNHczJlV05OWXpaVWRVNUxPV3BrVENzNFdWQlBlRXQyVjJJNE1tWXdVa1kxTDNCWk1UbGpNV2hYU2pWa1ExWmlOMFpqTUd4S2VXOVlhV3RTVVhCMVYzUnRhbVZGTlhWeE1qSTJUbkpZWjNwT1NrUk5hV3N6ZHowOUluMD0iLCJ2ZXJzaW9uIjoiMyIsInR5cGUiOiJEQVRBX0tFWSIsImV4cGlyYXRpb24iOjE3Mjc5ODI4Mjd9",
            "user_name": "AWS"
          },
          "sensitive_attributes": [
            [
              {
                "type": "get_attr",
                "value": "password"
              }
            ],
            [
              {
                "type": "get_attr",
                "value": "authorization_token"
              }
            ]
          ]
        }
      ]
    },
    {
      "mode": "managed",
      "type": "helm_release",
      "name": "karpenter",
      "provider": "provider[\"registry.terraform.io/hashicorp/helm\"]",
      "instances": [
        {
          "schema_version": 1,
          "attributes": {
            "atomic": false,
            "chart": "karpenter",
            "cleanup_on_fail": false,
            "create_namespace": false,
            "dependency_update": false,
            "description": null,
            "devel": null,
            "disable_crd_hooks": false,
            "disable_openapi_validation": false,
            "disable_webhooks": false,
            "force_update": false,
            "id": "karpenter",
            "keyring": null,
            "lint": false,
            "manifest": null,
            "max_history": 0,
            "metadata": [
              {
                "app_version": "1.0.0",
                "chart": "karpenter",
                "first_deployed": 1727939672,
                "last_deployed": 1727939672,
                "name": "karpenter",
                "namespace": "kube-system",
                "notes": "",
                "revision": 1,
                "values": "{\"serviceAccount\":{\"name\":\"karpenter\"},\"settings\":{\"clusterEndpoint\":\"https://FECF73D7A4F412F1718B270FFE8529D1.gr7.us-west-2.eks.amazonaws.com\",\"clusterName\":\"saii\",\"interruptionQueue\":\"Karpenter-saii\"}}",
                "version": "1.0.0"
              }
            ],
            "name": "karpenter",
            "namespace": "kube-system",
            "pass_credentials": false,
            "postrender": [],
            "recreate_pods": false,
            "render_subchart_notes": true,
            "replace": false,
            "repository": "oci://public.ecr.aws/karpenter",
            "repository_ca_file": null,
            "repository_cert_file": null,
            "repository_key_file": null,
            "repository_password": "eyJwYXlsb2FkIjoiNnUvN2JobGMwSm1Gc2J1cFNNODVZekdKK05yWUM0VkI4T0k1U2pWRHNqK2J0bU80YlZDVU5ZZ01pWnpDYVg3bjd3OXRDY1Qxem85Y1ZSbnhPbFZwTFZhUWQ5aW5EMDR6WW13S2kzeXl6RFdIclBJcEpjRHpGSjJESW04alBiVlA4anJ6cDJOOEVvdks1VS9EVjAwZXk5UmNkZllmdDYwMEc0TEpUbVJOenNlMW5wTEJOWWtqdVJ5cVdHRFVZK0MxbDJ6S0JIZXd0ZXlnSVlLaFVsZUNRcnROaTVsdWRqb1NSM2FBVm11dHhPVDZKR2FzZUhIMzdKUDU0R1dEV0dWZEVCOWFHalBaZFJCQXpDdXN6aDJQNHllQkNuRlNRNjNIWXM3eXNEdE9zaWpWY0ZpakpQcEx0aHM1empXMG0rd0pjcnl5WTBXdlZWNW5tdUhDdXRMcFBqWmQ1VkYxUlVzRlJTQkJ4V0Fud2s0VVVkeVQ4VlF0dE90WVRVcUwwRGsyTXBocm5ycUJ5elk1N042bGY0Lzc4eWdYYnRDaDhGdXZ5dzdlZFRBOTI2QS9qRlVZNUZVc0d5RnlTTXNLSjlGRVBvOWVla2xIL3dUeHJJQ2w2ZkM3cGZRbW1sYkNzeXF5Y215dkw3cndVdk40eTZyV28zcHFiV2NQdkNRU2RUWVlwSnhEMWNOdnJiaVdVOHUraVRqVXRTM1gweTJYc3VoWWtlTWtwL0c4SU1XeGFRUVp5ZlB6QU5CTmVTV0ordElsMFNuN1FWOGI3MndQU0pvM3RLaDRGZTFrNlVHVVkwLzZ1NGhuNWJVbjVobWRVeFRFVWlmdXdiR2pjWHVEZ0t6YUxMSmRPQ1UzbXloSytqaGxKSlQyNk53eHVZVWZFSDg1eDcyM1dZTnladHowOXAwUlhKVjhaMlo4eUlYZDR6RUhEZk1uN01DcTd4VjNCVU1RUGtvTFlybDNSSTR5WkpQOGFWNUE0eHJ3eUxXWnIzZ0k4SEFiTjgvYkdsS1pZeVNwWkM1dUdFdjlZNE5KV1JBZWh0MXlRYWJKOFhVSWlKbFJ3NTNKQnRQYjJwUkVTVFhOTFNYR0tQdGtIeHE5VS9FMDlmcTlzNEtpU2VoZjZ4T0hBVmpjbTBnRWVxRFArcitJQWU2VHU2dXF5dzl6bklGL0pGLzRubXBZMTBzNUx4anMvWkw4TnZUR1AveTY5aVo4Yk9wQ3pDMnhuZmNoRjBUVHdtdXB0dlNwY0RLd01LODk5NEErdy9kOTZTOUJFcXgrQVhiTlN6MW0rUkxaY1l0TWE4U1pIWXNzaVpVNTlmazV6TXFrc0lFd3V3L2ZkSEZqY1B6dUhYb1NadWJLeGlYQzEwSzFqN3h1L2t4WE9TY2dOQ214d1RvWHRNak8iLCJkYXRha2V5IjoiZXlKUVJGZ2lPaUpUVUV0V1ZWQTRkMVpCZGpCNlQxSm1XVkp3VVRKdVRuaDVielZwS3pORU1HMXVOSHBxUkU1U1JscHNhemRXUzJKeGVHcE5RV2t3VDNkd1VTOXBZVXBDYWxNNVprRTJORTFvY25wVWRtd3hVR1ZhUmtFNGVVdHphbm8zVGxsMWIwdENTSFJqWVdZdlprTTNXakZQVW04M1dsRXpVR3R1U2pGTlVuTmhabTFKWkZSWWMxbFdja2RoZWpoR1kwOU9VbVpMWTBoTmJ6Qm9WamxWV1RWV1FucE9WWHBEZEVrelpXWjVhVXBWTVhsMFJrMW5ZemRUUjNjMlptMHpZMFpGYTBOMlRuVjRUR1Z5Ynpkb1lXZFpVRUkzWWxWSWVXWlFhSE4wZUVGaVVXZFpORFZGS3pOYU5XcHJWRXgyUkVvcllsRlFSalpEYkZkVGFtRTJNMHh0UjA5WE5pdFJObGxDVHk5TGNIUlVLM2QzVXpJNU5tTldlbXA0TWtGVWJFSXlMMnRhTlV4cFZuZ3hRVmRhVTNsS1RXdG5ia0psUldSbWVDdE5kazB4YlhGeGVWSXlTR3RRTVU5WWVGQndSWEpVZWpaemNIcERZWGM5UFNJc0lrbEJSQ0k2SW5jdlVrbGplWFJqZG1ScFJVbDVkbEJ2YmxSSVJsTnhOUzl1YjNjdlRHbE1RV1JrYWk5R1YyWkxjVkZyWmxoNk9HRjJUM2QzVkdSVVlsaHhTR2gyZHpWQmNUVlhVSFJQVkVoSU9VMU5iRFpQZFVZdlltWkVkbmRZSzBWd2NETm1aVUUyUldacWFIUllNRXBIWjNOc0wyZ3plbTgxZG5oUFZtUlZkSFpqY1RKaE5VWXlRMDVKVEhVNVltRlpZbWhaV1VKTmJuazNaamhZVVdOaVprbDZSazh2ZWtSWFkyVXJTRE50SzJoSUswRXlUVmxJYVdGVVVtUjNWaXMzTTJsWlNURlVhMGhWVEhSbmIzZFZVVFpKV0c4eWFVTm1ZMHhpUjBSdFZVRXhOSFZKTVV0VE1HeGlTM0l4YVZadFVuRlJWWFZGY0ZKMmRGTnZjMjR6Vm1oRFNHczJlV05OWXpaVWRVNUxPV3BrVENzNFdWQlBlRXQyVjJJNE1tWXdVa1kxTDNCWk1UbGpNV2hYU2pWa1ExWmlOMFpqTUd4S2VXOVlhV3RTVVhCMVYzUnRhbVZGTlhWeE1qSTJUbkpZWjNwT1NrUk5hV3N6ZHowOUluMD0iLCJ2ZXJzaW9uIjoiMyIsInR5cGUiOiJEQVRBX0tFWSIsImV4cGlyYXRpb24iOjE3Mjc5ODI4Mjd9",
            "repository_username": "AWS",
            "reset_values": false,
            "reuse_values": false,
            "set": [],
            "set_list": [],
            "set_sensitive": [],
            "skip_crds": false,
            "status": "deployed",
            "timeout": 300,
            "upgrade_install": null,
            "values": [
              "serviceAccount:\n  name: karpenter\nsettings:\n  clusterName: saii\n  clusterEndpoint: https://FECF73D7A4F412F1718B270FFE8529D1.gr7.us-west-2.eks.amazonaws.com\n  interruptionQueue: Karpenter-saii\n"
            ],
            "verify": false,
            "version": "1.0.0",
            "wait": false,
            "wait_for_jobs": false
          },
          "sensitive_attributes": [
            [
              {
                "type": "get_attr",
                "value": "repository_password"
              }
            ]
          ],
          "private": "eyJzY2hlbWFfdmVyc2lvbiI6IjEifQ==",
          "dependencies": [
            "data.aws_ecrpublic_authorization_token.token",
            "module.eks.aws_cloudwatch_log_group.this",
            "module.eks.aws_eks_access_entry.this",
            "module.eks.aws_eks_access_policy_association.this",
            "module.eks.aws_eks_cluster.this",
            "module.eks.aws_iam_policy.cni_ipv6_policy",
            "module.eks.aws_iam_role.this",
            "module.eks.aws_iam_role_policy_attachment.this",
            "module.eks.aws_security_group.cluster",
            "module.eks.aws_security_group.node",
            "module.eks.aws_security_group_rule.cluster",
            "module.eks.aws_security_group_rule.node",
            "module.eks.data.aws_caller_identity.current",
            "module.eks.data.aws_iam_policy_document.assume_role_policy",
            "module.eks.data.aws_iam_policy_document.cni_ipv6_policy",
            "module.eks.data.aws_iam_session_context.current",
            "module.eks.data.aws_partition.current",
            "module.eks.module.kms.aws_kms_external_key.this",
            "module.eks.module.kms.aws_kms_key.this",
            "module.eks.module.kms.aws_kms_replica_external_key.this",
            "module.eks.module.kms.aws_kms_replica_key.this",
            "module.eks.module.kms.data.aws_caller_identity.current",
            "module.eks.module.kms.data.aws_iam_policy_document.this",
            "module.eks.module.kms.data.aws_partition.current",
            "module.karpenter.aws_sqs_queue.this",
            "module.vpc.aws_subnet.intra",
            "module.vpc.aws_subnet.private",
            "module.vpc.aws_vpc.this",
            "module.vpc.aws_vpc_ipv4_cidr_block_association.this"
          ]
        }
      ]
    },
    {
      "mode": "managed",
      "type": "kubectl_manifest",
      "name": "karpenter_example_deployment",
      "provider": "provider[\"registry.terraform.io/gavinbunney/kubectl\"]",
      "instances": [
        {
          "schema_version": 1,
          "attributes": {
            "api_version": "apps/v1",
            "apply_only": false,
            "force_conflicts": false,
            "force_new": false,
            "id": "/apis/apps/v1/namespaces/default/deployments/inflate",
            "ignore_fields": null,
            "kind": "Deployment",
            "live_manifest_incluster": "34520c8b8953b873d315b8a08671fac3ba107f5d939b258629fffbe22167fb20",
            "live_uid": "cccbfa2d-b2c3-43c2-ab39-d2aa54fed232",
            "name": "inflate",
            "namespace": null,
            "override_namespace": null,
            "sensitive_fields": null,
            "server_side_apply": false,
            "timeouts": null,
            "uid": "cccbfa2d-b2c3-43c2-ab39-d2aa54fed232",
            "validate_schema": true,
            "wait": null,
            "wait_for_rollout": true,
            "yaml_body": "apiVersion: apps/v1\nkind: Deployment\nmetadata:\n  name: inflate\nspec:\n  replicas: 0\n  selector:\n    matchLabels:\n      app: inflate\n  template:\n    metadata:\n      labels:\n        app: inflate\n    spec:\n      terminationGracePeriodSeconds: 0\n      containers:\n        - name: inflate\n          image: public.ecr.aws/eks-distro/kubernetes/pause:3.7\n          resources:\n            requests:\n              cpu: 1\n",
            "yaml_body_parsed": "apiVersion: apps/v1\nkind: Deployment\nmetadata:\n  name: inflate\nspec:\n  replicas: 0\n  selector:\n    matchLabels:\n      app: inflate\n  template:\n    metadata:\n      labels:\n        app: inflate\n    spec:\n      containers:\n      - image: public.ecr.aws/eks-distro/kubernetes/pause:3.7\n        name: inflate\n        resources:\n          requests:\n            cpu: 1\n      terminationGracePeriodSeconds: 0\n",
            "yaml_incluster": "34520c8b8953b873d315b8a08671fac3ba107f5d939b258629fffbe22167fb20"
          },
          "sensitive_attributes": [
            [
              {
                "type": "get_attr",
                "value": "live_manifest_incluster"
              }
            ],
            [
              {
                "type": "get_attr",
                "value": "yaml_incluster"
              }
            ],
            [
              {
                "type": "get_attr",
                "value": "yaml_body"
              }
            ]
          ],
          "private": "eyJlMmJmYjczMC1lY2FhLTExZTYtOGY4OC0zNDM2M2JjN2M0YzAiOnsiY3JlYXRlIjo2MDAwMDAwMDAwMDB9LCJzY2hlbWFfdmVyc2lvbiI6IjEifQ==",
          "dependencies": [
            "data.aws_ecrpublic_authorization_token.token",
            "helm_release.karpenter",
            "module.eks.aws_cloudwatch_log_group.this",
            "module.eks.aws_eks_access_entry.this",
            "module.eks.aws_eks_access_policy_association.this",
            "module.eks.aws_eks_cluster.this",
            "module.eks.aws_iam_policy.cni_ipv6_policy",
            "module.eks.aws_iam_role.this",
            "module.eks.aws_iam_role_policy_attachment.this",
            "module.eks.aws_security_group.cluster",
            "module.eks.aws_security_group.node",
            "module.eks.aws_security_group_rule.cluster",
            "module.eks.aws_security_group_rule.node",
            "module.eks.data.aws_caller_identity.current",
            "module.eks.data.aws_iam_policy_document.assume_role_policy",
            "module.eks.data.aws_iam_policy_document.cni_ipv6_policy",
            "module.eks.data.aws_iam_session_context.current",
            "module.eks.data.aws_partition.current",
            "module.eks.module.kms.aws_kms_external_key.this",
            "module.eks.module.kms.aws_kms_key.this",
            "module.eks.module.kms.aws_kms_replica_external_key.this",
            "module.eks.module.kms.aws_kms_replica_key.this",
            "module.eks.module.kms.data.aws_caller_identity.current",
            "module.eks.module.kms.data.aws_iam_policy_document.this",
            "module.eks.module.kms.data.aws_partition.current",
            "module.karpenter.aws_sqs_queue.this",
            "module.vpc.aws_subnet.intra",
            "module.vpc.aws_subnet.private",
            "module.vpc.aws_vpc.this",
            "module.vpc.aws_vpc_ipv4_cidr_block_association.this"
          ]
        }
      ]
    },
    {
      "mode": "managed",
      "type": "kubectl_manifest",
      "name": "karpenter_node_class",
      "provider": "provider[\"registry.terraform.io/gavinbunney/kubectl\"]",
      "instances": [
        {
          "schema_version": 1,
          "attributes": {
            "api_version": "karpenter.k8s.aws/v1beta1",
            "apply_only": false,
            "force_conflicts": false,
            "force_new": false,
            "id": "/apis/karpenter.k8s.aws/v1beta1/ec2nodeclasses/default",
            "ignore_fields": null,
            "kind": "EC2NodeClass",
            "live_manifest_incluster": "b23685f1c5352eac7245f93c7d9f3fd82e4f51e50e109ffe2b8fe6f7a7131401",
            "live_uid": "a2c582b0-3a5d-4899-89d9-8a3e517b1e31",
            "name": "default",
            "namespace": null,
            "override_namespace": null,
            "sensitive_fields": null,
            "server_side_apply": false,
            "timeouts": null,
            "uid": "a2c582b0-3a5d-4899-89d9-8a3e517b1e31",
            "validate_schema": true,
            "wait": null,
            "wait_for_rollout": true,
            "yaml_body": "apiVersion: karpenter.k8s.aws/v1beta1\nkind: EC2NodeClass\nmetadata:\n  name: default\nspec:\n  amiFamily: AL2023\n  role: Karpenter-saii-20241003052200411500000016\n  subnetSelectorTerms:\n    - tags:\n        karpenter.sh/discovery: saii\n  securityGroupSelectorTerms:\n    - tags:\n        karpenter.sh/discovery: saii\n  tags:\n    karpenter.sh/discovery: saii\n",
            "yaml_body_parsed": "apiVersion: karpenter.k8s.aws/v1beta1\nkind: EC2NodeClass\nmetadata:\n  name: default\nspec:\n  amiFamily: AL2023\n  role: Karpenter-saii-20241003052200411500000016\n  securityGroupSelectorTerms:\n  - tags:\n      karpenter.sh/discovery: saii\n  subnetSelectorTerms:\n  - tags:\n      karpenter.sh/discovery: saii\n  tags:\n    karpenter.sh/discovery: saii\n",
            "yaml_incluster": "b23685f1c5352eac7245f93c7d9f3fd82e4f51e50e109ffe2b8fe6f7a7131401"
          },
          "sensitive_attributes": [
            [
              {
                "type": "get_attr",
                "value": "yaml_incluster"
              }
            ],
            [
              {
                "type": "get_attr",
                "value": "yaml_body"
              }
            ],
            [
              {
                "type": "get_attr",
                "value": "live_manifest_incluster"
              }
            ]
          ],
          "private": "eyJlMmJmYjczMC1lY2FhLTExZTYtOGY4OC0zNDM2M2JjN2M0YzAiOnsiY3JlYXRlIjo2MDAwMDAwMDAwMDB9LCJzY2hlbWFfdmVyc2lvbiI6IjEifQ==",
          "dependencies": [
            "data.aws_ecrpublic_authorization_token.token",
            "helm_release.karpenter",
            "module.eks.aws_cloudwatch_log_group.this",
            "module.eks.aws_eks_access_entry.this",
            "module.eks.aws_eks_access_policy_association.this",
            "module.eks.aws_eks_cluster.this",
            "module.eks.aws_iam_policy.cni_ipv6_policy",
            "module.eks.aws_iam_role.this",
            "module.eks.aws_iam_role_policy_attachment.this",
            "module.eks.aws_security_group.cluster",
            "module.eks.aws_security_group.node",
            "module.eks.aws_security_group_rule.cluster",
            "module.eks.aws_security_group_rule.node",
            "module.eks.data.aws_caller_identity.current",
            "module.eks.data.aws_iam_policy_document.assume_role_policy",
            "module.eks.data.aws_iam_policy_document.cni_ipv6_policy",
            "module.eks.data.aws_iam_session_context.current",
            "module.eks.data.aws_partition.current",
            "module.eks.module.kms.aws_kms_external_key.this",
            "module.eks.module.kms.aws_kms_key.this",
            "module.eks.module.kms.aws_kms_replica_external_key.this",
            "module.eks.module.kms.aws_kms_replica_key.this",
            "module.eks.module.kms.data.aws_caller_identity.current",
            "module.eks.module.kms.data.aws_iam_policy_document.this",
            "module.eks.module.kms.data.aws_partition.current",
            "module.karpenter.aws_iam_role.node",
            "module.karpenter.aws_sqs_queue.this",
            "module.karpenter.data.aws_iam_policy_document.node_assume_role",
            "module.karpenter.data.aws_partition.current",
            "module.vpc.aws_subnet.intra",
            "module.vpc.aws_subnet.private",
            "module.vpc.aws_vpc.this",
            "module.vpc.aws_vpc_ipv4_cidr_block_association.this"
          ]
        }
      ]
    },
    {
      "mode": "managed",
      "type": "kubectl_manifest",
      "name": "karpenter_node_pool",
      "provider": "provider[\"registry.terraform.io/gavinbunney/kubectl\"]",
      "instances": [
        {
          "schema_version": 1,
          "attributes": {
            "api_version": "karpenter.sh/v1beta1",
            "apply_only": false,
            "force_conflicts": false,
            "force_new": false,
            "id": "/apis/karpenter.sh/v1beta1/nodepools/default",
            "ignore_fields": null,
            "kind": "NodePool",
            "live_manifest_incluster": "dd0b23bb3a60849ffe92f4b4e54edd1ec15bbcab29cd89f9f3fcfa0637050b3e",
            "live_uid": "c0282fd3-c57f-4eae-a94a-0b50637c0275",
            "name": "default",
            "namespace": null,
            "override_namespace": null,
            "sensitive_fields": null,
            "server_side_apply": false,
            "timeouts": null,
            "uid": "c0282fd3-c57f-4eae-a94a-0b50637c0275",
            "validate_schema": true,
            "wait": null,
            "wait_for_rollout": true,
            "yaml_body": "apiVersion: karpenter.sh/v1beta1\nkind: NodePool\nmetadata:\n  name: default\nspec:\n  template:\n    spec:\n      nodeClassRef:\n        name: default\n      requirements:\n        - key: \"karpenter.k8s.aws/instance-category\"\n          operator: In\n          values: [\"c\", \"m\", \"r\"]\n        - key: \"karpenter.k8s.aws/instance-cpu\"\n          operator: In\n          values: [\"4\", \"8\", \"16\", \"32\"]\n        - key: \"karpenter.k8s.aws/instance-hypervisor\"\n          operator: In\n          values: [\"nitro\"]\n        - key: \"karpenter.k8s.aws/instance-generation\"\n          operator: Gt\n          values: [\"2\"]\n  limits:\n    cpu: 1000\n  min: 1  # Minimum number of nodes\n  max: 10  # Maximum number of nodes\n  disruption:\n    consolidationPolicy: WhenEmpty\n    consolidateAfter: 30s\n",
            "yaml_body_parsed": "apiVersion: karpenter.sh/v1beta1\nkind: NodePool\nmetadata:\n  name: default\nspec:\n  disruption:\n    consolidateAfter: 30s\n    consolidationPolicy: WhenEmpty\n  limits:\n    cpu: 1000\n  max: 10\n  min: 1\n  template:\n    spec:\n      nodeClassRef:\n        name: default\n      requirements:\n      - key: karpenter.k8s.aws/instance-category\n        operator: In\n        values:\n        - c\n        - m\n        - r\n      - key: karpenter.k8s.aws/instance-cpu\n        operator: In\n        values:\n        - \"4\"\n        - \"8\"\n        - \"16\"\n        - \"32\"\n      - key: karpenter.k8s.aws/instance-hypervisor\n        operator: In\n        values:\n        - nitro\n      - key: karpenter.k8s.aws/instance-generation\n        operator: Gt\n        values:\n        - \"2\"\n",
            "yaml_incluster": "dd0b23bb3a60849ffe92f4b4e54edd1ec15bbcab29cd89f9f3fcfa0637050b3e"
          },
          "sensitive_attributes": [
            [
              {
                "type": "get_attr",
                "value": "yaml_body"
              }
            ],
            [
              {
                "type": "get_attr",
                "value": "live_manifest_incluster"
              }
            ],
            [
              {
                "type": "get_attr",
                "value": "yaml_incluster"
              }
            ]
          ],
          "private": "eyJlMmJmYjczMC1lY2FhLTExZTYtOGY4OC0zNDM2M2JjN2M0YzAiOnsiY3JlYXRlIjo2MDAwMDAwMDAwMDB9LCJzY2hlbWFfdmVyc2lvbiI6IjEifQ==",
          "dependencies": [
            "data.aws_ecrpublic_authorization_token.token",
            "helm_release.karpenter",
            "kubectl_manifest.karpenter_node_class",
            "module.eks.aws_cloudwatch_log_group.this",
            "module.eks.aws_eks_access_entry.this",
            "module.eks.aws_eks_access_policy_association.this",
            "module.eks.aws_eks_cluster.this",
            "module.eks.aws_iam_policy.cni_ipv6_policy",
            "module.eks.aws_iam_role.this",
            "module.eks.aws_iam_role_policy_attachment.this",
            "module.eks.aws_security_group.cluster",
            "module.eks.aws_security_group.node",
            "module.eks.aws_security_group_rule.cluster",
            "module.eks.aws_security_group_rule.node",
            "module.eks.data.aws_caller_identity.current",
            "module.eks.data.aws_iam_policy_document.assume_role_policy",
            "module.eks.data.aws_iam_policy_document.cni_ipv6_policy",
            "module.eks.data.aws_iam_session_context.current",
            "module.eks.data.aws_partition.current",
            "module.eks.module.kms.aws_kms_external_key.this",
            "module.eks.module.kms.aws_kms_key.this",
            "module.eks.module.kms.aws_kms_replica_external_key.this",
            "module.eks.module.kms.aws_kms_replica_key.this",
            "module.eks.module.kms.data.aws_caller_identity.current",
            "module.eks.module.kms.data.aws_iam_policy_document.this",
            "module.eks.module.kms.data.aws_partition.current",
            "module.karpenter.aws_iam_role.node",
            "module.karpenter.aws_sqs_queue.this",
            "module.karpenter.data.aws_iam_policy_document.node_assume_role",
            "module.karpenter.data.aws_partition.current",
            "module.vpc.aws_subnet.intra",
            "module.vpc.aws_subnet.private",
            "module.vpc.aws_vpc.this",
            "module.vpc.aws_vpc_ipv4_cidr_block_association.this"
          ]
        }
      ]
    },
    {
      "module": "module.eks",
      "mode": "data",
      "type": "aws_caller_identity",
      "name": "current",
      "provider": "provider[\"registry.terraform.io/hashicorp/aws\"]",
      "instances": [
        {
          "schema_version": 0,
          "attributes": {
            "account_id": "882027629355",
            "arn": "arn:aws:iam::882027629355:user/saivarun",
            "id": "882027629355",
            "user_id": "AIDA42XHRRMVRNTXCEVRR"
          },
          "sensitive_attributes": []
        }
      ]
    },
    {
      "module": "module.eks",
      "mode": "data",
      "type": "aws_eks_addon_version",
      "name": "this",
      "provider": "provider[\"registry.terraform.io/hashicorp/aws\"]",
      "instances": [
        {
          "index_key": "coredns",
          "schema_version": 0,
          "attributes": {
            "addon_name": "coredns",
            "id": "coredns",
            "kubernetes_version": "1.30",
            "most_recent": false,
            "version": "v1.11.1-eksbuild.8"
          },
          "sensitive_attributes": []
        },
        {
          "index_key": "eks-pod-identity-agent",
          "schema_version": 0,
          "attributes": {
            "addon_name": "eks-pod-identity-agent",
            "id": "eks-pod-identity-agent",
            "kubernetes_version": "1.30",
            "most_recent": false,
            "version": "v1.3.2-eksbuild.2"
          },
          "sensitive_attributes": []
        },
        {
          "index_key": "kube-proxy",
          "schema_version": 0,
          "attributes": {
            "addon_name": "kube-proxy",
            "id": "kube-proxy",
            "kubernetes_version": "1.30",
            "most_recent": false,
            "version": "v1.30.0-eksbuild.3"
          },
          "sensitive_attributes": []
        },
        {
          "index_key": "vpc-cni",
          "schema_version": 0,
          "attributes": {
            "addon_name": "vpc-cni",
            "id": "vpc-cni",
            "kubernetes_version": "1.30",
            "most_recent": false,
            "version": "v1.18.1-eksbuild.3"
          },
          "sensitive_attributes": []
        }
      ]
    },
    {
      "module": "module.eks",
      "mode": "data",
      "type": "aws_iam_policy_document",
      "name": "assume_role_policy",
      "provider": "provider[\"registry.terraform.io/hashicorp/aws\"]",
      "instances": [
        {
          "index_key": 0,
          "schema_version": 0,
          "attributes": {
            "id": "2764486067",
            "json": "{\n  \"Version\": \"2012-10-17\",\n  \"Statement\": [\n    {\n      \"Sid\": \"EKSClusterAssumeRole\",\n      \"Effect\": \"Allow\",\n      \"Action\": \"sts:AssumeRole\",\n      \"Principal\": {\n        \"Service\": \"eks.amazonaws.com\"\n      }\n    }\n  ]\n}",
            "minified_json": "{\"Version\":\"2012-10-17\",\"Statement\":[{\"Sid\":\"EKSClusterAssumeRole\",\"Effect\":\"Allow\",\"Action\":\"sts:AssumeRole\",\"Principal\":{\"Service\":\"eks.amazonaws.com\"}}]}",
            "override_json": null,
            "override_policy_documents": null,
            "policy_id": null,
            "source_json": null,
            "source_policy_documents": null,
            "statement": [
              {
                "actions": [
                  "sts:AssumeRole"
                ],
                "condition": [],
                "effect": "Allow",
                "not_actions": [],
                "not_principals": [],
                "not_resources": [],
                "principals": [
                  {
                    "identifiers": [
                      "eks.amazonaws.com"
                    ],
                    "type": "Service"
                  }
                ],
                "resources": [],
                "sid": "EKSClusterAssumeRole"
              }
            ],
            "version": "2012-10-17"
          },
          "sensitive_attributes": []
        }
      ]
    },
    {
      "module": "module.eks",
      "mode": "data",
      "type": "aws_iam_session_context",
      "name": "current",
      "provider": "provider[\"registry.terraform.io/hashicorp/aws\"]",
      "instances": [
        {
          "schema_version": 0,
          "attributes": {
            "arn": "arn:aws:iam::882027629355:user/saivarun",
            "id": "arn:aws:iam::882027629355:user/saivarun",
            "issuer_arn": "arn:aws:iam::882027629355:user/saivarun",
            "issuer_id": "",
            "issuer_name": "",
            "session_name": ""
          },
          "sensitive_attributes": []
        }
      ]
    },
    {
      "module": "module.eks",
      "mode": "data",
      "type": "aws_partition",
      "name": "current",
      "provider": "provider[\"registry.terraform.io/hashicorp/aws\"]",
      "instances": [
        {
          "schema_version": 0,
          "attributes": {
            "dns_suffix": "amazonaws.com",
            "id": "aws",
            "partition": "aws",
            "reverse_dns_prefix": "com.amazonaws"
          },
          "sensitive_attributes": []
        }
      ]
    },
    {
      "module": "module.eks",
      "mode": "data",
      "type": "tls_certificate",
      "name": "this",
      "provider": "provider[\"registry.terraform.io/hashicorp/tls\"]",
      "instances": [
        {
          "index_key": 0,
          "schema_version": 0,
          "attributes": {
            "certificates": [
              {
                "cert_pem": "-----BEGIN CERTIFICATE-----\nMIIEdTCCA12gAwIBAgIJAKcOSkw0grd/MA0GCSqGSIb3DQEBCwUAMGgxCzAJBgNV\nBAYTAlVTMSUwIwYDVQQKExxTdGFyZmllbGQgVGVjaG5vbG9naWVzLCBJbmMuMTIw\nMAYDVQQLEylTdGFyZmllbGQgQ2xhc3MgMiBDZXJ0aWZpY2F0aW9uIEF1dGhvcml0\neTAeFw0wOTA5MDIwMDAwMDBaFw0zNDA2MjgxNzM5MTZaMIGYMQswCQYDVQQGEwJV\nUzEQMA4GA1UECBMHQXJpem9uYTETMBEGA1UEBxMKU2NvdHRzZGFsZTElMCMGA1UE\nChMcU3RhcmZpZWxkIFRlY2hub2xvZ2llcywgSW5jLjE7MDkGA1UEAxMyU3RhcmZp\nZWxkIFNlcnZpY2VzIFJvb3QgQ2VydGlmaWNhdGUgQXV0aG9yaXR5IC0gRzIwggEi\nMA0GCSqGSIb3DQEBAQUAA4IBDwAwggEKAoIBAQDVDDrEKvlO4vW+GZdfjohTsR8/\ny8+fIBNtKTrID30892t2OGPZNmCom15cAICyL1l/9of5JUOG52kbUpqQ4XHj2C0N\nTm/2yEnZtvMaVq4rtnQU68/7JuMauh2WLmo7WJSJR1b/JaCTcFOD2oR0FMNnngRo\nOt+OQFodSk7PQ5E751bWAHDLUu57fa4657wx+UX2wmDPE1kCK4DMNEffud6QZW0C\nzyyRpqbn3oUYSXxmTqM6bam17jQuug0DuDPfR+uxa40l2ZvOgdFFRjKWcIfeAg5J\nQ4W2bHO7ZOphQazJ1FTfhy/HIrImzJ9ZVGif/L4qL8RVHHVAYBeFAlU5i38FAgMB\nAAGjgfAwge0wDwYDVR0TAQH/BAUwAwEB/zAOBgNVHQ8BAf8EBAMCAYYwHQYDVR0O\nBBYEFJxfAN+qAdcwKziIorhtSpzyEZGDMB8GA1UdIwQYMBaAFL9ft9HO3R+G9FtV\nrNzXEMIOqYjnME8GCCsGAQUFBwEBBEMwQTAcBggrBgEFBQcwAYYQaHR0cDovL28u\nc3MyLnVzLzAhBggrBgEFBQcwAoYVaHR0cDovL3guc3MyLnVzL3guY2VyMCYGA1Ud\nHwQfMB0wG6AZoBeGFWh0dHA6Ly9zLnNzMi51cy9yLmNybDARBgNVHSAECjAIMAYG\nBFUdIAAwDQYJKoZIhvcNAQELBQADggEBACMd44pXyn3pF3lM8R5V/cxTbj5HD9/G\nVfKyBDbtgB9TxF00KGu+x1X8Z+rLP3+QsjPNG1gQggL4+C/1E2DUBc7xgQjB3ad1\nl08YuW3e95ORCLp+QCztweq7dp4zBncdDQh/U90bZKuCJ/Fp1U1ervShw3WnWEQt\n8jxwmKy6abaVd38PMV4s/KCHOkdp8Hlf9BRUpJVeEXgSYCfOn8J3/yNTd126/+pZ\n59vPr5KW7ySaNRB6nJHGDn2Z9j8Z3/VyVOEVqQdZe4O/Ui5GjLIAZHYcSNPYeehu\nVsyuLAOQ1xk4meTKCRlb/weWsKh/NEnfVqn3sF/tM+2MR7cwA130A4w=\n-----END CERTIFICATE-----\n",
                "is_ca": true,
                "issuer": "OU=Starfield Class 2 Certification Authority,O=Starfield Technologies\\, Inc.,C=US",
                "not_after": "2034-06-28T17:39:16Z",
                "not_before": "2009-09-02T00:00:00Z",
                "public_key_algorithm": "RSA",
                "serial_number": "12037640545166866303",
                "sha1_fingerprint": "9e99a48a9960b14926bb7f3b02e22da2b0ab7280",
                "signature_algorithm": "SHA256-RSA",
                "subject": "CN=Starfield Services Root Certificate Authority - G2,O=Starfield Technologies\\, Inc.,L=Scottsdale,ST=Arizona,C=US",
                "version": 3
              },
              {
                "cert_pem": "-----BEGIN CERTIFICATE-----\nMIIEkjCCA3qgAwIBAgITBn+USionzfP6wq4rAfkI7rnExjANBgkqhkiG9w0BAQsF\nADCBmDELMAkGA1UEBhMCVVMxEDAOBgNVBAgTB0FyaXpvbmExEzARBgNVBAcTClNj\nb3R0c2RhbGUxJTAjBgNVBAoTHFN0YXJmaWVsZCBUZWNobm9sb2dpZXMsIEluYy4x\nOzA5BgNVBAMTMlN0YXJmaWVsZCBTZXJ2aWNlcyBSb290IENlcnRpZmljYXRlIEF1\ndGhvcml0eSAtIEcyMB4XDTE1MDUyNTEyMDAwMFoXDTM3MTIzMTAxMDAwMFowOTEL\nMAkGA1UEBhMCVVMxDzANBgNVBAoTBkFtYXpvbjEZMBcGA1UEAxMQQW1hem9uIFJv\nb3QgQ0EgMTCCASIwDQYJKoZIhvcNAQEBBQADggEPADCCAQoCggEBALJ4gHHKeNXj\nca9HgFB0fW7Y14h29Jlo91ghYPl0hAEvrAIthtOgQ3pOsqTQNroBvo3bSMgHFzZM\n9O6II8c+6zf1tRn4SWiw3te5djgdYZ6k/oI2peVKVuRF4fn9tBb6dNqcmzU5L/qw\nIFAGbHrQgLKm+a/sRxmPUDgH3KKHOVj4utWp+UhnMJbulHheb4mjUcAwhmahRWa6\nVOujw5H5SNz/0egwLX0tdHA114gk957EWW67c4cX8jJGKLhD+rcdqsq08p8kDi1L\n93FcXmn/6pUCyziKrlA4b9v7LWIbxcceVOF34GfID5yHI9Y/QCB/IIDEgEw+OyQm\njgSubJrIqg0CAwEAAaOCATEwggEtMA8GA1UdEwEB/wQFMAMBAf8wDgYDVR0PAQH/\nBAQDAgGGMB0GA1UdDgQWBBSEGMyFNOy8DJSULghZnMeyEE4KCDAfBgNVHSMEGDAW\ngBScXwDfqgHXMCs4iKK4bUqc8hGRgzB4BggrBgEFBQcBAQRsMGowLgYIKwYBBQUH\nMAGGImh0dHA6Ly9vY3NwLnJvb3RnMi5hbWF6b250cnVzdC5jb20wOAYIKwYBBQUH\nMAKGLGh0dHA6Ly9jcnQucm9vdGcyLmFtYXpvbnRydXN0LmNvbS9yb290ZzIuY2Vy\nMD0GA1UdHwQ2MDQwMqAwoC6GLGh0dHA6Ly9jcmwucm9vdGcyLmFtYXpvbnRydXN0\nLmNvbS9yb290ZzIuY3JsMBEGA1UdIAQKMAgwBgYEVR0gADANBgkqhkiG9w0BAQsF\nAAOCAQEAYjdCXLwQtT6LLOkMm2xF4gcAevnFWAu5CIw+7bMlPLVvUOTNNWqnkzSW\nMiGpSESrnO09tKpzbeR/FoCJbM8oAxiDR3mjEH4wW6w7sGDgd9QIpuEdfF7Au/ma\neyKdpwAJfqxGF4PcnCZXmTA5YpaP7dreqsXMGz7KQ2hsVxa81Q4gLv7/wmpdLqBK\nbRRYh5TmOTFffHPLkIhqhBGWJ6bt2YFGpn6jcgAKUj6DiAdjd4lpFw85hdKrCEVN\n0FE6/V1dN2RMfjCyVSRCnTawXZwXgWHxyvkQAiSr6w10kY17RSlQOYiypok1JR4U\nakcjMS9cmvqtmg5iUaQqqcT5NJ0hGA==\n-----END CERTIFICATE-----\n",
                "is_ca": true,
                "issuer": "CN=Starfield Services Root Certificate Authority - G2,O=Starfield Technologies\\, Inc.,L=Scottsdale,ST=Arizona,C=US",
                "not_after": "2037-12-31T01:00:00Z",
                "not_before": "2015-05-25T12:00:00Z",
                "public_key_algorithm": "RSA",
                "serial_number": "144918191876577076464031512351042010504348870",
                "sha1_fingerprint": "06b25927c42a721631c1efd9431e648fa62e1e39",
                "signature_algorithm": "SHA256-RSA",
                "subject": "CN=Amazon Root CA 1,O=Amazon,C=US",
                "version": 3
              },
              {
                "cert_pem": "-----BEGIN CERTIFICATE-----\nMIIEXjCCA0agAwIBAgITB3MSSkvL1E7HtTvq8ZSELToPoTANBgkqhkiG9w0BAQsF\nADA5MQswCQYDVQQGEwJVUzEPMA0GA1UEChMGQW1hem9uMRkwFwYDVQQDExBBbWF6\nb24gUm9vdCBDQSAxMB4XDTIyMDgyMzIyMjUzMFoXDTMwMDgyMzIyMjUzMFowPDEL\nMAkGA1UEBhMCVVMxDzANBgNVBAoTBkFtYXpvbjEcMBoGA1UEAxMTQW1hem9uIFJT\nQSAyMDQ4IE0wMjCCASIwDQYJKoZIhvcNAQEBBQADggEPADCCAQoCggEBALtDGMZa\nqHneKei1by6+pUPPLljTB143Si6VpEWPc6mSkFhZb/6qrkZyoHlQLbDYnI2D7hD0\nsdzEqfnuAjIsuXQLG3A8TvX6V3oFNBFVe8NlLJHvBseKY88saLwufxkZVwk74g4n\nWlNMXzla9Y5F3wwRHwMVH443xGz6UtGSZSqQ94eFx5X7Tlqt8whi8qCaKdZ5rNak\n+r9nUThOeClqFd4oXych//Rc7Y0eX1KNWHYSI1Nk31mYgiK3JvH063g+K9tHA63Z\neTgKgndlh+WI+zv7i44HepRZjA1FYwYZ9Vv/9UkC5Yz8/yU65fgjaE+wVHM4e/Yy\nC2osrPWE7gJ+dXMCAwEAAaOCAVowggFWMBIGA1UdEwEB/wQIMAYBAf8CAQAwDgYD\nVR0PAQH/BAQDAgGGMB0GA1UdJQQWMBQGCCsGAQUFBwMBBggrBgEFBQcDAjAdBgNV\nHQ4EFgQUwDFSzVpQw4J8dHHOy+mc+XrrguIwHwYDVR0jBBgwFoAUhBjMhTTsvAyU\nlC4IWZzHshBOCggwewYIKwYBBQUHAQEEbzBtMC8GCCsGAQUFBzABhiNodHRwOi8v\nb2NzcC5yb290Y2ExLmFtYXpvbnRydXN0LmNvbTA6BggrBgEFBQcwAoYuaHR0cDov\nL2NydC5yb290Y2ExLmFtYXpvbnRydXN0LmNvbS9yb290Y2ExLmNlcjA/BgNVHR8E\nODA2MDSgMqAwhi5odHRwOi8vY3JsLnJvb3RjYTEuYW1hem9udHJ1c3QuY29tL3Jv\nb3RjYTEuY3JsMBMGA1UdIAQMMAowCAYGZ4EMAQIBMA0GCSqGSIb3DQEBCwUAA4IB\nAQAtTi6Fs0Azfi+iwm7jrz+CSxHH+uHl7Law3MQSXVtR8RV53PtR6r/6gNpqlzdo\nZq4FKbADi1v9Bun8RY8D51uedRfjsbeodizeBB8nXmeyD33Ep7VATj4ozcd31YFV\nfgRhvTSxNrrTlNpWkUk0m3BMPv8sg381HhA6uEYokE5q9uws/3YkKqRiEz3TsaWm\nJqIRZhMbgAfp7O7FUwFIb7UIspogZSKxPIWJpxiPo3TcBambbVtQOcNRWz5qCQdD\nslI2yayq0n2TXoHyNCLEH8rpsJRVILFsg0jc7BaFrMnF462+ajSehgj12IidNeRN\n4zl+EoNaWdpnWndvSpAEkq2P\n-----END CERTIFICATE-----\n",
                "is_ca": true,
                "issuer": "CN=Amazon Root CA 1,O=Amazon,C=US",
                "not_after": "2030-08-23T22:25:30Z",
                "not_before": "2022-08-23T22:25:30Z",
                "public_key_algorithm": "RSA",
                "serial_number": "166129353110899469622597955040406457904926625",
                "sha1_fingerprint": "414a2060b738c635cc7fc243e052615592830c53",
                "signature_algorithm": "SHA256-RSA",
                "subject": "CN=Amazon RSA 2048 M02,O=Amazon,C=US",
                "version": 3
              },
              {
                "cert_pem": "-----BEGIN CERTIFICATE-----\nMIIF5TCCBM2gAwIBAgIQDsWM2D5RSLl7IRD58Bp6DzANBgkqhkiG9w0BAQsFADA8\nMQswCQYDVQQGEwJVUzEPMA0GA1UEChMGQW1hem9uMRwwGgYDVQQDExNBbWF6b24g\nUlNBIDIwNDggTTAyMB4XDTI0MDQwMTAwMDAwMFoXDTI1MDQzMDIzNTk1OVowKDEm\nMCQGA1UEAwwdKi5la3MudXMtd2VzdC0yLmFtYXpvbmF3cy5jb20wggEiMA0GCSqG\nSIb3DQEBAQUAA4IBDwAwggEKAoIBAQDX5xeQmZmCHJG/Hd1k93EKIB8aJgqMBjV8\nhK/mr1q0NT//Sv1xJGaZELpdUh1rAYUSSGUs0rRC8+vugtpzOMJ6asPo4KFOxfBe\neq+QZddyw7yay4RaywlHlBuvqhZkMcTyie3Bw08EnKct7xPKcn11cFHf5Uef1Q+G\nLyWJealim9xLyaSZ3VdKswDVn4YrqWaCi89RgngtldUTpTBBOr52C6ZOcaAPZj7L\nMkui4/kC4dTtnCKJKmVKT1gnbKK/bcH3G63M2EOSjhR1JFMyTNBs0UNfDqVFnpIB\ngc6antQWJ1z5BpiejH0HJlDBfa4JJ9LSbSSl4oSnW1m5FWgOP6TrAgMBAAGjggL1\nMIIC8TAfBgNVHSMEGDAWgBTAMVLNWlDDgnx0cc7L6Zz5euuC4jAdBgNVHQ4EFgQU\niV25OQVdcpXV1bT71pUVtEYNuiAwKAYDVR0RBCEwH4IdKi5la3MudXMtd2VzdC0y\nLmFtYXpvbmF3cy5jb20wEwYDVR0gBAwwCjAIBgZngQwBAgEwDgYDVR0PAQH/BAQD\nAgWgMB0GA1UdJQQWMBQGCCsGAQUFBwMBBggrBgEFBQcDAjA7BgNVHR8ENDAyMDCg\nLqAshipodHRwOi8vY3JsLnIybTAyLmFtYXpvbnRydXN0LmNvbS9yMm0wMi5jcmww\ndQYIKwYBBQUHAQEEaTBnMC0GCCsGAQUFBzABhiFodHRwOi8vb2NzcC5yMm0wMi5h\nbWF6b250cnVzdC5jb20wNgYIKwYBBQUHMAKGKmh0dHA6Ly9jcnQucjJtMDIuYW1h\nem9udHJ1c3QuY29tL3IybTAyLmNlcjAMBgNVHRMBAf8EAjAAMIIBfQYKKwYBBAHW\neQIEAgSCAW0EggFpAWcAdgDPEVbu1S58r/OHW9lpLpvpGnFnSrAX7KwB0lt3zsw7\nCAAAAY6aMr/xAAAEAwBHMEUCIEkz4BRPTftldFZ3x7B3K5F91iqxjGZKYVBh7ChF\nWMa1AiEA5Tac6flLFvDsSI9OprjWela3qTk8/meb1i4aTt4vLYUAdgB9WR4S4Xgq\nexxhZ3xe/fjQh1wUoE6VnrkDL9kOjC55uAAAAY6aMr+zAAAEAwBHMEUCIHFcffDz\nLXWVRQA1pu63XR9odC62oKPm00qYSEcIK9QhAiEAze+8hnlqBtqAkdLRW9KmBL2Q\n2el9UwkvdmiqSsAySBUAdQDm0jFjQHeMwRBBBtdxuc7B0kD2loSG+7qHMh39HjeO\nUAAAAY6aMr/EAAAEAwBGMEQCIG2ekWjuvM0A2NoQe7pGojHoYAyYK8+bISkAyTdC\n6HPBAiBR67wkUrGGjfMaD8cy2nBhuThBMB8kOZLm5YOegGDGyzANBgkqhkiG9w0B\nAQsFAAOCAQEAeNiU5fLVKMSwpzjtYMfCydbBJhmcbzBC81zZLFMETCoDT2gnJrEm\n86kN44ZMOonuECEs3n++I2lMoslsdXRevU7EZ4Jo8imOVy0Is05ffbfnv294viuG\nB23hMe9JQMVBuQzDyoUvBUhcJIxk7hQoFGjckh2P7km4HmH/0vZV13Lhrat9kws4\n3PzywHbzV5SsyOCszZFAowzsUaakhlBXOj++OeCTViHTLixywNhrA2n+21yCTVAj\nXAfc6i0YQ/B17FKkYlH/L5ZNl0UdXaW79LobdZdIsCfqOweGjUxLB/pWz2rK4JPI\nqBir/DrLGniJB5oLDg9DfN3gmRp6oWwWTw==\n-----END CERTIFICATE-----\n",
                "is_ca": false,
                "issuer": "CN=Amazon RSA 2048 M02,O=Amazon,C=US",
                "not_after": "2025-04-30T23:59:59Z",
                "not_before": "2024-04-01T00:00:00Z",
                "public_key_algorithm": "RSA",
                "serial_number": "19634931092034134610649070322822314511",
                "sha1_fingerprint": "3934cf57a95810cf5b7a7ce04dbb323fdb9a41a7",
                "signature_algorithm": "SHA256-RSA",
                "subject": "CN=*.eks.us-west-2.amazonaws.com",
                "version": 3
              }
            ],
            "content": null,
            "id": "9ce40dc2a049cbf871181c1b9ce87cb4fcc34109",
            "url": "https://oidc.eks.us-west-2.amazonaws.com/id/FECF73D7A4F412F1718B270FFE8529D1",
            "verify_chain": true
          },
          "sensitive_attributes": []
        }
      ]
    },
    {
      "module": "module.eks",
      "mode": "managed",
      "type": "aws_cloudwatch_log_group",
      "name": "this",
      "provider": "provider[\"registry.terraform.io/hashicorp/aws\"]",
      "instances": [
        {
          "index_key": 0,
          "schema_version": 0,
          "attributes": {
            "arn": "arn:aws:logs:us-west-2:882027629355:log-group:/aws/eks/saii/cluster",
            "id": "/aws/eks/saii/cluster",
            "kms_key_id": "",
            "log_group_class": "STANDARD",
            "name": "/aws/eks/saii/cluster",
            "name_prefix": "",
            "retention_in_days": 90,
            "skip_destroy": false,
            "tags": {
              "Name": "/aws/eks/saii/cluster"
            },
            "tags_all": {
              "Name": "/aws/eks/saii/cluster"
            }
          },
          "sensitive_attributes": [],
          "private": "bnVsbA==",
          "create_before_destroy": true
        }
      ]
    },
    {
      "module": "module.eks",
      "mode": "managed",
      "type": "aws_eks_access_entry",
      "name": "this",
      "provider": "provider[\"registry.terraform.io/hashicorp/aws\"]",
      "instances": [
        {
          "index_key": "cluster_creator",
          "schema_version": 0,
          "attributes": {
            "access_entry_arn": "arn:aws:eks:us-west-2:882027629355:access-entry/saii/user/882027629355/saivarun/28c92869-f4df-37a0-21e0-78b07578abee",
            "cluster_name": "saii",
            "created_at": "2024-10-03T05:21:58Z",
            "id": "saii:arn:aws:iam::882027629355:user/saivarun",
            "kubernetes_groups": [],
            "modified_at": "2024-10-03T05:21:58Z",
            "principal_arn": "arn:aws:iam::882027629355:user/saivarun",
            "tags": {},
            "tags_all": {},
            "timeouts": null,
            "type": "STANDARD",
            "user_name": "arn:aws:iam::882027629355:user/saivarun"
          },
          "sensitive_attributes": [],
          "private": "eyJlMmJmYjczMC1lY2FhLTExZTYtOGY4OC0zNDM2M2JjN2M0YzAiOnsiY3JlYXRlIjo2MDAwMDAwMDAwMDAsImRlbGV0ZSI6NjAwMDAwMDAwMDAwfX0=",
          "dependencies": [
            "module.eks.aws_cloudwatch_log_group.this",
            "module.eks.aws_eks_cluster.this",
            "module.eks.aws_iam_policy.cni_ipv6_policy",
            "module.eks.aws_iam_role.this",
            "module.eks.aws_iam_role_policy_attachment.this",
            "module.eks.aws_security_group.cluster",
            "module.eks.aws_security_group.node",
            "module.eks.aws_security_group_rule.cluster",
            "module.eks.aws_security_group_rule.node",
            "module.eks.data.aws_caller_identity.current",
            "module.eks.data.aws_iam_policy_document.assume_role_policy",
            "module.eks.data.aws_iam_policy_document.cni_ipv6_policy",
            "module.eks.data.aws_iam_session_context.current",
            "module.eks.data.aws_partition.current",
            "module.eks.module.kms.aws_kms_external_key.this",
            "module.eks.module.kms.aws_kms_key.this",
            "module.eks.module.kms.aws_kms_replica_external_key.this",
            "module.eks.module.kms.aws_kms_replica_key.this",
            "module.eks.module.kms.data.aws_caller_identity.current",
            "module.eks.module.kms.data.aws_iam_policy_document.this",
            "module.eks.module.kms.data.aws_partition.current",
            "module.vpc.aws_subnet.intra",
            "module.vpc.aws_subnet.private",
            "module.vpc.aws_vpc.this",
            "module.vpc.aws_vpc_ipv4_cidr_block_association.this"
          ]
        }
      ]
    },
    {
      "module": "module.eks",
      "mode": "managed",
      "type": "aws_eks_access_policy_association",
      "name": "this",
      "provider": "provider[\"registry.terraform.io/hashicorp/aws\"]",
      "instances": [
        {
          "index_key": "cluster_creator_admin",
          "schema_version": 0,
          "attributes": {
            "access_scope": [
              {
                "namespaces": [],
                "type": "cluster"
              }
            ],
            "associated_at": "2024-10-03 05:21:59.545 +0000 UTC",
            "cluster_name": "saii",
            "id": "saii#arn:aws:iam::882027629355:user/saivarun#arn:aws:eks::aws:cluster-access-policy/AmazonEKSClusterAdminPolicy",
            "modified_at": "2024-10-03 05:21:59.545 +0000 UTC",
            "policy_arn": "arn:aws:eks::aws:cluster-access-policy/AmazonEKSClusterAdminPolicy",
            "principal_arn": "arn:aws:iam::882027629355:user/saivarun",
            "timeouts": null
          },
          "sensitive_attributes": [],
          "private": "eyJlMmJmYjczMC1lY2FhLTExZTYtOGY4OC0zNDM2M2JjN2M0YzAiOnsiY3JlYXRlIjo2MDAwMDAwMDAwMDAsImRlbGV0ZSI6NjAwMDAwMDAwMDAwfX0=",
          "dependencies": [
            "module.eks.aws_cloudwatch_log_group.this",
            "module.eks.aws_eks_access_entry.this",
            "module.eks.aws_eks_cluster.this",
            "module.eks.aws_iam_policy.cni_ipv6_policy",
            "module.eks.aws_iam_role.this",
            "module.eks.aws_iam_role_policy_attachment.this",
            "module.eks.aws_security_group.cluster",
            "module.eks.aws_security_group.node",
            "module.eks.aws_security_group_rule.cluster",
            "module.eks.aws_security_group_rule.node",
            "module.eks.data.aws_caller_identity.current",
            "module.eks.data.aws_iam_policy_document.assume_role_policy",
            "module.eks.data.aws_iam_policy_document.cni_ipv6_policy",
            "module.eks.data.aws_iam_session_context.current",
            "module.eks.data.aws_partition.current",
            "module.eks.module.kms.aws_kms_external_key.this",
            "module.eks.module.kms.aws_kms_key.this",
            "module.eks.module.kms.aws_kms_replica_external_key.this",
            "module.eks.module.kms.aws_kms_replica_key.this",
            "module.eks.module.kms.data.aws_caller_identity.current",
            "module.eks.module.kms.data.aws_iam_policy_document.this",
            "module.eks.module.kms.data.aws_partition.current",
            "module.vpc.aws_subnet.intra",
            "module.vpc.aws_subnet.private",
            "module.vpc.aws_vpc.this",
            "module.vpc.aws_vpc_ipv4_cidr_block_association.this"
          ]
        }
      ]
    },
    {
      "module": "module.eks",
      "mode": "managed",
      "type": "aws_eks_addon",
      "name": "this",
      "provider": "provider[\"registry.terraform.io/hashicorp/aws\"]",
      "instances": [
        {
          "index_key": "coredns",
          "schema_version": 0,
          "attributes": {
            "addon_name": "coredns",
            "addon_version": "v1.11.1-eksbuild.8",
            "arn": "arn:aws:eks:us-west-2:882027629355:addon/saii/coredns/88c9287e-be99-1322-311b-8e50fc9e4bc0",
            "cluster_name": "saii",
            "configuration_values": "",
            "created_at": "2024-10-03T06:07:23Z",
            "id": "saii:coredns",
            "modified_at": "2024-10-03T06:08:06Z",
            "preserve": true,
            "resolve_conflicts": null,
            "resolve_conflicts_on_create": "OVERWRITE",
            "resolve_conflicts_on_update": "OVERWRITE",
            "service_account_role_arn": "",
            "tags": {},
            "tags_all": {},
            "timeouts": {
              "create": null,
              "delete": null,
              "update": null
            }
          },
          "sensitive_attributes": [],
          "private": "eyJlMmJmYjczMC1lY2FhLTExZTYtOGY4OC0zNDM2M2JjN2M0YzAiOnsiY3JlYXRlIjoxMjAwMDAwMDAwMDAwLCJkZWxldGUiOjI0MDAwMDAwMDAwMDAsInVwZGF0ZSI6MTIwMDAwMDAwMDAwMH19",
          "dependencies": [
            "module.eks.aws_cloudwatch_log_group.this",
            "module.eks.aws_eks_cluster.this",
            "module.eks.aws_iam_policy.cni_ipv6_policy",
            "module.eks.aws_iam_role.this",
            "module.eks.aws_iam_role_policy_attachment.this",
            "module.eks.aws_security_group.cluster",
            "module.eks.aws_security_group.node",
            "module.eks.aws_security_group_rule.cluster",
            "module.eks.aws_security_group_rule.node",
            "module.eks.data.aws_caller_identity.current",
            "module.eks.data.aws_eks_addon_version.this",
            "module.eks.data.aws_iam_policy_document.assume_role_policy",
            "module.eks.data.aws_iam_policy_document.cni_ipv6_policy",
            "module.eks.data.aws_iam_session_context.current",
            "module.eks.data.aws_partition.current",
            "module.eks.module.eks_managed_node_group.aws_autoscaling_schedule.this",
            "module.eks.module.eks_managed_node_group.aws_eks_node_group.this",
            "module.eks.module.eks_managed_node_group.aws_iam_role.this",
            "module.eks.module.eks_managed_node_group.aws_iam_role_policy.this",
            "module.eks.module.eks_managed_node_group.aws_iam_role_policy_attachment.additional",
            "module.eks.module.eks_managed_node_group.aws_iam_role_policy_attachment.this",
            "module.eks.module.eks_managed_node_group.aws_launch_template.this",
            "module.eks.module.eks_managed_node_group.aws_placement_group.this",
            "module.eks.module.eks_managed_node_group.data.aws_caller_identity.current",
            "module.eks.module.eks_managed_node_group.data.aws_ec2_instance_type.this",
            "module.eks.module.eks_managed_node_group.data.aws_ec2_instance_type_offerings.this",
            "module.eks.module.eks_managed_node_group.data.aws_iam_policy_document.assume_role_policy",
            "module.eks.module.eks_managed_node_group.data.aws_iam_policy_document.role",
            "module.eks.module.eks_managed_node_group.data.aws_partition.current",
            "module.eks.module.eks_managed_node_group.data.aws_ssm_parameter.ami",
            "module.eks.module.eks_managed_node_group.data.aws_subnets.placement_group",
            "module.eks.module.eks_managed_node_group.module.user_data.data.cloudinit_config.al2023_eks_managed_node_group",
            "module.eks.module.eks_managed_node_group.module.user_data.data.cloudinit_config.linux_eks_managed_node_group",
            "module.eks.module.eks_managed_node_group.module.user_data.null_resource.validate_cluster_service_cidr",
            "module.eks.module.fargate_profile.aws_eks_fargate_profile.this",
            "module.eks.module.fargate_profile.aws_iam_role.this",
            "module.eks.module.fargate_profile.aws_iam_role_policy.this",
            "module.eks.module.fargate_profile.aws_iam_role_policy_attachment.additional",
            "module.eks.module.fargate_profile.aws_iam_role_policy_attachment.this",
            "module.eks.module.fargate_profile.data.aws_caller_identity.current",
            "module.eks.module.fargate_profile.data.aws_iam_policy_document.assume_role_policy",
            "module.eks.module.fargate_profile.data.aws_iam_policy_document.role",
            "module.eks.module.fargate_profile.data.aws_partition.current",
            "module.eks.module.fargate_profile.data.aws_region.current",
            "module.eks.module.kms.aws_kms_external_key.this",
            "module.eks.module.kms.aws_kms_key.this",
            "module.eks.module.kms.aws_kms_replica_external_key.this",
            "module.eks.module.kms.aws_kms_replica_key.this",
            "module.eks.module.kms.data.aws_caller_identity.current",
            "module.eks.module.kms.data.aws_iam_policy_document.this",
            "module.eks.module.kms.data.aws_partition.current",
            "module.eks.module.self_managed_node_group.aws_autoscaling_group.this",
            "module.eks.module.self_managed_node_group.aws_autoscaling_schedule.this",
            "module.eks.module.self_managed_node_group.aws_eks_access_entry.this",
            "module.eks.module.self_managed_node_group.aws_iam_instance_profile.this",
            "module.eks.module.self_managed_node_group.aws_iam_role.this",
            "module.eks.module.self_managed_node_group.aws_iam_role_policy.this",
            "module.eks.module.self_managed_node_group.aws_iam_role_policy_attachment.additional",
            "module.eks.module.self_managed_node_group.aws_iam_role_policy_attachment.this",
            "module.eks.module.self_managed_node_group.aws_launch_template.this",
            "module.eks.module.self_managed_node_group.aws_placement_group.this",
            "module.eks.module.self_managed_node_group.data.aws_caller_identity.current",
            "module.eks.module.self_managed_node_group.data.aws_ec2_instance_type.this",
            "module.eks.module.self_managed_node_group.data.aws_ec2_instance_type_offerings.this",
            "module.eks.module.self_managed_node_group.data.aws_iam_policy_document.assume_role_policy",
            "module.eks.module.self_managed_node_group.data.aws_iam_policy_document.role",
            "module.eks.module.self_managed_node_group.data.aws_partition.current",
            "module.eks.module.self_managed_node_group.data.aws_ssm_parameter.ami",
            "module.eks.module.self_managed_node_group.data.aws_subnets.placement_group",
            "module.eks.module.self_managed_node_group.module.user_data.data.cloudinit_config.al2023_eks_managed_node_group",
            "module.eks.module.self_managed_node_group.module.user_data.data.cloudinit_config.linux_eks_managed_node_group",
            "module.eks.module.self_managed_node_group.module.user_data.null_resource.validate_cluster_service_cidr",
            "module.eks.time_sleep.this",
            "module.vpc.aws_subnet.intra",
            "module.vpc.aws_subnet.private",
            "module.vpc.aws_vpc.this",
            "module.vpc.aws_vpc_ipv4_cidr_block_association.this"
          ]
        },
        {
          "index_key": "eks-pod-identity-agent",
          "schema_version": 0,
          "attributes": {
            "addon_name": "eks-pod-identity-agent",
            "addon_version": "v1.3.2-eksbuild.2",
            "arn": "arn:aws:eks:us-west-2:882027629355:addon/saii/eks-pod-identity-agent/7cc92870-da72-fdf0-2d1f-37d7ae5e5812",
            "cluster_name": "saii",
            "configuration_values": "",
            "created_at": "2024-10-03T05:37:02Z",
            "id": "saii:eks-pod-identity-agent",
            "modified_at": "2024-10-03T05:37:38Z",
            "preserve": true,
            "resolve_conflicts": null,
            "resolve_conflicts_on_create": "OVERWRITE",
            "resolve_conflicts_on_update": "OVERWRITE",
            "service_account_role_arn": "",
            "tags": {},
            "tags_all": {},
            "timeouts": {
              "create": null,
              "delete": null,
              "update": null
            }
          },
          "sensitive_attributes": [],
          "private": "eyJlMmJmYjczMC1lY2FhLTExZTYtOGY4OC0zNDM2M2JjN2M0YzAiOnsiY3JlYXRlIjoxMjAwMDAwMDAwMDAwLCJkZWxldGUiOjI0MDAwMDAwMDAwMDAsInVwZGF0ZSI6MTIwMDAwMDAwMDAwMH19",
          "dependencies": [
            "module.eks.aws_cloudwatch_log_group.this",
            "module.eks.aws_eks_cluster.this",
            "module.eks.aws_iam_policy.cni_ipv6_policy",
            "module.eks.aws_iam_role.this",
            "module.eks.aws_iam_role_policy_attachment.this",
            "module.eks.aws_security_group.cluster",
            "module.eks.aws_security_group.node",
            "module.eks.aws_security_group_rule.cluster",
            "module.eks.aws_security_group_rule.node",
            "module.eks.data.aws_caller_identity.current",
            "module.eks.data.aws_eks_addon_version.this",
            "module.eks.data.aws_iam_policy_document.assume_role_policy",
            "module.eks.data.aws_iam_policy_document.cni_ipv6_policy",
            "module.eks.data.aws_iam_session_context.current",
            "module.eks.data.aws_partition.current",
            "module.eks.module.eks_managed_node_group.aws_autoscaling_schedule.this",
            "module.eks.module.eks_managed_node_group.aws_eks_node_group.this",
            "module.eks.module.eks_managed_node_group.aws_iam_role.this",
            "module.eks.module.eks_managed_node_group.aws_iam_role_policy.this",
            "module.eks.module.eks_managed_node_group.aws_iam_role_policy_attachment.additional",
            "module.eks.module.eks_managed_node_group.aws_iam_role_policy_attachment.this",
            "module.eks.module.eks_managed_node_group.aws_launch_template.this",
            "module.eks.module.eks_managed_node_group.aws_placement_group.this",
            "module.eks.module.eks_managed_node_group.data.aws_caller_identity.current",
            "module.eks.module.eks_managed_node_group.data.aws_ec2_instance_type.this",
            "module.eks.module.eks_managed_node_group.data.aws_ec2_instance_type_offerings.this",
            "module.eks.module.eks_managed_node_group.data.aws_iam_policy_document.assume_role_policy",
            "module.eks.module.eks_managed_node_group.data.aws_iam_policy_document.role",
            "module.eks.module.eks_managed_node_group.data.aws_partition.current",
            "module.eks.module.eks_managed_node_group.data.aws_ssm_parameter.ami",
            "module.eks.module.eks_managed_node_group.data.aws_subnets.placement_group",
            "module.eks.module.eks_managed_node_group.module.user_data.data.cloudinit_config.al2023_eks_managed_node_group",
            "module.eks.module.eks_managed_node_group.module.user_data.data.cloudinit_config.linux_eks_managed_node_group",
            "module.eks.module.eks_managed_node_group.module.user_data.null_resource.validate_cluster_service_cidr",
            "module.eks.module.fargate_profile.aws_eks_fargate_profile.this",
            "module.eks.module.fargate_profile.aws_iam_role.this",
            "module.eks.module.fargate_profile.aws_iam_role_policy.this",
            "module.eks.module.fargate_profile.aws_iam_role_policy_attachment.additional",
            "module.eks.module.fargate_profile.aws_iam_role_policy_attachment.this",
            "module.eks.module.fargate_profile.data.aws_caller_identity.current",
            "module.eks.module.fargate_profile.data.aws_iam_policy_document.assume_role_policy",
            "module.eks.module.fargate_profile.data.aws_iam_policy_document.role",
            "module.eks.module.fargate_profile.data.aws_partition.current",
            "module.eks.module.fargate_profile.data.aws_region.current",
            "module.eks.module.kms.aws_kms_external_key.this",
            "module.eks.module.kms.aws_kms_key.this",
            "module.eks.module.kms.aws_kms_replica_external_key.this",
            "module.eks.module.kms.aws_kms_replica_key.this",
            "module.eks.module.kms.data.aws_caller_identity.current",
            "module.eks.module.kms.data.aws_iam_policy_document.this",
            "module.eks.module.kms.data.aws_partition.current",
            "module.eks.module.self_managed_node_group.aws_autoscaling_group.this",
            "module.eks.module.self_managed_node_group.aws_autoscaling_schedule.this",
            "module.eks.module.self_managed_node_group.aws_eks_access_entry.this",
            "module.eks.module.self_managed_node_group.aws_iam_instance_profile.this",
            "module.eks.module.self_managed_node_group.aws_iam_role.this",
            "module.eks.module.self_managed_node_group.aws_iam_role_policy.this",
            "module.eks.module.self_managed_node_group.aws_iam_role_policy_attachment.additional",
            "module.eks.module.self_managed_node_group.aws_iam_role_policy_attachment.this",
            "module.eks.module.self_managed_node_group.aws_launch_template.this",
            "module.eks.module.self_managed_node_group.aws_placement_group.this",
            "module.eks.module.self_managed_node_group.data.aws_caller_identity.current",
            "module.eks.module.self_managed_node_group.data.aws_ec2_instance_type.this",
            "module.eks.module.self_managed_node_group.data.aws_ec2_instance_type_offerings.this",
            "module.eks.module.self_managed_node_group.data.aws_iam_policy_document.assume_role_policy",
            "module.eks.module.self_managed_node_group.data.aws_iam_policy_document.role",
            "module.eks.module.self_managed_node_group.data.aws_partition.current",
            "module.eks.module.self_managed_node_group.data.aws_ssm_parameter.ami",
            "module.eks.module.self_managed_node_group.data.aws_subnets.placement_group",
            "module.eks.module.self_managed_node_group.module.user_data.data.cloudinit_config.al2023_eks_managed_node_group",
            "module.eks.module.self_managed_node_group.module.user_data.data.cloudinit_config.linux_eks_managed_node_group",
            "module.eks.module.self_managed_node_group.module.user_data.null_resource.validate_cluster_service_cidr",
            "module.eks.time_sleep.this",
            "module.vpc.aws_subnet.intra",
            "module.vpc.aws_subnet.private",
            "module.vpc.aws_vpc.this",
            "module.vpc.aws_vpc_ipv4_cidr_block_association.this"
          ]
        },
        {
          "index_key": "kube-proxy",
          "schema_version": 0,
          "attributes": {
            "addon_name": "kube-proxy",
            "addon_version": "v1.30.0-eksbuild.3",
            "arn": "arn:aws:eks:us-west-2:882027629355:addon/saii/kube-proxy/62c92870-da76-ad11-f2de-4785c68be3bf",
            "cluster_name": "saii",
            "configuration_values": "",
            "created_at": "2024-10-03T05:37:02Z",
            "id": "saii:kube-proxy",
            "modified_at": "2024-10-03T05:37:08Z",
            "preserve": true,
            "resolve_conflicts": null,
            "resolve_conflicts_on_create": "OVERWRITE",
            "resolve_conflicts_on_update": "OVERWRITE",
            "service_account_role_arn": "",
            "tags": {},
            "tags_all": {},
            "timeouts": {
              "create": null,
              "delete": null,
              "update": null
            }
          },
          "sensitive_attributes": [],
          "private": "eyJlMmJmYjczMC1lY2FhLTExZTYtOGY4OC0zNDM2M2JjN2M0YzAiOnsiY3JlYXRlIjoxMjAwMDAwMDAwMDAwLCJkZWxldGUiOjI0MDAwMDAwMDAwMDAsInVwZGF0ZSI6MTIwMDAwMDAwMDAwMH19",
          "dependencies": [
            "module.eks.aws_cloudwatch_log_group.this",
            "module.eks.aws_eks_cluster.this",
            "module.eks.aws_iam_policy.cni_ipv6_policy",
            "module.eks.aws_iam_role.this",
            "module.eks.aws_iam_role_policy_attachment.this",
            "module.eks.aws_security_group.cluster",
            "module.eks.aws_security_group.node",
            "module.eks.aws_security_group_rule.cluster",
            "module.eks.aws_security_group_rule.node",
            "module.eks.data.aws_caller_identity.current",
            "module.eks.data.aws_eks_addon_version.this",
            "module.eks.data.aws_iam_policy_document.assume_role_policy",
            "module.eks.data.aws_iam_policy_document.cni_ipv6_policy",
            "module.eks.data.aws_iam_session_context.current",
            "module.eks.data.aws_partition.current",
            "module.eks.module.eks_managed_node_group.aws_autoscaling_schedule.this",
            "module.eks.module.eks_managed_node_group.aws_eks_node_group.this",
            "module.eks.module.eks_managed_node_group.aws_iam_role.this",
            "module.eks.module.eks_managed_node_group.aws_iam_role_policy.this",
            "module.eks.module.eks_managed_node_group.aws_iam_role_policy_attachment.additional",
            "module.eks.module.eks_managed_node_group.aws_iam_role_policy_attachment.this",
            "module.eks.module.eks_managed_node_group.aws_launch_template.this",
            "module.eks.module.eks_managed_node_group.aws_placement_group.this",
            "module.eks.module.eks_managed_node_group.data.aws_caller_identity.current",
            "module.eks.module.eks_managed_node_group.data.aws_ec2_instance_type.this",
            "module.eks.module.eks_managed_node_group.data.aws_ec2_instance_type_offerings.this",
            "module.eks.module.eks_managed_node_group.data.aws_iam_policy_document.assume_role_policy",
            "module.eks.module.eks_managed_node_group.data.aws_iam_policy_document.role",
            "module.eks.module.eks_managed_node_group.data.aws_partition.current",
            "module.eks.module.eks_managed_node_group.data.aws_ssm_parameter.ami",
            "module.eks.module.eks_managed_node_group.data.aws_subnets.placement_group",
            "module.eks.module.eks_managed_node_group.module.user_data.data.cloudinit_config.al2023_eks_managed_node_group",
            "module.eks.module.eks_managed_node_group.module.user_data.data.cloudinit_config.linux_eks_managed_node_group",
            "module.eks.module.eks_managed_node_group.module.user_data.null_resource.validate_cluster_service_cidr",
            "module.eks.module.fargate_profile.aws_eks_fargate_profile.this",
            "module.eks.module.fargate_profile.aws_iam_role.this",
            "module.eks.module.fargate_profile.aws_iam_role_policy.this",
            "module.eks.module.fargate_profile.aws_iam_role_policy_attachment.additional",
            "module.eks.module.fargate_profile.aws_iam_role_policy_attachment.this",
            "module.eks.module.fargate_profile.data.aws_caller_identity.current",
            "module.eks.module.fargate_profile.data.aws_iam_policy_document.assume_role_policy",
            "module.eks.module.fargate_profile.data.aws_iam_policy_document.role",
            "module.eks.module.fargate_profile.data.aws_partition.current",
            "module.eks.module.fargate_profile.data.aws_region.current",
            "module.eks.module.kms.aws_kms_external_key.this",
            "module.eks.module.kms.aws_kms_key.this",
            "module.eks.module.kms.aws_kms_replica_external_key.this",
            "module.eks.module.kms.aws_kms_replica_key.this",
            "module.eks.module.kms.data.aws_caller_identity.current",
            "module.eks.module.kms.data.aws_iam_policy_document.this",
            "module.eks.module.kms.data.aws_partition.current",
            "module.eks.module.self_managed_node_group.aws_autoscaling_group.this",
            "module.eks.module.self_managed_node_group.aws_autoscaling_schedule.this",
            "module.eks.module.self_managed_node_group.aws_eks_access_entry.this",
            "module.eks.module.self_managed_node_group.aws_iam_instance_profile.this",
            "module.eks.module.self_managed_node_group.aws_iam_role.this",
            "module.eks.module.self_managed_node_group.aws_iam_role_policy.this",
            "module.eks.module.self_managed_node_group.aws_iam_role_policy_attachment.additional",
            "module.eks.module.self_managed_node_group.aws_iam_role_policy_attachment.this",
            "module.eks.module.self_managed_node_group.aws_launch_template.this",
            "module.eks.module.self_managed_node_group.aws_placement_group.this",
            "module.eks.module.self_managed_node_group.data.aws_caller_identity.current",
            "module.eks.module.self_managed_node_group.data.aws_ec2_instance_type.this",
            "module.eks.module.self_managed_node_group.data.aws_ec2_instance_type_offerings.this",
            "module.eks.module.self_managed_node_group.data.aws_iam_policy_document.assume_role_policy",
            "module.eks.module.self_managed_node_group.data.aws_iam_policy_document.role",
            "module.eks.module.self_managed_node_group.data.aws_partition.current",
            "module.eks.module.self_managed_node_group.data.aws_ssm_parameter.ami",
            "module.eks.module.self_managed_node_group.data.aws_subnets.placement_group",
            "module.eks.module.self_managed_node_group.module.user_data.data.cloudinit_config.al2023_eks_managed_node_group",
            "module.eks.module.self_managed_node_group.module.user_data.data.cloudinit_config.linux_eks_managed_node_group",
            "module.eks.module.self_managed_node_group.module.user_data.null_resource.validate_cluster_service_cidr",
            "module.eks.time_sleep.this",
            "module.vpc.aws_subnet.intra",
            "module.vpc.aws_subnet.private",
            "module.vpc.aws_vpc.this",
            "module.vpc.aws_vpc_ipv4_cidr_block_association.this"
          ]
        },
        {
          "index_key": "vpc-cni",
          "schema_version": 0,
          "attributes": {
            "addon_name": "vpc-cni",
            "addon_version": "v1.18.1-eksbuild.3",
            "arn": "arn:aws:eks:us-west-2:882027629355:addon/saii/vpc-cni/8cc92870-da6e-298d-f500-96a929e78a66",
            "cluster_name": "saii",
            "configuration_values": "",
            "created_at": "2024-10-03T05:37:02Z",
            "id": "saii:vpc-cni",
            "modified_at": "2024-10-03T05:37:40Z",
            "preserve": true,
            "resolve_conflicts": null,
            "resolve_conflicts_on_create": "OVERWRITE",
            "resolve_conflicts_on_update": "OVERWRITE",
            "service_account_role_arn": "",
            "tags": {},
            "tags_all": {},
            "timeouts": {
              "create": null,
              "delete": null,
              "update": null
            }
          },
          "sensitive_attributes": [],
          "private": "eyJlMmJmYjczMC1lY2FhLTExZTYtOGY4OC0zNDM2M2JjN2M0YzAiOnsiY3JlYXRlIjoxMjAwMDAwMDAwMDAwLCJkZWxldGUiOjI0MDAwMDAwMDAwMDAsInVwZGF0ZSI6MTIwMDAwMDAwMDAwMH19",
          "dependencies": [
            "module.eks.aws_cloudwatch_log_group.this",
            "module.eks.aws_eks_cluster.this",
            "module.eks.aws_iam_policy.cni_ipv6_policy",
            "module.eks.aws_iam_role.this",
            "module.eks.aws_iam_role_policy_attachment.this",
            "module.eks.aws_security_group.cluster",
            "module.eks.aws_security_group.node",
            "module.eks.aws_security_group_rule.cluster",
            "module.eks.aws_security_group_rule.node",
            "module.eks.data.aws_caller_identity.current",
            "module.eks.data.aws_eks_addon_version.this",
            "module.eks.data.aws_iam_policy_document.assume_role_policy",
            "module.eks.data.aws_iam_policy_document.cni_ipv6_policy",
            "module.eks.data.aws_iam_session_context.current",
            "module.eks.data.aws_partition.current",
            "module.eks.module.eks_managed_node_group.aws_autoscaling_schedule.this",
            "module.eks.module.eks_managed_node_group.aws_eks_node_group.this",
            "module.eks.module.eks_managed_node_group.aws_iam_role.this",
            "module.eks.module.eks_managed_node_group.aws_iam_role_policy.this",
            "module.eks.module.eks_managed_node_group.aws_iam_role_policy_attachment.additional",
            "module.eks.module.eks_managed_node_group.aws_iam_role_policy_attachment.this",
            "module.eks.module.eks_managed_node_group.aws_launch_template.this",
            "module.eks.module.eks_managed_node_group.aws_placement_group.this",
            "module.eks.module.eks_managed_node_group.data.aws_caller_identity.current",
            "module.eks.module.eks_managed_node_group.data.aws_ec2_instance_type.this",
            "module.eks.module.eks_managed_node_group.data.aws_ec2_instance_type_offerings.this",
            "module.eks.module.eks_managed_node_group.data.aws_iam_policy_document.assume_role_policy",
            "module.eks.module.eks_managed_node_group.data.aws_iam_policy_document.role",
            "module.eks.module.eks_managed_node_group.data.aws_partition.current",
            "module.eks.module.eks_managed_node_group.data.aws_ssm_parameter.ami",
            "module.eks.module.eks_managed_node_group.data.aws_subnets.placement_group",
            "module.eks.module.eks_managed_node_group.module.user_data.data.cloudinit_config.al2023_eks_managed_node_group",
            "module.eks.module.eks_managed_node_group.module.user_data.data.cloudinit_config.linux_eks_managed_node_group",
            "module.eks.module.eks_managed_node_group.module.user_data.null_resource.validate_cluster_service_cidr",
            "module.eks.module.fargate_profile.aws_eks_fargate_profile.this",
            "module.eks.module.fargate_profile.aws_iam_role.this",
            "module.eks.module.fargate_profile.aws_iam_role_policy.this",
            "module.eks.module.fargate_profile.aws_iam_role_policy_attachment.additional",
            "module.eks.module.fargate_profile.aws_iam_role_policy_attachment.this",
            "module.eks.module.fargate_profile.data.aws_caller_identity.current",
            "module.eks.module.fargate_profile.data.aws_iam_policy_document.assume_role_policy",
            "module.eks.module.fargate_profile.data.aws_iam_policy_document.role",
            "module.eks.module.fargate_profile.data.aws_partition.current",
            "module.eks.module.fargate_profile.data.aws_region.current",
            "module.eks.module.kms.aws_kms_external_key.this",
            "module.eks.module.kms.aws_kms_key.this",
            "module.eks.module.kms.aws_kms_replica_external_key.this",
            "module.eks.module.kms.aws_kms_replica_key.this",
            "module.eks.module.kms.data.aws_caller_identity.current",
            "module.eks.module.kms.data.aws_iam_policy_document.this",
            "module.eks.module.kms.data.aws_partition.current",
            "module.eks.module.self_managed_node_group.aws_autoscaling_group.this",
            "module.eks.module.self_managed_node_group.aws_autoscaling_schedule.this",
            "module.eks.module.self_managed_node_group.aws_eks_access_entry.this",
            "module.eks.module.self_managed_node_group.aws_iam_instance_profile.this",
            "module.eks.module.self_managed_node_group.aws_iam_role.this",
            "module.eks.module.self_managed_node_group.aws_iam_role_policy.this",
            "module.eks.module.self_managed_node_group.aws_iam_role_policy_attachment.additional",
            "module.eks.module.self_managed_node_group.aws_iam_role_policy_attachment.this",
            "module.eks.module.self_managed_node_group.aws_launch_template.this",
            "module.eks.module.self_managed_node_group.aws_placement_group.this",
            "module.eks.module.self_managed_node_group.data.aws_caller_identity.current",
            "module.eks.module.self_managed_node_group.data.aws_ec2_instance_type.this",
            "module.eks.module.self_managed_node_group.data.aws_ec2_instance_type_offerings.this",
            "module.eks.module.self_managed_node_group.data.aws_iam_policy_document.assume_role_policy",
            "module.eks.module.self_managed_node_group.data.aws_iam_policy_document.role",
            "module.eks.module.self_managed_node_group.data.aws_partition.current",
            "module.eks.module.self_managed_node_group.data.aws_ssm_parameter.ami",
            "module.eks.module.self_managed_node_group.data.aws_subnets.placement_group",
            "module.eks.module.self_managed_node_group.module.user_data.data.cloudinit_config.al2023_eks_managed_node_group",
            "module.eks.module.self_managed_node_group.module.user_data.data.cloudinit_config.linux_eks_managed_node_group",
            "module.eks.module.self_managed_node_group.module.user_data.null_resource.validate_cluster_service_cidr",
            "module.eks.time_sleep.this",
            "module.vpc.aws_subnet.intra",
            "module.vpc.aws_subnet.private",
            "module.vpc.aws_vpc.this",
            "module.vpc.aws_vpc_ipv4_cidr_block_association.this"
          ]
        }
      ]
    },
    {
      "module": "module.eks",
      "mode": "managed",
      "type": "aws_eks_cluster",
      "name": "this",
      "provider": "provider[\"registry.terraform.io/hashicorp/aws\"]",
      "instances": [
        {
          "index_key": 0,
          "schema_version": 1,
          "attributes": {
            "access_config": [
              {
                "authentication_mode": "API_AND_CONFIG_MAP",
                "bootstrap_cluster_creator_admin_permissions": false
              }
            ],
            "arn": "arn:aws:eks:us-west-2:882027629355:cluster/saii",
            "bootstrap_self_managed_addons": true,
            "certificate_authority": [
              {
                "data": "LS0tLS1CRUdJTiBDRVJUSUZJQ0FURS0tLS0tCk1JSURCVENDQWUyZ0F3SUJBZ0lJRFpiU2ZvSnc5R0V3RFFZSktvWklodmNOQVFFTEJRQXdGVEVUTUJFR0ExVUUKQXhNS2EzVmlaWEp1WlhSbGN6QWVGdzB5TkRFd01ETXdOVEV4TWpGYUZ3MHpOREV3TURFd05URTJNakZhTUJVeApFekFSQmdOVkJBTVRDbXQxWW1WeWJtVjBaWE13Z2dFaU1BMEdDU3FHU0liM0RRRUJBUVVBQTRJQkR3QXdnZ0VLCkFvSUJBUUMvZURSZmFDSVBpOXRvUUZUcUpBQzdSNDRmN0R2Q0o1MWk3czZVUFdjUGJGYXBiZGIzYnZmSS9iV2QKQzRjSTdscjZaZExUTE1Nd1J1YmFnMDBjdDN0MGVoSE83a1QvdmNNMldrcjIxaE9QWGNzdHlQQUpJT0pOZitEOAoyYWVvUmE2VzVISUMrczF1alJlbFFNV2YrSS9HRDVCbmZobXRQV0VxVnZIT2lqWDJWSldUcWtXbm1adng5TFQ3ClZDdThEQWRkMGh5N1R2dnQzRWRUTTZhOTlYUDVWc3p1SkFlM2lHQUtubGV3VlJoUHg5NkdEZGtadDBkclA5QisKMTdpTW9Rb21xM0trTE4vNDBjOE9TZ3FobXEyRmdVOFdmbWRRVi9sY0hXNmNnY1NFL3U3OTIyVjhVbEtndFBHagpicFBINU4xaThYbUtCYzZjTGQrVWtnVVRSMU96QWdNQkFBR2pXVEJYTUE0R0ExVWREd0VCL3dRRUF3SUNwREFQCkJnTlZIUk1CQWY4RUJUQURBUUgvTUIwR0ExVWREZ1FXQkJTaVpHelkzdGw1azRKYy83Z2EvQkJpVUI0dmFqQVYKQmdOVkhSRUVEakFNZ2dwcmRXSmxjbTVsZEdWek1BMEdDU3FHU0liM0RRRUJDd1VBQTRJQkFRQ3JseTU0MHg1dQpIanBJamM2ME9abEo4Q3JndUxQVko5a3FGSnUxOXdvYnhUU09hbVlEcTBMTmJGejYwREp1ZjV6ZFA0bUtVSklrCjdRaHdsQ0Yvc1FNdUJmd0tHZEdiM0p4SDVITjZnMCtaczZYcGduTngrRHlqOHVPZ0RhQkxFMk5veXFNY20wejAKeFdXa1NuM2tjMzdWeUxQclVES2lJbHd5U0RENElKSWoxZ1NHMkdnRXZmVFo3R1pzWkdsYlp6cHlYcEwwWThxRAozdmV6VXJTM2dyY3Bxc3o0dmREQ2EyUGh5cUVIUkUvcThVMXN0Q0Y2czJBeE5hdmlxTUVvZGZHeitLcGRWdVluCjR5QVg1dE9KcGVZMHRISkxJajJ5MDVRc2x0ckdmenJWcGFDN0piSnZNZjdRSHlpL2k0Y2pLdjcyU3FrVmM4N00KUE5ld2ZqeWI4SWhZCi0tLS0tRU5EIENFUlRJRklDQVRFLS0tLS0K"
              }
            ],
            "cluster_id": null,
            "created_at": "2024-10-03T05:10:58Z",
            "enabled_cluster_log_types": [
              "api",
              "audit",
              "authenticator"
            ],
            "encryption_config": [
              {
                "provider": [
                  {
                    "key_arn": "arn:aws:kms:us-west-2:882027629355:key/599a621a-cad6-4ebf-9460-07418a480cea"
                  }
                ],
                "resources": [
                  "secrets"
                ]
              }
            ],
            "endpoint": "https://FECF73D7A4F412F1718B270FFE8529D1.gr7.us-west-2.eks.amazonaws.com",
            "id": "saii",
            "identity": [
              {
                "oidc": [
                  {
                    "issuer": "https://oidc.eks.us-west-2.amazonaws.com/id/FECF73D7A4F412F1718B270FFE8529D1"
                  }
                ]
              }
            ],
            "kubernetes_network_config": [
              {
                "ip_family": "ipv4",
                "service_ipv4_cidr": "172.20.0.0/16",
                "service_ipv6_cidr": ""
              }
            ],
            "name": "saii",
            "outpost_config": [],
            "platform_version": "eks.11",
            "role_arn": "arn:aws:iam::882027629355:role/saii-cluster-20241003051023782900000003",
            "status": "ACTIVE",
            "tags": {
              "terraform-aws-modules": "eks"
            },
            "tags_all": {
              "terraform-aws-modules": "eks"
            },
            "timeouts": {
              "create": null,
              "delete": null,
              "update": null
            },
            "upgrade_policy": [
              {
                "support_type": "EXTENDED"
              }
            ],
            "version": "1.30",
            "vpc_config": [
              {
                "cluster_security_group_id": "sg-028be5f74fcfcc87e",
                "endpoint_private_access": true,
                "endpoint_public_access": true,
                "public_access_cidrs": [
                  "0.0.0.0/0"
                ],
                "security_group_ids": [
                  "sg-073b2afd57e2a751a"
                ],
                "subnet_ids": [
                  "subnet-014f2dfdc1ee6957a",
                  "subnet-035ad5660b0c214e8",
                  "subnet-046be441e6762363b"
                ],
                "vpc_id": "vpc-0197dd4d5f4e38dfb"
              }
            ]
          },
          "sensitive_attributes": [],
          "private": "eyJlMmJmYjczMC1lY2FhLTExZTYtOGY4OC0zNDM2M2JjN2M0YzAiOnsiY3JlYXRlIjoxODAwMDAwMDAwMDAwLCJkZWxldGUiOjkwMDAwMDAwMDAwMCwidXBkYXRlIjozNjAwMDAwMDAwMDAwfSwic2NoZW1hX3ZlcnNpb24iOiIxIn0=",
          "dependencies": [
            "module.eks.aws_cloudwatch_log_group.this",
            "module.eks.aws_iam_policy.cni_ipv6_policy",
            "module.eks.aws_iam_role.this",
            "module.eks.aws_iam_role_policy_attachment.this",
            "module.eks.aws_security_group.cluster",
            "module.eks.aws_security_group.node",
            "module.eks.aws_security_group_rule.cluster",
            "module.eks.aws_security_group_rule.node",
            "module.eks.data.aws_caller_identity.current",
            "module.eks.data.aws_iam_policy_document.assume_role_policy",
            "module.eks.data.aws_iam_policy_document.cni_ipv6_policy",
            "module.eks.data.aws_iam_session_context.current",
            "module.eks.data.aws_partition.current",
            "module.eks.module.kms.aws_kms_external_key.this",
            "module.eks.module.kms.aws_kms_key.this",
            "module.eks.module.kms.aws_kms_replica_external_key.this",
            "module.eks.module.kms.aws_kms_replica_key.this",
            "module.eks.module.kms.data.aws_caller_identity.current",
            "module.eks.module.kms.data.aws_iam_policy_document.this",
            "module.eks.module.kms.data.aws_partition.current",
            "module.vpc.aws_subnet.intra",
            "module.vpc.aws_subnet.private",
            "module.vpc.aws_vpc.this",
            "module.vpc.aws_vpc_ipv4_cidr_block_association.this"
          ],
          "create_before_destroy": true
        }
      ]
    },
    {
      "module": "module.eks",
      "mode": "managed",
      "type": "aws_iam_openid_connect_provider",
      "name": "oidc_provider",
      "provider": "provider[\"registry.terraform.io/hashicorp/aws\"]",
      "instances": [
        {
          "index_key": 0,
          "schema_version": 0,
          "attributes": {
            "arn": "arn:aws:iam::882027629355:oidc-provider/oidc.eks.us-west-2.amazonaws.com/id/FECF73D7A4F412F1718B270FFE8529D1",
            "client_id_list": [
              "sts.amazonaws.com"
            ],
            "id": "arn:aws:iam::882027629355:oidc-provider/oidc.eks.us-west-2.amazonaws.com/id/FECF73D7A4F412F1718B270FFE8529D1",
            "tags": {
              "Name": "saii-eks-irsa"
            },
            "tags_all": {
              "Name": "saii-eks-irsa"
            },
            "thumbprint_list": [
              "9e99a48a9960b14926bb7f3b02e22da2b0ab7280"
            ],
            "url": "oidc.eks.us-west-2.amazonaws.com/id/FECF73D7A4F412F1718B270FFE8529D1"
          },
          "sensitive_attributes": [],
          "private": "bnVsbA==",
          "dependencies": [
            "module.eks.aws_cloudwatch_log_group.this",
            "module.eks.aws_eks_cluster.this",
            "module.eks.aws_iam_policy.cni_ipv6_policy",
            "module.eks.aws_iam_role.this",
            "module.eks.aws_iam_role_policy_attachment.this",
            "module.eks.aws_security_group.cluster",
            "module.eks.aws_security_group.node",
            "module.eks.aws_security_group_rule.cluster",
            "module.eks.aws_security_group_rule.node",
            "module.eks.data.aws_caller_identity.current",
            "module.eks.data.aws_iam_policy_document.assume_role_policy",
            "module.eks.data.aws_iam_policy_document.cni_ipv6_policy",
            "module.eks.data.aws_iam_session_context.current",
            "module.eks.data.aws_partition.current",
            "module.eks.data.tls_certificate.this",
            "module.eks.module.kms.aws_kms_external_key.this",
            "module.eks.module.kms.aws_kms_key.this",
            "module.eks.module.kms.aws_kms_replica_external_key.this",
            "module.eks.module.kms.aws_kms_replica_key.this",
            "module.eks.module.kms.data.aws_caller_identity.current",
            "module.eks.module.kms.data.aws_iam_policy_document.this",
            "module.eks.module.kms.data.aws_partition.current",
            "module.vpc.aws_subnet.intra",
            "module.vpc.aws_subnet.private",
            "module.vpc.aws_vpc.this",
            "module.vpc.aws_vpc_ipv4_cidr_block_association.this"
          ]
        }
      ]
    },
    {
      "module": "module.eks",
      "mode": "managed",
      "type": "aws_iam_policy",
      "name": "cluster_encryption",
      "provider": "provider[\"registry.terraform.io/hashicorp/aws\"]",
      "instances": [
        {
          "index_key": 0,
          "schema_version": 0,
          "attributes": {
            "arn": "arn:aws:iam::882027629355:policy/saii-cluster-ClusterEncryption2024100305105276260000000f",
            "attachment_count": 1,
            "description": "Cluster encryption policy to allow cluster role to utilize CMK provided",
            "id": "arn:aws:iam::882027629355:policy/saii-cluster-ClusterEncryption2024100305105276260000000f",
            "name": "saii-cluster-ClusterEncryption2024100305105276260000000f",
            "name_prefix": "saii-cluster-ClusterEncryption",
            "path": "/",
            "policy": "{\"Statement\":[{\"Action\":[\"kms:Encrypt\",\"kms:Decrypt\",\"kms:ListGrants\",\"kms:DescribeKey\"],\"Effect\":\"Allow\",\"Resource\":\"arn:aws:kms:us-west-2:882027629355:key/599a621a-cad6-4ebf-9460-07418a480cea\"}],\"Version\":\"2012-10-17\"}",
            "policy_id": "ANPA42XHRRMVS2JB64BH2",
            "tags": {},
            "tags_all": {}
          },
          "sensitive_attributes": [],
          "private": "bnVsbA==",
          "dependencies": [
            "module.eks.aws_iam_role.this",
            "module.eks.data.aws_caller_identity.current",
            "module.eks.data.aws_iam_policy_document.assume_role_policy",
            "module.eks.data.aws_iam_session_context.current",
            "module.eks.module.kms.aws_kms_external_key.this",
            "module.eks.module.kms.aws_kms_key.this",
            "module.eks.module.kms.aws_kms_replica_external_key.this",
            "module.eks.module.kms.aws_kms_replica_key.this",
            "module.eks.module.kms.data.aws_caller_identity.current",
            "module.eks.module.kms.data.aws_iam_policy_document.this",
            "module.eks.module.kms.data.aws_partition.current"
          ]
        }
      ]
    },
    {
      "module": "module.eks",
      "mode": "managed",
      "type": "aws_iam_role",
      "name": "this",
      "provider": "provider[\"registry.terraform.io/hashicorp/aws\"]",
      "instances": [
        {
          "index_key": 0,
          "schema_version": 0,
          "attributes": {
            "arn": "arn:aws:iam::882027629355:role/saii-cluster-20241003051023782900000003",
            "assume_role_policy": "{\"Statement\":[{\"Action\":\"sts:AssumeRole\",\"Effect\":\"Allow\",\"Principal\":{\"Service\":\"eks.amazonaws.com\"},\"Sid\":\"EKSClusterAssumeRole\"}],\"Version\":\"2012-10-17\"}",
            "create_date": "2024-10-03T05:10:24Z",
            "description": "",
            "force_detach_policies": true,
            "id": "saii-cluster-20241003051023782900000003",
            "inline_policy": [
              {
                "name": "saii-cluster",
                "policy": "{\"Version\":\"2012-10-17\",\"Statement\":[{\"Action\":[\"logs:CreateLogGroup\"],\"Effect\":\"Deny\",\"Resource\":\"*\"}]}"
              }
            ],
            "managed_policy_arns": [
              "arn:aws:iam::882027629355:policy/saii-cluster-ClusterEncryption2024100305105276260000000f",
              "arn:aws:iam::aws:policy/AmazonEKSClusterPolicy",
              "arn:aws:iam::aws:policy/AmazonEKSVPCResourceController"
            ],
            "max_session_duration": 3600,
            "name": "saii-cluster-20241003051023782900000003",
            "name_prefix": "saii-cluster-",
            "path": "/",
            "permissions_boundary": "",
            "tags": {},
            "tags_all": {},
            "unique_id": "AROA42XHRRMVZQ22X5QSG"
          },
          "sensitive_attributes": [],
          "private": "bnVsbA==",
          "dependencies": [
            "module.eks.data.aws_iam_policy_document.assume_role_policy"
          ],
          "create_before_destroy": true
        }
      ]
    },
    {
      "module": "module.eks",
      "mode": "managed",
      "type": "aws_iam_role_policy_attachment",
      "name": "cluster_encryption",
      "provider": "provider[\"registry.terraform.io/hashicorp/aws\"]",
      "instances": [
        {
          "index_key": 0,
          "schema_version": 0,
          "attributes": {
            "id": "saii-cluster-20241003051023782900000003-20241003051053946400000010",
            "policy_arn": "arn:aws:iam::882027629355:policy/saii-cluster-ClusterEncryption2024100305105276260000000f",
            "role": "saii-cluster-20241003051023782900000003"
          },
          "sensitive_attributes": [],
          "private": "bnVsbA==",
          "dependencies": [
            "module.eks.aws_iam_policy.cluster_encryption",
            "module.eks.aws_iam_role.this",
            "module.eks.data.aws_caller_identity.current",
            "module.eks.data.aws_iam_policy_document.assume_role_policy",
            "module.eks.data.aws_iam_session_context.current",
            "module.eks.module.kms.aws_kms_external_key.this",
            "module.eks.module.kms.aws_kms_key.this",
            "module.eks.module.kms.aws_kms_replica_external_key.this",
            "module.eks.module.kms.aws_kms_replica_key.this",
            "module.eks.module.kms.data.aws_caller_identity.current",
            "module.eks.module.kms.data.aws_iam_policy_document.this",
            "module.eks.module.kms.data.aws_partition.current"
          ]
        }
      ]
    },
    {
      "module": "module.eks",
      "mode": "managed",
      "type": "aws_iam_role_policy_attachment",
      "name": "this",
      "provider": "provider[\"registry.terraform.io/hashicorp/aws\"]",
      "instances": [
        {
          "index_key": "AmazonEKSClusterPolicy",
          "schema_version": 0,
          "attributes": {
            "id": "saii-cluster-20241003051023782900000003-20241003051026476400000008",
            "policy_arn": "arn:aws:iam::aws:policy/AmazonEKSClusterPolicy",
            "role": "saii-cluster-20241003051023782900000003"
          },
          "sensitive_attributes": [],
          "private": "bnVsbA==",
          "dependencies": [
            "module.eks.aws_iam_role.this",
            "module.eks.data.aws_iam_policy_document.assume_role_policy",
            "module.eks.data.aws_partition.current"
          ],
          "create_before_destroy": true
        },
        {
          "index_key": "AmazonEKSVPCResourceController",
          "schema_version": 0,
          "attributes": {
            "id": "saii-cluster-20241003051023782900000003-20241003051026462100000007",
            "policy_arn": "arn:aws:iam::aws:policy/AmazonEKSVPCResourceController",
            "role": "saii-cluster-20241003051023782900000003"
          },
          "sensitive_attributes": [],
          "private": "bnVsbA==",
          "dependencies": [
            "module.eks.aws_iam_role.this",
            "module.eks.data.aws_iam_policy_document.assume_role_policy",
            "module.eks.data.aws_partition.current"
          ],
          "create_before_destroy": true
        }
      ]
    },
    {
      "module": "module.eks",
      "mode": "managed",
      "type": "aws_security_group",
      "name": "cluster",
      "provider": "provider[\"registry.terraform.io/hashicorp/aws\"]",
      "instances": [
        {
          "index_key": 0,
          "schema_version": 1,
          "attributes": {
            "arn": "arn:aws:ec2:us-west-2:882027629355:security-group/sg-073b2afd57e2a751a",
            "description": "EKS cluster security group",
            "egress": [],
            "id": "sg-073b2afd57e2a751a",
            "ingress": [
              {
                "cidr_blocks": [],
                "description": "Node groups to cluster API",
                "from_port": 443,
                "ipv6_cidr_blocks": [],
                "prefix_list_ids": [],
                "protocol": "tcp",
                "security_groups": [
                  "sg-073683be68706b1a1"
                ],
                "self": false,
                "to_port": 443
              }
            ],
            "name": "saii-cluster-2024100305104091060000000d",
            "name_prefix": "saii-cluster-",
            "owner_id": "882027629355",
            "revoke_rules_on_delete": false,
            "tags": {
              "Name": "saii-cluster"
            },
            "tags_all": {
              "Name": "saii-cluster"
            },
            "timeouts": null,
            "vpc_id": "vpc-0197dd4d5f4e38dfb"
          },
          "sensitive_attributes": [],
          "private": "eyJlMmJmYjczMC1lY2FhLTExZTYtOGY4OC0zNDM2M2JjN2M0YzAiOnsiY3JlYXRlIjo2MDAwMDAwMDAwMDAsImRlbGV0ZSI6OTAwMDAwMDAwMDAwfSwic2NoZW1hX3ZlcnNpb24iOiIxIn0=",
          "dependencies": [
            "module.vpc.aws_vpc.this"
          ],
          "create_before_destroy": true
        }
      ]
    },
    {
      "module": "module.eks",
      "mode": "managed",
      "type": "aws_security_group",
      "name": "node",
      "provider": "provider[\"registry.terraform.io/hashicorp/aws\"]",
      "instances": [
        {
          "index_key": 0,
          "schema_version": 1,
          "attributes": {
            "arn": "arn:aws:ec2:us-west-2:882027629355:security-group/sg-073683be68706b1a1",
            "description": "EKS node shared security group",
            "egress": [
              {
                "cidr_blocks": [
                  "0.0.0.0/0"
                ],
                "description": "Allow all egress",
                "from_port": 0,
                "ipv6_cidr_blocks": [],
                "prefix_list_ids": [],
                "protocol": "-1",
                "security_groups": [],
                "self": false,
                "to_port": 0
              }
            ],
            "id": "sg-073683be68706b1a1",
            "ingress": [
              {
                "cidr_blocks": [],
                "description": "Cluster API to node 4443/tcp webhook",
                "from_port": 4443,
                "ipv6_cidr_blocks": [],
                "prefix_list_ids": [],
                "protocol": "tcp",
                "security_groups": [
                  "sg-073b2afd57e2a751a"
                ],
                "self": false,
                "to_port": 4443
              },
              {
                "cidr_blocks": [],
                "description": "Cluster API to node 6443/tcp webhook",
                "from_port": 6443,
                "ipv6_cidr_blocks": [],
                "prefix_list_ids": [],
                "protocol": "tcp",
                "security_groups": [
                  "sg-073b2afd57e2a751a"
                ],
                "self": false,
                "to_port": 6443
              },
              {
                "cidr_blocks": [],
                "description": "Cluster API to node 8443/tcp webhook",
                "from_port": 8443,
                "ipv6_cidr_blocks": [],
                "prefix_list_ids": [],
                "protocol": "tcp",
                "security_groups": [
                  "sg-073b2afd57e2a751a"
                ],
                "self": false,
                "to_port": 8443
              },
              {
                "cidr_blocks": [],
                "description": "Cluster API to node 9443/tcp webhook",
                "from_port": 9443,
                "ipv6_cidr_blocks": [],
                "prefix_list_ids": [],
                "protocol": "tcp",
                "security_groups": [
                  "sg-073b2afd57e2a751a"
                ],
                "self": false,
                "to_port": 9443
              },
              {
                "cidr_blocks": [],
                "description": "Cluster API to node groups",
                "from_port": 443,
                "ipv6_cidr_blocks": [],
                "prefix_list_ids": [],
                "protocol": "tcp",
                "security_groups": [
                  "sg-073b2afd57e2a751a"
                ],
                "self": false,
                "to_port": 443
              },
              {
                "cidr_blocks": [],
                "description": "Cluster API to node kubelets",
                "from_port": 10250,
                "ipv6_cidr_blocks": [],
                "prefix_list_ids": [],
                "protocol": "tcp",
                "security_groups": [
                  "sg-073b2afd57e2a751a"
                ],
                "self": false,
                "to_port": 10250
              },
              {
                "cidr_blocks": [],
                "description": "Node to node CoreDNS UDP",
                "from_port": 53,
                "ipv6_cidr_blocks": [],
                "prefix_list_ids": [],
                "protocol": "udp",
                "security_groups": [],
                "self": true,
                "to_port": 53
              },
              {
                "cidr_blocks": [],
                "description": "Node to node CoreDNS",
                "from_port": 53,
                "ipv6_cidr_blocks": [],
                "prefix_list_ids": [],
                "protocol": "tcp",
                "security_groups": [],
                "self": true,
                "to_port": 53
              },
              {
                "cidr_blocks": [],
                "description": "Node to node ingress on ephemeral ports",
                "from_port": 1025,
                "ipv6_cidr_blocks": [],
                "prefix_list_ids": [],
                "protocol": "tcp",
                "security_groups": [],
                "self": true,
                "to_port": 65535
              }
            ],
            "name": "saii-node-2024100305104079320000000c",
            "name_prefix": "saii-node-",
            "owner_id": "882027629355",
            "revoke_rules_on_delete": false,
            "tags": {
              "Name": "saii-node",
              "karpenter.sh/discovery": "saii",
              "kubernetes.io/cluster/saii": "owned"
            },
            "tags_all": {
              "Name": "saii-node",
              "karpenter.sh/discovery": "saii",
              "kubernetes.io/cluster/saii": "owned"
            },
            "timeouts": null,
            "vpc_id": "vpc-0197dd4d5f4e38dfb"
          },
          "sensitive_attributes": [],
          "private": "eyJlMmJmYjczMC1lY2FhLTExZTYtOGY4OC0zNDM2M2JjN2M0YzAiOnsiY3JlYXRlIjo2MDAwMDAwMDAwMDAsImRlbGV0ZSI6OTAwMDAwMDAwMDAwfSwic2NoZW1hX3ZlcnNpb24iOiIxIn0=",
          "dependencies": [
            "module.vpc.aws_vpc.this"
          ],
          "create_before_destroy": true
        }
      ]
    },
    {
      "module": "module.eks",
      "mode": "managed",
      "type": "aws_security_group_rule",
      "name": "cluster",
      "provider": "provider[\"registry.terraform.io/hashicorp/aws\"]",
      "instances": [
        {
          "index_key": "ingress_nodes_443",
          "schema_version": 2,
          "attributes": {
            "cidr_blocks": null,
            "description": "Node groups to cluster API",
            "from_port": 443,
            "id": "sgrule-3325602421",
            "ipv6_cidr_blocks": null,
            "prefix_list_ids": null,
            "protocol": "tcp",
            "security_group_id": "sg-073b2afd57e2a751a",
            "security_group_rule_id": "sgr-07e29463fd121fc64",
            "self": false,
            "source_security_group_id": "sg-073683be68706b1a1",
            "timeouts": null,
            "to_port": 443,
            "type": "ingress"
          },
          "sensitive_attributes": [],
          "private": "eyJlMmJmYjczMC1lY2FhLTExZTYtOGY4OC0zNDM2M2JjN2M0YzAiOnsiY3JlYXRlIjozMDAwMDAwMDAwMDB9LCJzY2hlbWFfdmVyc2lvbiI6IjIifQ==",
          "dependencies": [
            "module.eks.aws_security_group.cluster",
            "module.eks.aws_security_group.node",
            "module.vpc.aws_vpc.this"
          ],
          "create_before_destroy": true
        }
      ]
    },
    {
      "module": "module.eks",
      "mode": "managed",
      "type": "aws_security_group_rule",
      "name": "node",
      "provider": "provider[\"registry.terraform.io/hashicorp/aws\"]",
      "instances": [
        {
          "index_key": "egress_all",
          "schema_version": 2,
          "attributes": {
            "cidr_blocks": [
              "0.0.0.0/0"
            ],
            "description": "Allow all egress",
            "from_port": 0,
            "id": "sgrule-3069356890",
            "ipv6_cidr_blocks": null,
            "prefix_list_ids": [],
            "protocol": "-1",
            "security_group_id": "sg-073683be68706b1a1",
            "security_group_rule_id": "sgr-059ac3e0415c7ae31",
            "self": false,
            "source_security_group_id": null,
            "timeouts": null,
            "to_port": 0,
            "type": "egress"
          },
          "sensitive_attributes": [],
          "private": "eyJlMmJmYjczMC1lY2FhLTExZTYtOGY4OC0zNDM2M2JjN2M0YzAiOnsiY3JlYXRlIjozMDAwMDAwMDAwMDB9LCJzY2hlbWFfdmVyc2lvbiI6IjIifQ==",
          "dependencies": [
            "module.eks.aws_security_group.cluster",
            "module.eks.aws_security_group.node",
            "module.vpc.aws_vpc.this"
          ],
          "create_before_destroy": true
        },
        {
          "index_key": "ingress_cluster_443",
          "schema_version": 2,
          "attributes": {
            "cidr_blocks": null,
            "description": "Cluster API to node groups",
            "from_port": 443,
            "id": "sgrule-551012727",
            "ipv6_cidr_blocks": null,
            "prefix_list_ids": [],
            "protocol": "tcp",
            "security_group_id": "sg-073683be68706b1a1",
            "security_group_rule_id": "sgr-0360770317201816c",
            "self": false,
            "source_security_group_id": "sg-073b2afd57e2a751a",
            "timeouts": null,
            "to_port": 443,
            "type": "ingress"
          },
          "sensitive_attributes": [],
          "private": "eyJlMmJmYjczMC1lY2FhLTExZTYtOGY4OC0zNDM2M2JjN2M0YzAiOnsiY3JlYXRlIjozMDAwMDAwMDAwMDB9LCJzY2hlbWFfdmVyc2lvbiI6IjIifQ==",
          "dependencies": [
            "module.eks.aws_security_group.cluster",
            "module.eks.aws_security_group.node",
            "module.vpc.aws_vpc.this"
          ],
          "create_before_destroy": true
        },
        {
          "index_key": "ingress_cluster_4443_webhook",
          "schema_version": 2,
          "attributes": {
            "cidr_blocks": null,
            "description": "Cluster API to node 4443/tcp webhook",
            "from_port": 4443,
            "id": "sgrule-2252434026",
            "ipv6_cidr_blocks": null,
            "prefix_list_ids": [],
            "protocol": "tcp",
            "security_group_id": "sg-073683be68706b1a1",
            "security_group_rule_id": "sgr-0e0eb31b2c6772c31",
            "self": false,
            "source_security_group_id": "sg-073b2afd57e2a751a",
            "timeouts": null,
            "to_port": 4443,
            "type": "ingress"
          },
          "sensitive_attributes": [],
          "private": "eyJlMmJmYjczMC1lY2FhLTExZTYtOGY4OC0zNDM2M2JjN2M0YzAiOnsiY3JlYXRlIjozMDAwMDAwMDAwMDB9LCJzY2hlbWFfdmVyc2lvbiI6IjIifQ==",
          "dependencies": [
            "module.eks.aws_security_group.cluster",
            "module.eks.aws_security_group.node",
            "module.vpc.aws_vpc.this"
          ],
          "create_before_destroy": true
        },
        {
          "index_key": "ingress_cluster_6443_webhook",
          "schema_version": 2,
          "attributes": {
            "cidr_blocks": null,
            "description": "Cluster API to node 6443/tcp webhook",
            "from_port": 6443,
            "id": "sgrule-1325600252",
            "ipv6_cidr_blocks": null,
            "prefix_list_ids": [],
            "protocol": "tcp",
            "security_group_id": "sg-073683be68706b1a1",
            "security_group_rule_id": "sgr-0cb7003fd82bb472e",
            "self": false,
            "source_security_group_id": "sg-073b2afd57e2a751a",
            "timeouts": null,
            "to_port": 6443,
            "type": "ingress"
          },
          "sensitive_attributes": [],
          "private": "eyJlMmJmYjczMC1lY2FhLTExZTYtOGY4OC0zNDM2M2JjN2M0YzAiOnsiY3JlYXRlIjozMDAwMDAwMDAwMDB9LCJzY2hlbWFfdmVyc2lvbiI6IjIifQ==",
          "dependencies": [
            "module.eks.aws_security_group.cluster",
            "module.eks.aws_security_group.node",
            "module.vpc.aws_vpc.this"
          ],
          "create_before_destroy": true
        },
        {
          "index_key": "ingress_cluster_8443_webhook",
          "schema_version": 2,
          "attributes": {
            "cidr_blocks": null,
            "description": "Cluster API to node 8443/tcp webhook",
            "from_port": 8443,
            "id": "sgrule-1549742557",
            "ipv6_cidr_blocks": null,
            "prefix_list_ids": [],
            "protocol": "tcp",
            "security_group_id": "sg-073683be68706b1a1",
            "security_group_rule_id": "sgr-09f677e3221bd1729",
            "self": false,
            "source_security_group_id": "sg-073b2afd57e2a751a",
            "timeouts": null,
            "to_port": 8443,
            "type": "ingress"
          },
          "sensitive_attributes": [],
          "private": "eyJlMmJmYjczMC1lY2FhLTExZTYtOGY4OC0zNDM2M2JjN2M0YzAiOnsiY3JlYXRlIjozMDAwMDAwMDAwMDB9LCJzY2hlbWFfdmVyc2lvbiI6IjIifQ==",
          "dependencies": [
            "module.eks.aws_security_group.cluster",
            "module.eks.aws_security_group.node",
            "module.vpc.aws_vpc.this"
          ],
          "create_before_destroy": true
        },
        {
          "index_key": "ingress_cluster_9443_webhook",
          "schema_version": 2,
          "attributes": {
            "cidr_blocks": null,
            "description": "Cluster API to node 9443/tcp webhook",
            "from_port": 9443,
            "id": "sgrule-956170774",
            "ipv6_cidr_blocks": null,
            "prefix_list_ids": [],
            "protocol": "tcp",
            "security_group_id": "sg-073683be68706b1a1",
            "security_group_rule_id": "sgr-08afbb7d6091a0503",
            "self": false,
            "source_security_group_id": "sg-073b2afd57e2a751a",
            "timeouts": null,
            "to_port": 9443,
            "type": "ingress"
          },
          "sensitive_attributes": [],
          "private": "eyJlMmJmYjczMC1lY2FhLTExZTYtOGY4OC0zNDM2M2JjN2M0YzAiOnsiY3JlYXRlIjozMDAwMDAwMDAwMDB9LCJzY2hlbWFfdmVyc2lvbiI6IjIifQ==",
          "dependencies": [
            "module.eks.aws_security_group.cluster",
            "module.eks.aws_security_group.node",
            "module.vpc.aws_vpc.this"
          ],
          "create_before_destroy": true
        },
        {
          "index_key": "ingress_cluster_kubelet",
          "schema_version": 2,
          "attributes": {
            "cidr_blocks": null,
            "description": "Cluster API to node kubelets",
            "from_port": 10250,
            "id": "sgrule-2375320892",
            "ipv6_cidr_blocks": null,
            "prefix_list_ids": [],
            "protocol": "tcp",
            "security_group_id": "sg-073683be68706b1a1",
            "security_group_rule_id": "sgr-068deffb61088fc7e",
            "self": false,
            "source_security_group_id": "sg-073b2afd57e2a751a",
            "timeouts": null,
            "to_port": 10250,
            "type": "ingress"
          },
          "sensitive_attributes": [],
          "private": "eyJlMmJmYjczMC1lY2FhLTExZTYtOGY4OC0zNDM2M2JjN2M0YzAiOnsiY3JlYXRlIjozMDAwMDAwMDAwMDB9LCJzY2hlbWFfdmVyc2lvbiI6IjIifQ==",
          "dependencies": [
            "module.eks.aws_security_group.cluster",
            "module.eks.aws_security_group.node",
            "module.vpc.aws_vpc.this"
          ],
          "create_before_destroy": true
        },
        {
          "index_key": "ingress_nodes_ephemeral",
          "schema_version": 2,
          "attributes": {
            "cidr_blocks": null,
            "description": "Node to node ingress on ephemeral ports",
            "from_port": 1025,
            "id": "sgrule-2949852686",
            "ipv6_cidr_blocks": null,
            "prefix_list_ids": [],
            "protocol": "tcp",
            "security_group_id": "sg-073683be68706b1a1",
            "security_group_rule_id": "sgr-0831a9b196a26989d",
            "self": true,
            "source_security_group_id": null,
            "timeouts": null,
            "to_port": 65535,
            "type": "ingress"
          },
          "sensitive_attributes": [],
          "private": "eyJlMmJmYjczMC1lY2FhLTExZTYtOGY4OC0zNDM2M2JjN2M0YzAiOnsiY3JlYXRlIjozMDAwMDAwMDAwMDB9LCJzY2hlbWFfdmVyc2lvbiI6IjIifQ==",
          "dependencies": [
            "module.eks.aws_security_group.cluster",
            "module.eks.aws_security_group.node",
            "module.vpc.aws_vpc.this"
          ],
          "create_before_destroy": true
        },
        {
          "index_key": "ingress_self_coredns_tcp",
          "schema_version": 2,
          "attributes": {
            "cidr_blocks": null,
            "description": "Node to node CoreDNS",
            "from_port": 53,
            "id": "sgrule-1521429717",
            "ipv6_cidr_blocks": null,
            "prefix_list_ids": [],
            "protocol": "tcp",
            "security_group_id": "sg-073683be68706b1a1",
            "security_group_rule_id": "sgr-0772b98bd425a54cc",
            "self": true,
            "source_security_group_id": null,
            "timeouts": null,
            "to_port": 53,
            "type": "ingress"
          },
          "sensitive_attributes": [],
          "private": "eyJlMmJmYjczMC1lY2FhLTExZTYtOGY4OC0zNDM2M2JjN2M0YzAiOnsiY3JlYXRlIjozMDAwMDAwMDAwMDB9LCJzY2hlbWFfdmVyc2lvbiI6IjIifQ==",
          "dependencies": [
            "module.eks.aws_security_group.cluster",
            "module.eks.aws_security_group.node",
            "module.vpc.aws_vpc.this"
          ],
          "create_before_destroy": true
        },
        {
          "index_key": "ingress_self_coredns_udp",
          "schema_version": 2,
          "attributes": {
            "cidr_blocks": null,
            "description": "Node to node CoreDNS UDP",
            "from_port": 53,
            "id": "sgrule-4277178170",
            "ipv6_cidr_blocks": null,
            "prefix_list_ids": [],
            "protocol": "udp",
            "security_group_id": "sg-073683be68706b1a1",
            "security_group_rule_id": "sgr-041b562e0299cc03f",
            "self": true,
            "source_security_group_id": null,
            "timeouts": null,
            "to_port": 53,
            "type": "ingress"
          },
          "sensitive_attributes": [],
          "private": "eyJlMmJmYjczMC1lY2FhLTExZTYtOGY4OC0zNDM2M2JjN2M0YzAiOnsiY3JlYXRlIjozMDAwMDAwMDAwMDB9LCJzY2hlbWFfdmVyc2lvbiI6IjIifQ==",
          "dependencies": [
            "module.eks.aws_security_group.cluster",
            "module.eks.aws_security_group.node",
            "module.vpc.aws_vpc.this"
          ],
          "create_before_destroy": true
        }
      ]
    },
    {
      "module": "module.eks",
      "mode": "managed",
      "type": "time_sleep",
      "name": "this",
      "provider": "provider[\"registry.terraform.io/hashicorp/time\"]",
      "instances": [
        {
          "index_key": 0,
          "schema_version": 0,
          "attributes": {
            "create_duration": "30s",
            "destroy_duration": null,
            "id": "2024-10-03T05:22:27Z",
            "triggers": {
              "cluster_certificate_authority_data": "LS0tLS1CRUdJTiBDRVJUSUZJQ0FURS0tLS0tCk1JSURCVENDQWUyZ0F3SUJBZ0lJRFpiU2ZvSnc5R0V3RFFZSktvWklodmNOQVFFTEJRQXdGVEVUTUJFR0ExVUUKQXhNS2EzVmlaWEp1WlhSbGN6QWVGdzB5TkRFd01ETXdOVEV4TWpGYUZ3MHpOREV3TURFd05URTJNakZhTUJVeApFekFSQmdOVkJBTVRDbXQxWW1WeWJtVjBaWE13Z2dFaU1BMEdDU3FHU0liM0RRRUJBUVVBQTRJQkR3QXdnZ0VLCkFvSUJBUUMvZURSZmFDSVBpOXRvUUZUcUpBQzdSNDRmN0R2Q0o1MWk3czZVUFdjUGJGYXBiZGIzYnZmSS9iV2QKQzRjSTdscjZaZExUTE1Nd1J1YmFnMDBjdDN0MGVoSE83a1QvdmNNMldrcjIxaE9QWGNzdHlQQUpJT0pOZitEOAoyYWVvUmE2VzVISUMrczF1alJlbFFNV2YrSS9HRDVCbmZobXRQV0VxVnZIT2lqWDJWSldUcWtXbm1adng5TFQ3ClZDdThEQWRkMGh5N1R2dnQzRWRUTTZhOTlYUDVWc3p1SkFlM2lHQUtubGV3VlJoUHg5NkdEZGtadDBkclA5QisKMTdpTW9Rb21xM0trTE4vNDBjOE9TZ3FobXEyRmdVOFdmbWRRVi9sY0hXNmNnY1NFL3U3OTIyVjhVbEtndFBHagpicFBINU4xaThYbUtCYzZjTGQrVWtnVVRSMU96QWdNQkFBR2pXVEJYTUE0R0ExVWREd0VCL3dRRUF3SUNwREFQCkJnTlZIUk1CQWY4RUJUQURBUUgvTUIwR0ExVWREZ1FXQkJTaVpHelkzdGw1azRKYy83Z2EvQkJpVUI0dmFqQVYKQmdOVkhSRUVEakFNZ2dwcmRXSmxjbTVsZEdWek1BMEdDU3FHU0liM0RRRUJDd1VBQTRJQkFRQ3JseTU0MHg1dQpIanBJamM2ME9abEo4Q3JndUxQVko5a3FGSnUxOXdvYnhUU09hbVlEcTBMTmJGejYwREp1ZjV6ZFA0bUtVSklrCjdRaHdsQ0Yvc1FNdUJmd0tHZEdiM0p4SDVITjZnMCtaczZYcGduTngrRHlqOHVPZ0RhQkxFMk5veXFNY20wejAKeFdXa1NuM2tjMzdWeUxQclVES2lJbHd5U0RENElKSWoxZ1NHMkdnRXZmVFo3R1pzWkdsYlp6cHlYcEwwWThxRAozdmV6VXJTM2dyY3Bxc3o0dmREQ2EyUGh5cUVIUkUvcThVMXN0Q0Y2czJBeE5hdmlxTUVvZGZHeitLcGRWdVluCjR5QVg1dE9KcGVZMHRISkxJajJ5MDVRc2x0ckdmenJWcGFDN0piSnZNZjdRSHlpL2k0Y2pLdjcyU3FrVmM4N00KUE5ld2ZqeWI4SWhZCi0tLS0tRU5EIENFUlRJRklDQVRFLS0tLS0K",
              "cluster_endpoint": "https://FECF73D7A4F412F1718B270FFE8529D1.gr7.us-west-2.eks.amazonaws.com",
              "cluster_name": "saii",
              "cluster_service_cidr": "172.20.0.0/16",
              "cluster_version": "1.30"
            }
          },
          "sensitive_attributes": [],
          "dependencies": [
            "module.eks.aws_cloudwatch_log_group.this",
            "module.eks.aws_eks_cluster.this",
            "module.eks.aws_iam_policy.cni_ipv6_policy",
            "module.eks.aws_iam_role.this",
            "module.eks.aws_iam_role_policy_attachment.this",
            "module.eks.aws_security_group.cluster",
            "module.eks.aws_security_group.node",
            "module.eks.aws_security_group_rule.cluster",
            "module.eks.aws_security_group_rule.node",
            "module.eks.data.aws_caller_identity.current",
            "module.eks.data.aws_iam_policy_document.assume_role_policy",
            "module.eks.data.aws_iam_policy_document.cni_ipv6_policy",
            "module.eks.data.aws_iam_session_context.current",
            "module.eks.data.aws_partition.current",
            "module.eks.module.kms.aws_kms_external_key.this",
            "module.eks.module.kms.aws_kms_key.this",
            "module.eks.module.kms.aws_kms_replica_external_key.this",
            "module.eks.module.kms.aws_kms_replica_key.this",
            "module.eks.module.kms.data.aws_caller_identity.current",
            "module.eks.module.kms.data.aws_iam_policy_document.this",
            "module.eks.module.kms.data.aws_partition.current",
            "module.vpc.aws_subnet.intra",
            "module.vpc.aws_subnet.private",
            "module.vpc.aws_vpc.this",
            "module.vpc.aws_vpc_ipv4_cidr_block_association.this"
          ],
          "create_before_destroy": true
        }
      ]
    },
    {
      "module": "module.eks.module.eks_managed_node_group[\"karpenter\"]",
      "mode": "data",
      "type": "aws_caller_identity",
      "name": "current",
      "provider": "provider[\"registry.terraform.io/hashicorp/aws\"]",
      "instances": [
        {
          "schema_version": 0,
          "attributes": {
            "account_id": "882027629355",
            "arn": "arn:aws:iam::882027629355:user/saivarun",
            "id": "882027629355",
            "user_id": "AIDA42XHRRMVRNTXCEVRR"
          },
          "sensitive_attributes": []
        }
      ]
    },
    {
      "module": "module.eks.module.eks_managed_node_group[\"karpenter\"]",
      "mode": "data",
      "type": "aws_iam_policy_document",
      "name": "assume_role_policy",
      "provider": "provider[\"registry.terraform.io/hashicorp/aws\"]",
      "instances": [
        {
          "index_key": 0,
          "schema_version": 0,
          "attributes": {
            "id": "2560088296",
            "json": "{\n  \"Version\": \"2012-10-17\",\n  \"Statement\": [\n    {\n      \"Sid\": \"EKSNodeAssumeRole\",\n      \"Effect\": \"Allow\",\n      \"Action\": \"sts:AssumeRole\",\n      \"Principal\": {\n        \"Service\": \"ec2.amazonaws.com\"\n      }\n    }\n  ]\n}",
            "minified_json": "{\"Version\":\"2012-10-17\",\"Statement\":[{\"Sid\":\"EKSNodeAssumeRole\",\"Effect\":\"Allow\",\"Action\":\"sts:AssumeRole\",\"Principal\":{\"Service\":\"ec2.amazonaws.com\"}}]}",
            "override_json": null,
            "override_policy_documents": null,
            "policy_id": null,
            "source_json": null,
            "source_policy_documents": null,
            "statement": [
              {
                "actions": [
                  "sts:AssumeRole"
                ],
                "condition": [],
                "effect": "Allow",
                "not_actions": [],
                "not_principals": [],
                "not_resources": [],
                "principals": [
                  {
                    "identifiers": [
                      "ec2.amazonaws.com"
                    ],
                    "type": "Service"
                  }
                ],
                "resources": [],
                "sid": "EKSNodeAssumeRole"
              }
            ],
            "version": "2012-10-17"
          },
          "sensitive_attributes": []
        }
      ]
    },
    {
      "module": "module.eks.module.eks_managed_node_group[\"karpenter\"]",
      "mode": "data",
      "type": "aws_partition",
      "name": "current",
      "provider": "provider[\"registry.terraform.io/hashicorp/aws\"]",
      "instances": [
        {
          "schema_version": 0,
          "attributes": {
            "dns_suffix": "amazonaws.com",
            "id": "aws",
            "partition": "aws",
            "reverse_dns_prefix": "com.amazonaws"
          },
          "sensitive_attributes": []
        }
      ]
    },
    {
      "module": "module.eks.module.eks_managed_node_group[\"karpenter\"]",
      "mode": "managed",
      "type": "aws_eks_node_group",
      "name": "this",
      "provider": "provider[\"registry.terraform.io/hashicorp/aws\"]",
      "instances": [
        {
          "index_key": 0,
          "schema_version": 0,
          "attributes": {
            "ami_type": "AL2023_x86_64_STANDARD",
            "arn": "arn:aws:eks:us-west-2:882027629355:nodegroup/saii/karpenter-20241003071407384700000001/88c9289d-4d2d-a632-66c2-d0ae9564409e",
            "capacity_type": "ON_DEMAND",
            "cluster_name": "saii",
            "disk_size": 0,
            "force_update_version": null,
            "id": "saii:karpenter-20241003071407384700000001",
            "instance_types": [
              "t3.medium"
            ],
            "labels": null,
            "launch_template": [
              {
                "id": "lt-01f51da209ab570a2",
                "name": "karpenter-2024100305222806090000001b",
                "version": "2"
              }
            ],
            "node_group_name": "karpenter-20241003071407384700000001",
            "node_group_name_prefix": "karpenter-",
            "node_role_arn": "arn:aws:iam::882027629355:role/karpenter-eks-node-group-20241003051023776000000002",
            "release_version": "1.30.4-20240928",
            "remote_access": [],
            "resources": [
              {
                "autoscaling_groups": [
                  {
                    "name": "eks-karpenter-20241003071407384700000001-88c9289d-4d2d-a632-66c2-d0ae9564409e"
                  }
                ],
                "remote_access_security_group_id": ""
              }
            ],
            "scaling_config": [
              {
                "desired_size": 3,
                "max_size": 5,
                "min_size": 2
              }
            ],
            "status": "ACTIVE",
            "subnet_ids": [
              "subnet-00c89940b82da97cf",
              "subnet-04b3564b7e1d6e92d",
              "subnet-0bb7258c288d38b96"
            ],
            "tags": {
              "Name": "karpenter"
            },
            "tags_all": {
              "Name": "karpenter"
            },
            "taint": [
              {
                "effect": "NO_SCHEDULE",
                "key": "CriticalAddonsOnly",
                "value": "true"
              }
            ],
            "timeouts": {
              "create": null,
              "delete": null,
              "update": null
            },
            "update_config": [
              {
                "max_unavailable": 0,
                "max_unavailable_percentage": 33
              }
            ],
            "version": "1.30"
          },
          "sensitive_attributes": [],
          "private": "eyJlMmJmYjczMC1lY2FhLTExZTYtOGY4OC0zNDM2M2JjN2M0YzAiOnsiY3JlYXRlIjozNjAwMDAwMDAwMDAwLCJkZWxldGUiOjM2MDAwMDAwMDAwMDAsInVwZGF0ZSI6MzYwMDAwMDAwMDAwMH19",
          "dependencies": [
            "module.eks.aws_cloudwatch_log_group.this",
            "module.eks.aws_eks_cluster.this",
            "module.eks.aws_iam_policy.cni_ipv6_policy",
            "module.eks.aws_iam_role.this",
            "module.eks.aws_iam_role_policy_attachment.this",
            "module.eks.aws_security_group.cluster",
            "module.eks.aws_security_group.node",
            "module.eks.aws_security_group_rule.cluster",
            "module.eks.aws_security_group_rule.node",
            "module.eks.data.aws_caller_identity.current",
            "module.eks.data.aws_iam_policy_document.assume_role_policy",
            "module.eks.data.aws_iam_policy_document.cni_ipv6_policy",
            "module.eks.data.aws_iam_session_context.current",
            "module.eks.data.aws_partition.current",
            "module.eks.module.eks_managed_node_group.aws_iam_role.this",
            "module.eks.module.eks_managed_node_group.aws_iam_role_policy_attachment.additional",
            "module.eks.module.eks_managed_node_group.aws_iam_role_policy_attachment.this",
            "module.eks.module.eks_managed_node_group.aws_launch_template.this",
            "module.eks.module.eks_managed_node_group.aws_placement_group.this",
            "module.eks.module.eks_managed_node_group.data.aws_caller_identity.current",
            "module.eks.module.eks_managed_node_group.data.aws_ec2_instance_type.this",
            "module.eks.module.eks_managed_node_group.data.aws_ec2_instance_type_offerings.this",
            "module.eks.module.eks_managed_node_group.data.aws_iam_policy_document.assume_role_policy",
            "module.eks.module.eks_managed_node_group.data.aws_partition.current",
            "module.eks.module.eks_managed_node_group.data.aws_ssm_parameter.ami",
            "module.eks.module.eks_managed_node_group.data.aws_subnets.placement_group",
            "module.eks.module.eks_managed_node_group.module.user_data.data.cloudinit_config.al2023_eks_managed_node_group",
            "module.eks.module.eks_managed_node_group.module.user_data.data.cloudinit_config.linux_eks_managed_node_group",
            "module.eks.module.kms.aws_kms_external_key.this",
            "module.eks.module.kms.aws_kms_key.this",
            "module.eks.module.kms.aws_kms_replica_external_key.this",
            "module.eks.module.kms.aws_kms_replica_key.this",
            "module.eks.module.kms.data.aws_caller_identity.current",
            "module.eks.module.kms.data.aws_iam_policy_document.this",
            "module.eks.module.kms.data.aws_partition.current",
            "module.eks.time_sleep.this",
            "module.vpc.aws_subnet.intra",
            "module.vpc.aws_subnet.private",
            "module.vpc.aws_vpc.this",
            "module.vpc.aws_vpc_ipv4_cidr_block_association.this"
          ],
          "create_before_destroy": true
        }
      ]
    },
    {
      "module": "module.eks.module.eks_managed_node_group[\"karpenter\"]",
      "mode": "managed",
      "type": "aws_iam_role",
      "name": "this",
      "provider": "provider[\"registry.terraform.io/hashicorp/aws\"]",
      "instances": [
        {
          "index_key": 0,
          "schema_version": 0,
          "attributes": {
            "arn": "arn:aws:iam::882027629355:role/karpenter-eks-node-group-20241003051023776000000002",
            "assume_role_policy": "{\"Statement\":[{\"Action\":\"sts:AssumeRole\",\"Effect\":\"Allow\",\"Principal\":{\"Service\":\"ec2.amazonaws.com\"},\"Sid\":\"EKSNodeAssumeRole\"}],\"Version\":\"2012-10-17\"}",
            "create_date": "2024-10-03T05:10:24Z",
            "description": "EKS managed node group IAM role",
            "force_detach_policies": true,
            "id": "karpenter-eks-node-group-20241003051023776000000002",
            "inline_policy": [],
            "managed_policy_arns": [
              "arn:aws:iam::aws:policy/AmazonEC2ContainerRegistryReadOnly",
              "arn:aws:iam::aws:policy/AmazonEKSWorkerNodePolicy",
              "arn:aws:iam::aws:policy/AmazonEKS_CNI_Policy"
            ],
            "max_session_duration": 3600,
            "name": "karpenter-eks-node-group-20241003051023776000000002",
            "name_prefix": "karpenter-eks-node-group-",
            "path": "/",
            "permissions_boundary": "",
            "tags": {},
            "tags_all": {},
            "unique_id": "AROA42XHRRMVUUESKTRNW"
          },
          "sensitive_attributes": [],
          "private": "bnVsbA==",
          "dependencies": [
            "module.eks.module.eks_managed_node_group.data.aws_iam_policy_document.assume_role_policy"
          ],
          "create_before_destroy": true
        }
      ]
    },
    {
      "module": "module.eks.module.eks_managed_node_group[\"karpenter\"]",
      "mode": "managed",
      "type": "aws_iam_role_policy_attachment",
      "name": "this",
      "provider": "provider[\"registry.terraform.io/hashicorp/aws\"]",
      "instances": [
        {
          "index_key": "AmazonEC2ContainerRegistryReadOnly",
          "schema_version": 0,
          "attributes": {
            "id": "karpenter-eks-node-group-20241003051023776000000002-20241003051026014400000006",
            "policy_arn": "arn:aws:iam::aws:policy/AmazonEC2ContainerRegistryReadOnly",
            "role": "karpenter-eks-node-group-20241003051023776000000002"
          },
          "sensitive_attributes": [],
          "private": "bnVsbA==",
          "dependencies": [
            "module.eks.module.eks_managed_node_group.aws_iam_role.this",
            "module.eks.module.eks_managed_node_group.data.aws_caller_identity.current",
            "module.eks.module.eks_managed_node_group.data.aws_iam_policy_document.assume_role_policy",
            "module.eks.module.eks_managed_node_group.data.aws_partition.current"
          ],
          "create_before_destroy": true
        },
        {
          "index_key": "AmazonEKSWorkerNodePolicy",
          "schema_version": 0,
          "attributes": {
            "id": "karpenter-eks-node-group-20241003051023776000000002-20241003051025850900000005",
            "policy_arn": "arn:aws:iam::aws:policy/AmazonEKSWorkerNodePolicy",
            "role": "karpenter-eks-node-group-20241003051023776000000002"
          },
          "sensitive_attributes": [],
          "private": "bnVsbA==",
          "dependencies": [
            "module.eks.module.eks_managed_node_group.aws_iam_role.this",
            "module.eks.module.eks_managed_node_group.data.aws_caller_identity.current",
            "module.eks.module.eks_managed_node_group.data.aws_iam_policy_document.assume_role_policy",
            "module.eks.module.eks_managed_node_group.data.aws_partition.current"
          ],
          "create_before_destroy": true
        },
        {
          "index_key": "AmazonEKS_CNI_Policy",
          "schema_version": 0,
          "attributes": {
            "id": "karpenter-eks-node-group-20241003051023776000000002-20241003051025848800000004",
            "policy_arn": "arn:aws:iam::aws:policy/AmazonEKS_CNI_Policy",
            "role": "karpenter-eks-node-group-20241003051023776000000002"
          },
          "sensitive_attributes": [],
          "private": "bnVsbA==",
          "dependencies": [
            "module.eks.module.eks_managed_node_group.aws_iam_role.this",
            "module.eks.module.eks_managed_node_group.data.aws_caller_identity.current",
            "module.eks.module.eks_managed_node_group.data.aws_iam_policy_document.assume_role_policy",
            "module.eks.module.eks_managed_node_group.data.aws_partition.current"
          ],
          "create_before_destroy": true
        }
      ]
    },
    {
      "module": "module.eks.module.eks_managed_node_group[\"karpenter\"]",
      "mode": "managed",
      "type": "aws_launch_template",
      "name": "this",
      "provider": "provider[\"registry.terraform.io/hashicorp/aws\"]",
      "instances": [
        {
          "index_key": 0,
          "schema_version": 0,
          "attributes": {
            "arn": "arn:aws:ec2:us-west-2:882027629355:launch-template/lt-01f51da209ab570a2",
            "block_device_mappings": [],
            "capacity_reservation_specification": [],
            "cpu_options": [],
            "credit_specification": [],
            "default_version": 2,
            "description": "Custom launch template for karpenter EKS managed node group",
            "disable_api_stop": false,
            "disable_api_termination": false,
            "ebs_optimized": "",
            "elastic_gpu_specifications": [],
            "elastic_inference_accelerator": [],
            "enclave_options": [],
            "hibernation_options": [],
            "iam_instance_profile": [],
            "id": "lt-01f51da209ab570a2",
            "image_id": "",
            "instance_initiated_shutdown_behavior": "",
            "instance_market_options": [],
            "instance_requirements": [],
            "instance_type": "",
            "kernel_id": "",
            "key_name": "",
            "latest_version": 2,
            "license_specification": [],
            "maintenance_options": [],
            "metadata_options": [
              {
                "http_endpoint": "enabled",
                "http_protocol_ipv6": "",
                "http_put_response_hop_limit": 2,
                "http_tokens": "required",
                "instance_metadata_tags": ""
              }
            ],
            "monitoring": [
              {
                "enabled": true
              }
            ],
            "name": "karpenter-2024100305222806090000001b",
            "name_prefix": "karpenter-",
            "network_interfaces": [],
            "placement": [],
            "private_dns_name_options": [],
            "ram_disk_id": "",
            "security_group_names": [],
            "tag_specifications": [
              {
                "resource_type": "instance",
                "tags": {
                  "Name": "karpenter"
                }
              },
              {
                "resource_type": "network-interface",
                "tags": {
                  "Name": "karpenter"
                }
              },
              {
                "resource_type": "volume",
                "tags": {
                  "Name": "karpenter"
                }
              }
            ],
            "tags": {},
            "tags_all": {},
            "update_default_version": true,
            "user_data": "",
            "vpc_security_group_ids": [
              "sg-073683be68706b1a1"
            ]
          },
          "sensitive_attributes": [],
          "private": "bnVsbA==",
          "dependencies": [
            "module.eks.aws_cloudwatch_log_group.this",
            "module.eks.aws_eks_cluster.this",
            "module.eks.aws_iam_policy.cni_ipv6_policy",
            "module.eks.aws_iam_role.this",
            "module.eks.aws_iam_role_policy_attachment.this",
            "module.eks.aws_security_group.cluster",
            "module.eks.aws_security_group.node",
            "module.eks.aws_security_group_rule.cluster",
            "module.eks.aws_security_group_rule.node",
            "module.eks.data.aws_caller_identity.current",
            "module.eks.data.aws_iam_policy_document.assume_role_policy",
            "module.eks.data.aws_iam_policy_document.cni_ipv6_policy",
            "module.eks.data.aws_iam_session_context.current",
            "module.eks.data.aws_partition.current",
            "module.eks.module.eks_managed_node_group.aws_iam_role.this",
            "module.eks.module.eks_managed_node_group.aws_iam_role_policy_attachment.additional",
            "module.eks.module.eks_managed_node_group.aws_iam_role_policy_attachment.this",
            "module.eks.module.eks_managed_node_group.aws_placement_group.this",
            "module.eks.module.eks_managed_node_group.data.aws_caller_identity.current",
            "module.eks.module.eks_managed_node_group.data.aws_ec2_instance_type.this",
            "module.eks.module.eks_managed_node_group.data.aws_iam_policy_document.assume_role_policy",
            "module.eks.module.eks_managed_node_group.data.aws_partition.current",
            "module.eks.module.eks_managed_node_group.module.user_data.data.cloudinit_config.al2023_eks_managed_node_group",
            "module.eks.module.eks_managed_node_group.module.user_data.data.cloudinit_config.linux_eks_managed_node_group",
            "module.eks.module.kms.aws_kms_external_key.this",
            "module.eks.module.kms.aws_kms_key.this",
            "module.eks.module.kms.aws_kms_replica_external_key.this",
            "module.eks.module.kms.aws_kms_replica_key.this",
            "module.eks.module.kms.data.aws_caller_identity.current",
            "module.eks.module.kms.data.aws_iam_policy_document.this",
            "module.eks.module.kms.data.aws_partition.current",
            "module.eks.time_sleep.this",
            "module.vpc.aws_subnet.intra",
            "module.vpc.aws_subnet.private",
            "module.vpc.aws_vpc.this",
            "module.vpc.aws_vpc_ipv4_cidr_block_association.this"
          ],
          "create_before_destroy": true
        }
      ]
    },
    {
      "module": "module.eks.module.eks_managed_node_group[\"karpenter\"].module.user_data",
      "mode": "managed",
      "type": "null_resource",
      "name": "validate_cluster_service_cidr",
      "provider": "provider[\"registry.terraform.io/hashicorp/null\"]",
      "instances": [
        {
          "schema_version": 0,
          "attributes": {
            "id": "1441504144536782851",
            "triggers": null
          },
          "sensitive_attributes": [],
          "dependencies": [
            "module.eks.aws_cloudwatch_log_group.this",
            "module.eks.aws_eks_cluster.this",
            "module.eks.aws_iam_policy.cni_ipv6_policy",
            "module.eks.aws_iam_role.this",
            "module.eks.aws_iam_role_policy_attachment.this",
            "module.eks.aws_security_group.cluster",
            "module.eks.aws_security_group.node",
            "module.eks.aws_security_group_rule.cluster",
            "module.eks.aws_security_group_rule.node",
            "module.eks.data.aws_caller_identity.current",
            "module.eks.data.aws_iam_policy_document.assume_role_policy",
            "module.eks.data.aws_iam_policy_document.cni_ipv6_policy",
            "module.eks.data.aws_iam_session_context.current",
            "module.eks.data.aws_partition.current",
            "module.eks.module.kms.aws_kms_external_key.this",
            "module.eks.module.kms.aws_kms_key.this",
            "module.eks.module.kms.aws_kms_replica_external_key.this",
            "module.eks.module.kms.aws_kms_replica_key.this",
            "module.eks.module.kms.data.aws_caller_identity.current",
            "module.eks.module.kms.data.aws_iam_policy_document.this",
            "module.eks.module.kms.data.aws_partition.current",
            "module.eks.time_sleep.this",
            "module.vpc.aws_subnet.intra",
            "module.vpc.aws_subnet.private",
            "module.vpc.aws_vpc.this",
            "module.vpc.aws_vpc_ipv4_cidr_block_association.this"
          ]
        }
      ]
    },
    {
      "module": "module.eks.module.kms",
      "mode": "data",
      "type": "aws_caller_identity",
      "name": "current",
      "provider": "provider[\"registry.terraform.io/hashicorp/aws\"]",
      "instances": [
        {
          "index_key": 0,
          "schema_version": 0,
          "attributes": {
            "account_id": "882027629355",
            "arn": "arn:aws:iam::882027629355:user/saivarun",
            "id": "882027629355",
            "user_id": "AIDA42XHRRMVRNTXCEVRR"
          },
          "sensitive_attributes": []
        }
      ]
    },
    {
      "module": "module.eks.module.kms",
      "mode": "data",
      "type": "aws_iam_policy_document",
      "name": "this",
      "provider": "provider[\"registry.terraform.io/hashicorp/aws\"]",
      "instances": [
        {
          "index_key": 0,
          "schema_version": 0,
          "attributes": {
            "id": "1601723685",
            "json": "{\n  \"Version\": \"2012-10-17\",\n  \"Statement\": [\n    {\n      \"Sid\": \"Default\",\n      \"Effect\": \"Allow\",\n      \"Action\": \"kms:*\",\n      \"Resource\": \"*\",\n      \"Principal\": {\n        \"AWS\": \"arn:aws:iam::882027629355:root\"\n      }\n    },\n    {\n      \"Sid\": \"KeyAdministration\",\n      \"Effect\": \"Allow\",\n      \"Action\": [\n        \"kms:Update*\",\n        \"kms:UntagResource\",\n        \"kms:TagResource\",\n        \"kms:ScheduleKeyDeletion\",\n        \"kms:Revoke*\",\n        \"kms:ReplicateKey\",\n        \"kms:Put*\",\n        \"kms:List*\",\n        \"kms:ImportKeyMaterial\",\n        \"kms:Get*\",\n        \"kms:Enable*\",\n        \"kms:Disable*\",\n        \"kms:Describe*\",\n        \"kms:Delete*\",\n        \"kms:Create*\",\n        \"kms:CancelKeyDeletion\"\n      ],\n      \"Resource\": \"*\",\n      \"Principal\": {\n        \"AWS\": \"arn:aws:iam::882027629355:user/saivarun\"\n      }\n    },\n    {\n      \"Sid\": \"KeyUsage\",\n      \"Effect\": \"Allow\",\n      \"Action\": [\n        \"kms:ReEncrypt*\",\n        \"kms:GenerateDataKey*\",\n        \"kms:Encrypt\",\n        \"kms:DescribeKey\",\n        \"kms:Decrypt\"\n      ],\n      \"Resource\": \"*\",\n      \"Principal\": {\n        \"AWS\": \"arn:aws:iam::882027629355:role/saii-cluster-20241003051023782900000003\"\n      }\n    }\n  ]\n}",
            "minified_json": "{\"Version\":\"2012-10-17\",\"Statement\":[{\"Sid\":\"Default\",\"Effect\":\"Allow\",\"Action\":\"kms:*\",\"Resource\":\"*\",\"Principal\":{\"AWS\":\"arn:aws:iam::882027629355:root\"}},{\"Sid\":\"KeyAdministration\",\"Effect\":\"Allow\",\"Action\":[\"kms:Update*\",\"kms:UntagResource\",\"kms:TagResource\",\"kms:ScheduleKeyDeletion\",\"kms:Revoke*\",\"kms:ReplicateKey\",\"kms:Put*\",\"kms:List*\",\"kms:ImportKeyMaterial\",\"kms:Get*\",\"kms:Enable*\",\"kms:Disable*\",\"kms:Describe*\",\"kms:Delete*\",\"kms:Create*\",\"kms:CancelKeyDeletion\"],\"Resource\":\"*\",\"Principal\":{\"AWS\":\"arn:aws:iam::882027629355:user/saivarun\"}},{\"Sid\":\"KeyUsage\",\"Effect\":\"Allow\",\"Action\":[\"kms:ReEncrypt*\",\"kms:GenerateDataKey*\",\"kms:Encrypt\",\"kms:DescribeKey\",\"kms:Decrypt\"],\"Resource\":\"*\",\"Principal\":{\"AWS\":\"arn:aws:iam::882027629355:role/saii-cluster-20241003051023782900000003\"}}]}",
            "override_json": null,
            "override_policy_documents": null,
            "policy_id": null,
            "source_json": null,
            "source_policy_documents": null,
            "statement": [
              {
                "actions": [
                  "kms:*"
                ],
                "condition": [],
                "effect": "Allow",
                "not_actions": [],
                "not_principals": [],
                "not_resources": [],
                "principals": [
                  {
                    "identifiers": [
                      "arn:aws:iam::882027629355:root"
                    ],
                    "type": "AWS"
                  }
                ],
                "resources": [
                  "*"
                ],
                "sid": "Default"
              },
              {
                "actions": [
                  "kms:CancelKeyDeletion",
                  "kms:Create*",
                  "kms:Delete*",
                  "kms:Describe*",
                  "kms:Disable*",
                  "kms:Enable*",
                  "kms:Get*",
                  "kms:ImportKeyMaterial",
                  "kms:List*",
                  "kms:Put*",
                  "kms:ReplicateKey",
                  "kms:Revoke*",
                  "kms:ScheduleKeyDeletion",
                  "kms:TagResource",
                  "kms:UntagResource",
                  "kms:Update*"
                ],
                "condition": [],
                "effect": "Allow",
                "not_actions": [],
                "not_principals": [],
                "not_resources": [],
                "principals": [
                  {
                    "identifiers": [
                      "arn:aws:iam::882027629355:user/saivarun"
                    ],
                    "type": "AWS"
                  }
                ],
                "resources": [
                  "*"
                ],
                "sid": "KeyAdministration"
              },
              {
                "actions": [
                  "kms:Decrypt",
                  "kms:DescribeKey",
                  "kms:Encrypt",
                  "kms:GenerateDataKey*",
                  "kms:ReEncrypt*"
                ],
                "condition": [],
                "effect": "Allow",
                "not_actions": [],
                "not_principals": [],
                "not_resources": [],
                "principals": [
                  {
                    "identifiers": [
                      "arn:aws:iam::882027629355:role/saii-cluster-20241003051023782900000003"
                    ],
                    "type": "AWS"
                  }
                ],
                "resources": [
                  "*"
                ],
                "sid": "KeyUsage"
              }
            ],
            "version": "2012-10-17"
          },
          "sensitive_attributes": []
        }
      ]
    },
    {
      "module": "module.eks.module.kms",
      "mode": "data",
      "type": "aws_partition",
      "name": "current",
      "provider": "provider[\"registry.terraform.io/hashicorp/aws\"]",
      "instances": [
        {
          "index_key": 0,
          "schema_version": 0,
          "attributes": {
            "dns_suffix": "amazonaws.com",
            "id": "aws",
            "partition": "aws",
            "reverse_dns_prefix": "com.amazonaws"
          },
          "sensitive_attributes": []
        }
      ]
    },
    {
      "module": "module.eks.module.kms",
      "mode": "managed",
      "type": "aws_kms_alias",
      "name": "this",
      "provider": "provider[\"registry.terraform.io/hashicorp/aws\"]",
      "instances": [
        {
          "index_key": "cluster",
          "schema_version": 0,
          "attributes": {
            "arn": "arn:aws:kms:us-west-2:882027629355:alias/eks/saii",
            "id": "alias/eks/saii",
            "name": "alias/eks/saii",
            "name_prefix": "",
            "target_key_arn": "arn:aws:kms:us-west-2:882027629355:key/599a621a-cad6-4ebf-9460-07418a480cea",
            "target_key_id": "599a621a-cad6-4ebf-9460-07418a480cea"
          },
          "sensitive_attributes": [],
          "private": "bnVsbA==",
          "dependencies": [
            "module.eks.aws_iam_role.this",
            "module.eks.data.aws_caller_identity.current",
            "module.eks.data.aws_iam_policy_document.assume_role_policy",
            "module.eks.data.aws_iam_session_context.current",
            "module.eks.module.kms.aws_kms_external_key.this",
            "module.eks.module.kms.aws_kms_key.this",
            "module.eks.module.kms.aws_kms_replica_external_key.this",
            "module.eks.module.kms.aws_kms_replica_key.this",
            "module.eks.module.kms.data.aws_caller_identity.current",
            "module.eks.module.kms.data.aws_iam_policy_document.this",
            "module.eks.module.kms.data.aws_partition.current"
          ]
        }
      ]
    },
    {
      "module": "module.eks.module.kms",
      "mode": "managed",
      "type": "aws_kms_key",
      "name": "this",
      "provider": "provider[\"registry.terraform.io/hashicorp/aws\"]",
      "instances": [
        {
          "index_key": 0,
          "schema_version": 0,
          "attributes": {
            "arn": "arn:aws:kms:us-west-2:882027629355:key/599a621a-cad6-4ebf-9460-07418a480cea",
            "bypass_policy_lockout_safety_check": false,
            "custom_key_store_id": "",
            "customer_master_key_spec": "SYMMETRIC_DEFAULT",
            "deletion_window_in_days": null,
            "description": "saii cluster encryption key",
            "enable_key_rotation": true,
            "id": "599a621a-cad6-4ebf-9460-07418a480cea",
            "is_enabled": true,
            "key_id": "599a621a-cad6-4ebf-9460-07418a480cea",
            "key_usage": "ENCRYPT_DECRYPT",
            "multi_region": false,
            "policy": "{\"Statement\":[{\"Action\":\"kms:*\",\"Effect\":\"Allow\",\"Principal\":{\"AWS\":\"arn:aws:iam::882027629355:root\"},\"Resource\":\"*\",\"Sid\":\"Default\"},{\"Action\":[\"kms:Update*\",\"kms:UntagResource\",\"kms:TagResource\",\"kms:ScheduleKeyDeletion\",\"kms:Revoke*\",\"kms:ReplicateKey\",\"kms:Put*\",\"kms:List*\",\"kms:ImportKeyMaterial\",\"kms:Get*\",\"kms:Enable*\",\"kms:Disable*\",\"kms:Describe*\",\"kms:Delete*\",\"kms:Create*\",\"kms:CancelKeyDeletion\"],\"Effect\":\"Allow\",\"Principal\":{\"AWS\":\"arn:aws:iam::882027629355:user/saivarun\"},\"Resource\":\"*\",\"Sid\":\"KeyAdministration\"},{\"Action\":[\"kms:ReEncrypt*\",\"kms:GenerateDataKey*\",\"kms:Encrypt\",\"kms:DescribeKey\",\"kms:Decrypt\"],\"Effect\":\"Allow\",\"Principal\":{\"AWS\":\"arn:aws:iam::882027629355:role/saii-cluster-20241003051023782900000003\"},\"Resource\":\"*\",\"Sid\":\"KeyUsage\"}],\"Version\":\"2012-10-17\"}",
            "rotation_period_in_days": 365,
            "tags": {
              "terraform-aws-modules": "eks"
            },
            "tags_all": {
              "terraform-aws-modules": "eks"
            },
            "timeouts": null,
            "xks_key_id": ""
          },
          "sensitive_attributes": [],
          "private": "eyJlMmJmYjczMC1lY2FhLTExZTYtOGY4OC0zNDM2M2JjN2M0YzAiOnsiY3JlYXRlIjoxMjAwMDAwMDAwMDB9fQ==",
          "dependencies": [
            "module.eks.aws_iam_role.this",
            "module.eks.data.aws_caller_identity.current",
            "module.eks.data.aws_iam_policy_document.assume_role_policy",
            "module.eks.data.aws_iam_session_context.current",
            "module.eks.module.kms.data.aws_caller_identity.current",
            "module.eks.module.kms.data.aws_iam_policy_document.this",
            "module.eks.module.kms.data.aws_partition.current"
          ],
          "create_before_destroy": true
        }
      ]
    },
    {
      "module": "module.karpenter",
      "mode": "data",
      "type": "aws_caller_identity",
      "name": "current",
      "provider": "provider[\"registry.terraform.io/hashicorp/aws\"]",
      "instances": [
        {
          "schema_version": 0,
          "attributes": {
            "account_id": "882027629355",
            "arn": "arn:aws:iam::882027629355:user/saivarun",
            "id": "882027629355",
            "user_id": "AIDA42XHRRMVRNTXCEVRR"
          },
          "sensitive_attributes": []
        }
      ]
    },
    {
      "module": "module.karpenter",
      "mode": "data",
      "type": "aws_iam_policy_document",
      "name": "controller",
      "provider": "provider[\"registry.terraform.io/hashicorp/aws\"]",
      "instances": [
        {
          "index_key": 0,
          "schema_version": 0,
          "attributes": {
            "id": "3634812948",
            "json": "{\n  \"Version\": \"2012-10-17\",\n  \"Statement\": [\n    {\n      \"Sid\": \"AllowScopedEC2InstanceAccessActions\",\n      \"Effect\": \"Allow\",\n      \"Action\": [\n        \"ec2:RunInstances\",\n        \"ec2:CreateFleet\"\n      ],\n      \"Resource\": [\n        \"arn:aws:ec2:us-west-2::snapshot/*\",\n        \"arn:aws:ec2:us-west-2::image/*\",\n        \"arn:aws:ec2:us-west-2:*:subnet/*\",\n        \"arn:aws:ec2:us-west-2:*:security-group/*\"\n      ]\n    },\n    {\n      \"Sid\": \"AllowScopedEC2LaunchTemplateAccessActions\",\n      \"Effect\": \"Allow\",\n      \"Action\": [\n        \"ec2:RunInstances\",\n        \"ec2:CreateFleet\"\n      ],\n      \"Resource\": \"arn:aws:ec2:us-west-2:*:launch-template/*\",\n      \"Condition\": {\n        \"StringEquals\": {\n          \"aws:ResourceTag/kubernetes.io/cluster/saii\": \"owned\"\n        },\n        \"StringLike\": {\n          \"aws:ResourceTag/karpenter.sh/nodepool\": \"*\"\n        }\n      }\n    },\n    {\n      \"Sid\": \"AllowScopedEC2InstanceActionsWithTags\",\n      \"Effect\": \"Allow\",\n      \"Action\": [\n        \"ec2:RunInstances\",\n        \"ec2:CreateLaunchTemplate\",\n        \"ec2:CreateFleet\"\n      ],\n      \"Resource\": [\n        \"arn:aws:ec2:us-west-2:*:volume/*\",\n        \"arn:aws:ec2:us-west-2:*:spot-instances-request/*\",\n        \"arn:aws:ec2:us-west-2:*:network-interface/*\",\n        \"arn:aws:ec2:us-west-2:*:launch-template/*\",\n        \"arn:aws:ec2:us-west-2:*:instance/*\",\n        \"arn:aws:ec2:us-west-2:*:fleet/*\"\n      ],\n      \"Condition\": {\n        \"StringEquals\": {\n          \"aws:RequestTag/eks:eks-cluster-name\": \"saii\",\n          \"aws:RequestTag/kubernetes.io/cluster/saii\": \"owned\"\n        },\n        \"StringLike\": {\n          \"aws:RequestTag/karpenter.sh/nodepool\": \"*\"\n        }\n      }\n    },\n    {\n      \"Sid\": \"AllowScopedResourceCreationTagging\",\n      \"Effect\": \"Allow\",\n      \"Action\": \"ec2:CreateTags\",\n      \"Resource\": [\n        \"arn:aws:ec2:us-west-2:*:volume/*\",\n        \"arn:aws:ec2:us-west-2:*:spot-instances-request/*\",\n        \"arn:aws:ec2:us-west-2:*:network-interface/*\",\n        \"arn:aws:ec2:us-west-2:*:launch-template/*\",\n        \"arn:aws:ec2:us-west-2:*:instance/*\",\n        \"arn:aws:ec2:us-west-2:*:fleet/*\"\n      ],\n      \"Condition\": {\n        \"StringEquals\": {\n          \"aws:RequestTag/eks:eks-cluster-name\": \"saii\",\n          \"aws:RequestTag/kubernetes.io/cluster/saii\": \"owned\",\n          \"ec2:CreateAction\": [\n            \"RunInstances\",\n            \"CreateFleet\",\n            \"CreateLaunchTemplate\"\n          ]\n        },\n        \"StringLike\": {\n          \"aws:RequestTag/karpenter.sh/nodepool\": \"*\"\n        }\n      }\n    },\n    {\n      \"Sid\": \"AllowScopedResourceTagging\",\n      \"Effect\": \"Allow\",\n      \"Action\": \"ec2:CreateTags\",\n      \"Resource\": \"arn:aws:ec2:us-west-2:*:instance/*\",\n      \"Condition\": {\n        \"ForAllValues:StringEquals\": {\n          \"aws:TagKeys\": [\n            \"eks:eks-cluster-name\",\n            \"karpenter.sh/nodeclaim\",\n            \"Name\"\n          ]\n        },\n        \"StringEquals\": {\n          \"aws:ResourceTag/kubernetes.io/cluster/saii\": \"owned\"\n        },\n        \"StringEqualsIfExists\": {\n          \"aws:RequestTag/eks:eks-cluster-name\": \"saii\"\n        },\n        \"StringLike\": {\n          \"aws:ResourceTag/karpenter.sh/nodepool\": \"*\"\n        }\n      }\n    },\n    {\n      \"Sid\": \"AllowScopedDeletion\",\n      \"Effect\": \"Allow\",\n      \"Action\": [\n        \"ec2:TerminateInstances\",\n        \"ec2:DeleteLaunchTemplate\"\n      ],\n      \"Resource\": [\n        \"arn:aws:ec2:us-west-2:*:launch-template/*\",\n        \"arn:aws:ec2:us-west-2:*:instance/*\"\n      ],\n      \"Condition\": {\n        \"StringEquals\": {\n          \"aws:ResourceTag/kubernetes.io/cluster/saii\": \"owned\"\n        },\n        \"StringLike\": {\n          \"aws:ResourceTag/karpenter.sh/nodepool\": \"*\"\n        }\n      }\n    },\n    {\n      \"Sid\": \"AllowRegionalReadActions\",\n      \"Effect\": \"Allow\",\n      \"Action\": [\n        \"ec2:DescribeSubnets\",\n        \"ec2:DescribeSpotPriceHistory\",\n        \"ec2:DescribeSecurityGroups\",\n        \"ec2:DescribeLaunchTemplates\",\n        \"ec2:DescribeInstances\",\n        \"ec2:DescribeInstanceTypes\",\n        \"ec2:DescribeInstanceTypeOfferings\",\n        \"ec2:DescribeImages\",\n        \"ec2:DescribeAvailabilityZones\"\n      ],\n      \"Resource\": \"*\",\n      \"Condition\": {\n        \"StringEquals\": {\n          \"aws:RequestedRegion\": \"us-west-2\"\n        }\n      }\n    },\n    {\n      \"Sid\": \"AllowSSMReadActions\",\n      \"Effect\": \"Allow\",\n      \"Action\": \"ssm:GetParameter\",\n      \"Resource\": \"arn:aws:ssm:us-west-2::parameter/aws/service/*\"\n    },\n    {\n      \"Sid\": \"AllowPricingReadActions\",\n      \"Effect\": \"Allow\",\n      \"Action\": \"pricing:GetProducts\",\n      \"Resource\": \"*\"\n    },\n    {\n      \"Sid\": \"AllowInterruptionQueueActions\",\n      \"Effect\": \"Allow\",\n      \"Action\": [\n        \"sqs:ReceiveMessage\",\n        \"sqs:GetQueueUrl\",\n        \"sqs:DeleteMessage\"\n      ],\n      \"Resource\": \"arn:aws:sqs:us-west-2:882027629355:Karpenter-saii\"\n    },\n    {\n      \"Sid\": \"AllowPassingInstanceRole\",\n      \"Effect\": \"Allow\",\n      \"Action\": \"iam:PassRole\",\n      \"Resource\": \"arn:aws:iam::882027629355:role/Karpenter-saii-20241003052200411500000016\",\n      \"Condition\": {\n        \"StringEquals\": {\n          \"iam:PassedToService\": \"ec2.amazonaws.com\"\n        }\n      }\n    },\n    {\n      \"Sid\": \"AllowScopedInstanceProfileCreationActions\",\n      \"Effect\": \"Allow\",\n      \"Action\": \"iam:CreateInstanceProfile\",\n      \"Resource\": \"arn:aws:iam::882027629355:instance-profile/*\",\n      \"Condition\": {\n        \"StringEquals\": {\n          \"aws:RequestTag/eks:eks-cluster-name\": \"saii\",\n          \"aws:RequestTag/kubernetes.io/cluster/saii\": \"owned\",\n          \"aws:RequestTag/topology.kubernetes.io/region\": \"us-west-2\"\n        },\n        \"StringLike\": {\n          \"aws:RequestTag/karpenter.k8s.aws/ec2nodeclass\": \"*\"\n        }\n      }\n    },\n    {\n      \"Sid\": \"AllowScopedInstanceProfileTagActions\",\n      \"Effect\": \"Allow\",\n      \"Action\": \"iam:TagInstanceProfile\",\n      \"Resource\": \"arn:aws:iam::882027629355:instance-profile/*\",\n      \"Condition\": {\n        \"StringEquals\": {\n          \"aws:RequestTag/eks:eks-cluster-name\": \"saii\",\n          \"aws:RequestTag/kubernetes.io/cluster/saii\": \"owned\",\n          \"aws:RequestTag/topology.kubernetes.io/region\": \"us-west-2\",\n          \"aws:ResourceTag/kubernetes.io/cluster/saii\": \"owned\",\n          \"aws:ResourceTag/topology.kubernetes.io/region\": \"us-west-2\"\n        },\n        \"StringLike\": {\n          \"aws:RequestTag/karpenter.k8s.aws/ec2nodeclass\": \"*\",\n          \"aws:ResourceTag/karpenter.k8s.aws/ec2nodeclass\": \"*\"\n        }\n      }\n    },\n    {\n      \"Sid\": \"AllowScopedInstanceProfileActions\",\n      \"Effect\": \"Allow\",\n      \"Action\": [\n        \"iam:RemoveRoleFromInstanceProfile\",\n        \"iam:DeleteInstanceProfile\",\n        \"iam:AddRoleToInstanceProfile\"\n      ],\n      \"Resource\": \"arn:aws:iam::882027629355:instance-profile/*\",\n      \"Condition\": {\n        \"StringEquals\": {\n          \"aws:ResourceTag/kubernetes.io/cluster/saii\": \"owned\",\n          \"aws:ResourceTag/topology.kubernetes.io/region\": \"us-west-2\"\n        },\n        \"StringLike\": {\n          \"aws:ResourceTag/karpenter.k8s.aws/ec2nodeclass\": \"*\"\n        }\n      }\n    },\n    {\n      \"Sid\": \"AllowInstanceProfileReadActions\",\n      \"Effect\": \"Allow\",\n      \"Action\": \"iam:GetInstanceProfile\",\n      \"Resource\": \"arn:aws:iam::882027629355:instance-profile/*\"\n    },\n    {\n      \"Sid\": \"AllowAPIServerEndpointDiscovery\",\n      \"Effect\": \"Allow\",\n      \"Action\": \"eks:DescribeCluster\",\n      \"Resource\": \"arn:aws:eks:us-west-2:882027629355:cluster/saii\"\n    }\n  ]\n}",
            "minified_json": "{\"Version\":\"2012-10-17\",\"Statement\":[{\"Sid\":\"AllowScopedEC2InstanceAccessActions\",\"Effect\":\"Allow\",\"Action\":[\"ec2:RunInstances\",\"ec2:CreateFleet\"],\"Resource\":[\"arn:aws:ec2:us-west-2::snapshot/*\",\"arn:aws:ec2:us-west-2::image/*\",\"arn:aws:ec2:us-west-2:*:subnet/*\",\"arn:aws:ec2:us-west-2:*:security-group/*\"]},{\"Sid\":\"AllowScopedEC2LaunchTemplateAccessActions\",\"Effect\":\"Allow\",\"Action\":[\"ec2:RunInstances\",\"ec2:CreateFleet\"],\"Resource\":\"arn:aws:ec2:us-west-2:*:launch-template/*\",\"Condition\":{\"StringEquals\":{\"aws:ResourceTag/kubernetes.io/cluster/saii\":\"owned\"},\"StringLike\":{\"aws:ResourceTag/karpenter.sh/nodepool\":\"*\"}}},{\"Sid\":\"AllowScopedEC2InstanceActionsWithTags\",\"Effect\":\"Allow\",\"Action\":[\"ec2:RunInstances\",\"ec2:CreateLaunchTemplate\",\"ec2:CreateFleet\"],\"Resource\":[\"arn:aws:ec2:us-west-2:*:volume/*\",\"arn:aws:ec2:us-west-2:*:spot-instances-request/*\",\"arn:aws:ec2:us-west-2:*:network-interface/*\",\"arn:aws:ec2:us-west-2:*:launch-template/*\",\"arn:aws:ec2:us-west-2:*:instance/*\",\"arn:aws:ec2:us-west-2:*:fleet/*\"],\"Condition\":{\"StringEquals\":{\"aws:RequestTag/eks:eks-cluster-name\":\"saii\",\"aws:RequestTag/kubernetes.io/cluster/saii\":\"owned\"},\"StringLike\":{\"aws:RequestTag/karpenter.sh/nodepool\":\"*\"}}},{\"Sid\":\"AllowScopedResourceCreationTagging\",\"Effect\":\"Allow\",\"Action\":\"ec2:CreateTags\",\"Resource\":[\"arn:aws:ec2:us-west-2:*:volume/*\",\"arn:aws:ec2:us-west-2:*:spot-instances-request/*\",\"arn:aws:ec2:us-west-2:*:network-interface/*\",\"arn:aws:ec2:us-west-2:*:launch-template/*\",\"arn:aws:ec2:us-west-2:*:instance/*\",\"arn:aws:ec2:us-west-2:*:fleet/*\"],\"Condition\":{\"StringEquals\":{\"aws:RequestTag/eks:eks-cluster-name\":\"saii\",\"aws:RequestTag/kubernetes.io/cluster/saii\":\"owned\",\"ec2:CreateAction\":[\"RunInstances\",\"CreateFleet\",\"CreateLaunchTemplate\"]},\"StringLike\":{\"aws:RequestTag/karpenter.sh/nodepool\":\"*\"}}},{\"Sid\":\"AllowScopedResourceTagging\",\"Effect\":\"Allow\",\"Action\":\"ec2:CreateTags\",\"Resource\":\"arn:aws:ec2:us-west-2:*:instance/*\",\"Condition\":{\"ForAllValues:StringEquals\":{\"aws:TagKeys\":[\"eks:eks-cluster-name\",\"karpenter.sh/nodeclaim\",\"Name\"]},\"StringEquals\":{\"aws:ResourceTag/kubernetes.io/cluster/saii\":\"owned\"},\"StringEqualsIfExists\":{\"aws:RequestTag/eks:eks-cluster-name\":\"saii\"},\"StringLike\":{\"aws:ResourceTag/karpenter.sh/nodepool\":\"*\"}}},{\"Sid\":\"AllowScopedDeletion\",\"Effect\":\"Allow\",\"Action\":[\"ec2:TerminateInstances\",\"ec2:DeleteLaunchTemplate\"],\"Resource\":[\"arn:aws:ec2:us-west-2:*:launch-template/*\",\"arn:aws:ec2:us-west-2:*:instance/*\"],\"Condition\":{\"StringEquals\":{\"aws:ResourceTag/kubernetes.io/cluster/saii\":\"owned\"},\"StringLike\":{\"aws:ResourceTag/karpenter.sh/nodepool\":\"*\"}}},{\"Sid\":\"AllowRegionalReadActions\",\"Effect\":\"Allow\",\"Action\":[\"ec2:DescribeSubnets\",\"ec2:DescribeSpotPriceHistory\",\"ec2:DescribeSecurityGroups\",\"ec2:DescribeLaunchTemplates\",\"ec2:DescribeInstances\",\"ec2:DescribeInstanceTypes\",\"ec2:DescribeInstanceTypeOfferings\",\"ec2:DescribeImages\",\"ec2:DescribeAvailabilityZones\"],\"Resource\":\"*\",\"Condition\":{\"StringEquals\":{\"aws:RequestedRegion\":\"us-west-2\"}}},{\"Sid\":\"AllowSSMReadActions\",\"Effect\":\"Allow\",\"Action\":\"ssm:GetParameter\",\"Resource\":\"arn:aws:ssm:us-west-2::parameter/aws/service/*\"},{\"Sid\":\"AllowPricingReadActions\",\"Effect\":\"Allow\",\"Action\":\"pricing:GetProducts\",\"Resource\":\"*\"},{\"Sid\":\"AllowInterruptionQueueActions\",\"Effect\":\"Allow\",\"Action\":[\"sqs:ReceiveMessage\",\"sqs:GetQueueUrl\",\"sqs:DeleteMessage\"],\"Resource\":\"arn:aws:sqs:us-west-2:882027629355:Karpenter-saii\"},{\"Sid\":\"AllowPassingInstanceRole\",\"Effect\":\"Allow\",\"Action\":\"iam:PassRole\",\"Resource\":\"arn:aws:iam::882027629355:role/Karpenter-saii-20241003052200411500000016\",\"Condition\":{\"StringEquals\":{\"iam:PassedToService\":\"ec2.amazonaws.com\"}}},{\"Sid\":\"AllowScopedInstanceProfileCreationActions\",\"Effect\":\"Allow\",\"Action\":\"iam:CreateInstanceProfile\",\"Resource\":\"arn:aws:iam::882027629355:instance-profile/*\",\"Condition\":{\"StringEquals\":{\"aws:RequestTag/eks:eks-cluster-name\":\"saii\",\"aws:RequestTag/kubernetes.io/cluster/saii\":\"owned\",\"aws:RequestTag/topology.kubernetes.io/region\":\"us-west-2\"},\"StringLike\":{\"aws:RequestTag/karpenter.k8s.aws/ec2nodeclass\":\"*\"}}},{\"Sid\":\"AllowScopedInstanceProfileTagActions\",\"Effect\":\"Allow\",\"Action\":\"iam:TagInstanceProfile\",\"Resource\":\"arn:aws:iam::882027629355:instance-profile/*\",\"Condition\":{\"StringEquals\":{\"aws:RequestTag/eks:eks-cluster-name\":\"saii\",\"aws:RequestTag/kubernetes.io/cluster/saii\":\"owned\",\"aws:RequestTag/topology.kubernetes.io/region\":\"us-west-2\",\"aws:ResourceTag/kubernetes.io/cluster/saii\":\"owned\",\"aws:ResourceTag/topology.kubernetes.io/region\":\"us-west-2\"},\"StringLike\":{\"aws:RequestTag/karpenter.k8s.aws/ec2nodeclass\":\"*\",\"aws:ResourceTag/karpenter.k8s.aws/ec2nodeclass\":\"*\"}}},{\"Sid\":\"AllowScopedInstanceProfileActions\",\"Effect\":\"Allow\",\"Action\":[\"iam:RemoveRoleFromInstanceProfile\",\"iam:DeleteInstanceProfile\",\"iam:AddRoleToInstanceProfile\"],\"Resource\":\"arn:aws:iam::882027629355:instance-profile/*\",\"Condition\":{\"StringEquals\":{\"aws:ResourceTag/kubernetes.io/cluster/saii\":\"owned\",\"aws:ResourceTag/topology.kubernetes.io/region\":\"us-west-2\"},\"StringLike\":{\"aws:ResourceTag/karpenter.k8s.aws/ec2nodeclass\":\"*\"}}},{\"Sid\":\"AllowInstanceProfileReadActions\",\"Effect\":\"Allow\",\"Action\":\"iam:GetInstanceProfile\",\"Resource\":\"arn:aws:iam::882027629355:instance-profile/*\"},{\"Sid\":\"AllowAPIServerEndpointDiscovery\",\"Effect\":\"Allow\",\"Action\":\"eks:DescribeCluster\",\"Resource\":\"arn:aws:eks:us-west-2:882027629355:cluster/saii\"}]}",
            "override_json": null,
            "override_policy_documents": null,
            "policy_id": null,
            "source_json": null,
            "source_policy_documents": [
              "{\n  \"Version\": \"2012-10-17\",\n  \"Statement\": [\n    {\n      \"Sid\": \"AllowScopedEC2InstanceAccessActions\",\n      \"Effect\": \"Allow\",\n      \"Action\": [\n        \"ec2:RunInstances\",\n        \"ec2:CreateFleet\"\n      ],\n      \"Resource\": [\n        \"arn:aws:ec2:us-west-2::snapshot/*\",\n        \"arn:aws:ec2:us-west-2::image/*\",\n        \"arn:aws:ec2:us-west-2:*:subnet/*\",\n        \"arn:aws:ec2:us-west-2:*:security-group/*\"\n      ]\n    },\n    {\n      \"Sid\": \"AllowScopedEC2LaunchTemplateAccessActions\",\n      \"Effect\": \"Allow\",\n      \"Action\": [\n        \"ec2:RunInstances\",\n        \"ec2:CreateFleet\"\n      ],\n      \"Resource\": \"arn:aws:ec2:us-west-2:*:launch-template/*\",\n      \"Condition\": {\n        \"StringEquals\": {\n          \"aws:ResourceTag/kubernetes.io/cluster/saii\": \"owned\"\n        },\n        \"StringLike\": {\n          \"aws:ResourceTag/karpenter.sh/nodepool\": \"*\"\n        }\n      }\n    },\n    {\n      \"Sid\": \"AllowScopedEC2InstanceActionsWithTags\",\n      \"Effect\": \"Allow\",\n      \"Action\": [\n        \"ec2:RunInstances\",\n        \"ec2:CreateLaunchTemplate\",\n        \"ec2:CreateFleet\"\n      ],\n      \"Resource\": [\n        \"arn:aws:ec2:us-west-2:*:volume/*\",\n        \"arn:aws:ec2:us-west-2:*:spot-instances-request/*\",\n        \"arn:aws:ec2:us-west-2:*:network-interface/*\",\n        \"arn:aws:ec2:us-west-2:*:launch-template/*\",\n        \"arn:aws:ec2:us-west-2:*:instance/*\",\n        \"arn:aws:ec2:us-west-2:*:fleet/*\"\n      ],\n      \"Condition\": {\n        \"StringEquals\": {\n          \"aws:RequestTag/eks:eks-cluster-name\": \"saii\",\n          \"aws:RequestTag/kubernetes.io/cluster/saii\": \"owned\"\n        },\n        \"StringLike\": {\n          \"aws:RequestTag/karpenter.sh/nodepool\": \"*\"\n        }\n      }\n    },\n    {\n      \"Sid\": \"AllowScopedResourceCreationTagging\",\n      \"Effect\": \"Allow\",\n      \"Action\": \"ec2:CreateTags\",\n      \"Resource\": [\n        \"arn:aws:ec2:us-west-2:*:volume/*\",\n        \"arn:aws:ec2:us-west-2:*:spot-instances-request/*\",\n        \"arn:aws:ec2:us-west-2:*:network-interface/*\",\n        \"arn:aws:ec2:us-west-2:*:launch-template/*\",\n        \"arn:aws:ec2:us-west-2:*:instance/*\",\n        \"arn:aws:ec2:us-west-2:*:fleet/*\"\n      ],\n      \"Condition\": {\n        \"StringEquals\": {\n          \"aws:RequestTag/eks:eks-cluster-name\": \"saii\",\n          \"aws:RequestTag/kubernetes.io/cluster/saii\": \"owned\",\n          \"ec2:CreateAction\": [\n            \"RunInstances\",\n            \"CreateFleet\",\n            \"CreateLaunchTemplate\"\n          ]\n        },\n        \"StringLike\": {\n          \"aws:RequestTag/karpenter.sh/nodepool\": \"*\"\n        }\n      }\n    },\n    {\n      \"Sid\": \"AllowScopedResourceTagging\",\n      \"Effect\": \"Allow\",\n      \"Action\": \"ec2:CreateTags\",\n      \"Resource\": \"arn:aws:ec2:us-west-2:*:instance/*\",\n      \"Condition\": {\n        \"ForAllValues:StringEquals\": {\n          \"aws:TagKeys\": [\n            \"eks:eks-cluster-name\",\n            \"karpenter.sh/nodeclaim\",\n            \"Name\"\n          ]\n        },\n        \"StringEquals\": {\n          \"aws:ResourceTag/kubernetes.io/cluster/saii\": \"owned\"\n        },\n        \"StringEqualsIfExists\": {\n          \"aws:RequestTag/eks:eks-cluster-name\": \"saii\"\n        },\n        \"StringLike\": {\n          \"aws:ResourceTag/karpenter.sh/nodepool\": \"*\"\n        }\n      }\n    },\n    {\n      \"Sid\": \"AllowScopedDeletion\",\n      \"Effect\": \"Allow\",\n      \"Action\": [\n        \"ec2:TerminateInstances\",\n        \"ec2:DeleteLaunchTemplate\"\n      ],\n      \"Resource\": [\n        \"arn:aws:ec2:us-west-2:*:launch-template/*\",\n        \"arn:aws:ec2:us-west-2:*:instance/*\"\n      ],\n      \"Condition\": {\n        \"StringEquals\": {\n          \"aws:ResourceTag/kubernetes.io/cluster/saii\": \"owned\"\n        },\n        \"StringLike\": {\n          \"aws:ResourceTag/karpenter.sh/nodepool\": \"*\"\n        }\n      }\n    },\n    {\n      \"Sid\": \"AllowRegionalReadActions\",\n      \"Effect\": \"Allow\",\n      \"Action\": [\n        \"ec2:DescribeSubnets\",\n        \"ec2:DescribeSpotPriceHistory\",\n        \"ec2:DescribeSecurityGroups\",\n        \"ec2:DescribeLaunchTemplates\",\n        \"ec2:DescribeInstances\",\n        \"ec2:DescribeInstanceTypes\",\n        \"ec2:DescribeInstanceTypeOfferings\",\n        \"ec2:DescribeImages\",\n        \"ec2:DescribeAvailabilityZones\"\n      ],\n      \"Resource\": \"*\",\n      \"Condition\": {\n        \"StringEquals\": {\n          \"aws:RequestedRegion\": \"us-west-2\"\n        }\n      }\n    },\n    {\n      \"Sid\": \"AllowSSMReadActions\",\n      \"Effect\": \"Allow\",\n      \"Action\": \"ssm:GetParameter\",\n      \"Resource\": \"arn:aws:ssm:us-west-2::parameter/aws/service/*\"\n    },\n    {\n      \"Sid\": \"AllowPricingReadActions\",\n      \"Effect\": \"Allow\",\n      \"Action\": \"pricing:GetProducts\",\n      \"Resource\": \"*\"\n    },\n    {\n      \"Sid\": \"AllowInterruptionQueueActions\",\n      \"Effect\": \"Allow\",\n      \"Action\": [\n        \"sqs:ReceiveMessage\",\n        \"sqs:GetQueueUrl\",\n        \"sqs:DeleteMessage\"\n      ],\n      \"Resource\": \"arn:aws:sqs:us-west-2:882027629355:Karpenter-saii\"\n    },\n    {\n      \"Sid\": \"AllowPassingInstanceRole\",\n      \"Effect\": \"Allow\",\n      \"Action\": \"iam:PassRole\",\n      \"Resource\": \"arn:aws:iam::882027629355:role/Karpenter-saii-20241003052200411500000016\",\n      \"Condition\": {\n        \"StringEquals\": {\n          \"iam:PassedToService\": \"ec2.amazonaws.com\"\n        }\n      }\n    },\n    {\n      \"Sid\": \"AllowScopedInstanceProfileCreationActions\",\n      \"Effect\": \"Allow\",\n      \"Action\": \"iam:CreateInstanceProfile\",\n      \"Resource\": \"arn:aws:iam::882027629355:instance-profile/*\",\n      \"Condition\": {\n        \"StringEquals\": {\n          \"aws:RequestTag/eks:eks-cluster-name\": \"saii\",\n          \"aws:RequestTag/kubernetes.io/cluster/saii\": \"owned\",\n          \"aws:RequestTag/topology.kubernetes.io/region\": \"us-west-2\"\n        },\n        \"StringLike\": {\n          \"aws:RequestTag/karpenter.k8s.aws/ec2nodeclass\": \"*\"\n        }\n      }\n    },\n    {\n      \"Sid\": \"AllowScopedInstanceProfileTagActions\",\n      \"Effect\": \"Allow\",\n      \"Action\": \"iam:TagInstanceProfile\",\n      \"Resource\": \"arn:aws:iam::882027629355:instance-profile/*\",\n      \"Condition\": {\n        \"StringEquals\": {\n          \"aws:RequestTag/eks:eks-cluster-name\": \"saii\",\n          \"aws:RequestTag/kubernetes.io/cluster/saii\": \"owned\",\n          \"aws:RequestTag/topology.kubernetes.io/region\": \"us-west-2\",\n          \"aws:ResourceTag/kubernetes.io/cluster/saii\": \"owned\",\n          \"aws:ResourceTag/topology.kubernetes.io/region\": \"us-west-2\"\n        },\n        \"StringLike\": {\n          \"aws:RequestTag/karpenter.k8s.aws/ec2nodeclass\": \"*\",\n          \"aws:ResourceTag/karpenter.k8s.aws/ec2nodeclass\": \"*\"\n        }\n      }\n    },\n    {\n      \"Sid\": \"AllowScopedInstanceProfileActions\",\n      \"Effect\": \"Allow\",\n      \"Action\": [\n        \"iam:RemoveRoleFromInstanceProfile\",\n        \"iam:DeleteInstanceProfile\",\n        \"iam:AddRoleToInstanceProfile\"\n      ],\n      \"Resource\": \"arn:aws:iam::882027629355:instance-profile/*\",\n      \"Condition\": {\n        \"StringEquals\": {\n          \"aws:ResourceTag/kubernetes.io/cluster/saii\": \"owned\",\n          \"aws:ResourceTag/topology.kubernetes.io/region\": \"us-west-2\"\n        },\n        \"StringLike\": {\n          \"aws:ResourceTag/karpenter.k8s.aws/ec2nodeclass\": \"*\"\n        }\n      }\n    },\n    {\n      \"Sid\": \"AllowInstanceProfileReadActions\",\n      \"Effect\": \"Allow\",\n      \"Action\": \"iam:GetInstanceProfile\",\n      \"Resource\": \"arn:aws:iam::882027629355:instance-profile/*\"\n    },\n    {\n      \"Sid\": \"AllowAPIServerEndpointDiscovery\",\n      \"Effect\": \"Allow\",\n      \"Action\": \"eks:DescribeCluster\",\n      \"Resource\": \"arn:aws:eks:us-west-2:882027629355:cluster/saii\"\n    }\n  ]\n}"
            ],
            "statement": null,
            "version": "2012-10-17"
          },
          "sensitive_attributes": []
        }
      ]
    },
    {
      "module": "module.karpenter",
      "mode": "data",
      "type": "aws_iam_policy_document",
      "name": "controller_assume_role",
      "provider": "provider[\"registry.terraform.io/hashicorp/aws\"]",
      "instances": [
        {
          "index_key": 0,
          "schema_version": 0,
          "attributes": {
            "id": "819195744",
            "json": "{\n  \"Version\": \"2012-10-17\",\n  \"Statement\": [\n    {\n      \"Effect\": \"Allow\",\n      \"Action\": [\n        \"sts:TagSession\",\n        \"sts:AssumeRole\"\n      ],\n      \"Principal\": {\n        \"Service\": \"pods.eks.amazonaws.com\"\n      }\n    }\n  ]\n}",
            "minified_json": "{\"Version\":\"2012-10-17\",\"Statement\":[{\"Effect\":\"Allow\",\"Action\":[\"sts:TagSession\",\"sts:AssumeRole\"],\"Principal\":{\"Service\":\"pods.eks.amazonaws.com\"}}]}",
            "override_json": null,
            "override_policy_documents": null,
            "policy_id": null,
            "source_json": null,
            "source_policy_documents": null,
            "statement": [
              {
                "actions": [
                  "sts:AssumeRole",
                  "sts:TagSession"
                ],
                "condition": [],
                "effect": "Allow",
                "not_actions": [],
                "not_principals": [],
                "not_resources": [],
                "principals": [
                  {
                    "identifiers": [
                      "pods.eks.amazonaws.com"
                    ],
                    "type": "Service"
                  }
                ],
                "resources": [],
                "sid": ""
              }
            ],
            "version": "2012-10-17"
          },
          "sensitive_attributes": []
        }
      ]
    },
    {
      "module": "module.karpenter",
      "mode": "data",
      "type": "aws_iam_policy_document",
      "name": "node_assume_role",
      "provider": "provider[\"registry.terraform.io/hashicorp/aws\"]",
      "instances": [
        {
          "index_key": 0,
          "schema_version": 0,
          "attributes": {
            "id": "2560088296",
            "json": "{\n  \"Version\": \"2012-10-17\",\n  \"Statement\": [\n    {\n      \"Sid\": \"EKSNodeAssumeRole\",\n      \"Effect\": \"Allow\",\n      \"Action\": \"sts:AssumeRole\",\n      \"Principal\": {\n        \"Service\": \"ec2.amazonaws.com\"\n      }\n    }\n  ]\n}",
            "minified_json": "{\"Version\":\"2012-10-17\",\"Statement\":[{\"Sid\":\"EKSNodeAssumeRole\",\"Effect\":\"Allow\",\"Action\":\"sts:AssumeRole\",\"Principal\":{\"Service\":\"ec2.amazonaws.com\"}}]}",
            "override_json": null,
            "override_policy_documents": null,
            "policy_id": null,
            "source_json": null,
            "source_policy_documents": null,
            "statement": [
              {
                "actions": [
                  "sts:AssumeRole"
                ],
                "condition": [],
                "effect": "Allow",
                "not_actions": [],
                "not_principals": [],
                "not_resources": [],
                "principals": [
                  {
                    "identifiers": [
                      "ec2.amazonaws.com"
                    ],
                    "type": "Service"
                  }
                ],
                "resources": [],
                "sid": "EKSNodeAssumeRole"
              }
            ],
            "version": "2012-10-17"
          },
          "sensitive_attributes": []
        }
      ]
    },
    {
      "module": "module.karpenter",
      "mode": "data",
      "type": "aws_iam_policy_document",
      "name": "queue",
      "provider": "provider[\"registry.terraform.io/hashicorp/aws\"]",
      "instances": [
        {
          "index_key": 0,
          "schema_version": 0,
          "attributes": {
            "id": "2491201851",
            "json": "{\n  \"Version\": \"2012-10-17\",\n  \"Statement\": [\n    {\n      \"Sid\": \"SqsWrite\",\n      \"Effect\": \"Allow\",\n      \"Action\": \"sqs:SendMessage\",\n      \"Resource\": \"arn:aws:sqs:us-west-2:882027629355:Karpenter-saii\",\n      \"Principal\": {\n        \"Service\": [\n          \"sqs.amazonaws.com\",\n          \"events.amazonaws.com\"\n        ]\n      }\n    },\n    {\n      \"Sid\": \"DenyHTTP\",\n      \"Effect\": \"Deny\",\n      \"Action\": \"sqs:*\",\n      \"Resource\": \"arn:aws:sqs:us-west-2:882027629355:Karpenter-saii\",\n      \"Principal\": \"*\",\n      \"Condition\": {\n        \"StringEquals\": {\n          \"aws:SecureTransport\": \"false\"\n        }\n      }\n    }\n  ]\n}",
            "minified_json": "{\"Version\":\"2012-10-17\",\"Statement\":[{\"Sid\":\"SqsWrite\",\"Effect\":\"Allow\",\"Action\":\"sqs:SendMessage\",\"Resource\":\"arn:aws:sqs:us-west-2:882027629355:Karpenter-saii\",\"Principal\":{\"Service\":[\"sqs.amazonaws.com\",\"events.amazonaws.com\"]}},{\"Sid\":\"DenyHTTP\",\"Effect\":\"Deny\",\"Action\":\"sqs:*\",\"Resource\":\"arn:aws:sqs:us-west-2:882027629355:Karpenter-saii\",\"Principal\":\"*\",\"Condition\":{\"StringEquals\":{\"aws:SecureTransport\":\"false\"}}}]}",
            "override_json": null,
            "override_policy_documents": null,
            "policy_id": null,
            "source_json": null,
            "source_policy_documents": null,
            "statement": [
              {
                "actions": [
                  "sqs:SendMessage"
                ],
                "condition": [],
                "effect": "Allow",
                "not_actions": [],
                "not_principals": [],
                "not_resources": [],
                "principals": [
                  {
                    "identifiers": [
                      "events.amazonaws.com",
                      "sqs.amazonaws.com"
                    ],
                    "type": "Service"
                  }
                ],
                "resources": [
                  "arn:aws:sqs:us-west-2:882027629355:Karpenter-saii"
                ],
                "sid": "SqsWrite"
              },
              {
                "actions": [
                  "sqs:*"
                ],
                "condition": [
                  {
                    "test": "StringEquals",
                    "values": [
                      "false"
                    ],
                    "variable": "aws:SecureTransport"
                  }
                ],
                "effect": "Deny",
                "not_actions": [],
                "not_principals": [],
                "not_resources": [],
                "principals": [
                  {
                    "identifiers": [
                      "*"
                    ],
                    "type": "*"
                  }
                ],
                "resources": [
                  "arn:aws:sqs:us-west-2:882027629355:Karpenter-saii"
                ],
                "sid": "DenyHTTP"
              }
            ],
            "version": "2012-10-17"
          },
          "sensitive_attributes": []
        }
      ]
    },
    {
      "module": "module.karpenter",
      "mode": "data",
      "type": "aws_iam_policy_document",
      "name": "v033",
      "provider": "provider[\"registry.terraform.io/hashicorp/aws\"]",
      "instances": [
        {
          "index_key": 0,
          "schema_version": 0,
          "attributes": {
            "id": "1223440707",
            "json": "{\n  \"Version\": \"2012-10-17\",\n  \"Statement\": [\n    {\n      \"Sid\": \"AllowScopedEC2InstanceActions\",\n      \"Effect\": \"Allow\",\n      \"Action\": [\n        \"ec2:RunInstances\",\n        \"ec2:CreateFleet\"\n      ],\n      \"Resource\": [\n        \"arn:aws:ec2:*::snapshot/*\",\n        \"arn:aws:ec2:*::image/*\",\n        \"arn:aws:ec2:*:*:subnet/*\",\n        \"arn:aws:ec2:*:*:spot-instances-request/*\",\n        \"arn:aws:ec2:*:*:security-group/*\",\n        \"arn:aws:ec2:*:*:launch-template/*\"\n      ]\n    },\n    {\n      \"Sid\": \"AllowScopedEC2InstanceActionsWithTags\",\n      \"Effect\": \"Allow\",\n      \"Action\": [\n        \"ec2:RunInstances\",\n        \"ec2:CreateLaunchTemplate\",\n        \"ec2:CreateFleet\"\n      ],\n      \"Resource\": [\n        \"arn:aws:ec2:*:*:volume/*\",\n        \"arn:aws:ec2:*:*:spot-instances-request/*\",\n        \"arn:aws:ec2:*:*:network-interface/*\",\n        \"arn:aws:ec2:*:*:launch-template/*\",\n        \"arn:aws:ec2:*:*:instance/*\",\n        \"arn:aws:ec2:*:*:fleet/*\"\n      ],\n      \"Condition\": {\n        \"StringEquals\": {\n          \"aws:RequestTag/kubernetes.io/cluster/saii\": \"owned\"\n        },\n        \"StringLike\": {\n          \"aws:RequestTag/karpenter.sh/nodepool\": \"*\"\n        }\n      }\n    },\n    {\n      \"Sid\": \"AllowScopedResourceCreationTagging\",\n      \"Effect\": \"Allow\",\n      \"Action\": \"ec2:CreateTags\",\n      \"Resource\": [\n        \"arn:aws:ec2:*:*:volume/*\",\n        \"arn:aws:ec2:*:*:spot-instances-request/*\",\n        \"arn:aws:ec2:*:*:network-interface/*\",\n        \"arn:aws:ec2:*:*:launch-template/*\",\n        \"arn:aws:ec2:*:*:instance/*\",\n        \"arn:aws:ec2:*:*:fleet/*\"\n      ],\n      \"Condition\": {\n        \"StringEquals\": {\n          \"aws:RequestTag/kubernetes.io/cluster/saii\": \"owned\",\n          \"ec2:CreateAction\": [\n            \"RunInstances\",\n            \"CreateFleet\",\n            \"CreateLaunchTemplate\"\n          ]\n        },\n        \"StringLike\": {\n          \"aws:RequestTag/karpenter.sh/nodepool\": \"*\"\n        }\n      }\n    },\n    {\n      \"Sid\": \"AllowScopedResourceTagging\",\n      \"Effect\": \"Allow\",\n      \"Action\": \"ec2:CreateTags\",\n      \"Resource\": \"arn:aws:ec2:*:*:instance/*\",\n      \"Condition\": {\n        \"ForAllValues:StringEquals\": {\n          \"aws:TagKeys\": [\n            \"karpenter.sh/nodeclaim\",\n            \"Name\"\n          ]\n        },\n        \"StringEquals\": {\n          \"aws:ResourceTag/kubernetes.io/cluster/saii\": \"owned\"\n        },\n        \"StringLike\": {\n          \"aws:ResourceTag/karpenter.sh/nodepool\": \"*\"\n        }\n      }\n    },\n    {\n      \"Sid\": \"AllowScopedDeletion\",\n      \"Effect\": \"Allow\",\n      \"Action\": [\n        \"ec2:TerminateInstances\",\n        \"ec2:DeleteLaunchTemplate\"\n      ],\n      \"Resource\": [\n        \"arn:aws:ec2:*:*:launch-template/*\",\n        \"arn:aws:ec2:*:*:instance/*\"\n      ],\n      \"Condition\": {\n        \"StringEquals\": {\n          \"aws:ResourceTag/kubernetes.io/cluster/saii\": \"owned\"\n        },\n        \"StringLike\": {\n          \"aws:ResourceTag/karpenter.sh/nodepool\": \"*\"\n        }\n      }\n    },\n    {\n      \"Sid\": \"AllowRegionalReadActions\",\n      \"Effect\": \"Allow\",\n      \"Action\": [\n        \"ec2:DescribeSubnets\",\n        \"ec2:DescribeSpotPriceHistory\",\n        \"ec2:DescribeSecurityGroups\",\n        \"ec2:DescribeLaunchTemplates\",\n        \"ec2:DescribeInstances\",\n        \"ec2:DescribeInstanceTypes\",\n        \"ec2:DescribeInstanceTypeOfferings\",\n        \"ec2:DescribeImages\",\n        \"ec2:DescribeAvailabilityZones\"\n      ],\n      \"Resource\": \"*\",\n      \"Condition\": {\n        \"StringEquals\": {\n          \"aws:RequestedRegion\": \"us-west-2\"\n        }\n      }\n    },\n    {\n      \"Sid\": \"AllowSSMReadActions\",\n      \"Effect\": \"Allow\",\n      \"Action\": \"ssm:GetParameter\",\n      \"Resource\": \"arn:aws:ssm:us-west-2::parameter/aws/service/*\"\n    },\n    {\n      \"Sid\": \"AllowPricingReadActions\",\n      \"Effect\": \"Allow\",\n      \"Action\": \"pricing:GetProducts\",\n      \"Resource\": \"*\"\n    },\n    {\n      \"Sid\": \"AllowInterruptionQueueActions\",\n      \"Effect\": \"Allow\",\n      \"Action\": [\n        \"sqs:ReceiveMessage\",\n        \"sqs:GetQueueUrl\",\n        \"sqs:GetQueueAttributes\",\n        \"sqs:DeleteMessage\"\n      ],\n      \"Resource\": \"arn:aws:sqs:us-west-2:882027629355:Karpenter-saii\"\n    },\n    {\n      \"Sid\": \"AllowPassingInstanceRole\",\n      \"Effect\": \"Allow\",\n      \"Action\": \"iam:PassRole\",\n      \"Resource\": \"arn:aws:iam::882027629355:role/Karpenter-saii-20241003052200411500000016\",\n      \"Condition\": {\n        \"StringEquals\": {\n          \"iam:PassedToService\": \"ec2.amazonaws.com\"\n        }\n      }\n    },\n    {\n      \"Sid\": \"AllowScopedInstanceProfileCreationActions\",\n      \"Effect\": \"Allow\",\n      \"Action\": \"iam:CreateInstanceProfile\",\n      \"Resource\": \"*\",\n      \"Condition\": {\n        \"StringEquals\": {\n          \"aws:RequestTag/kubernetes.io/cluster/saii\": \"owned\",\n          \"aws:RequestTag/topology.kubernetes.io/region\": \"us-west-2\"\n        },\n        \"StringLike\": {\n          \"aws:RequestTag/karpenter.k8s.aws/ec2nodeclass\": \"*\"\n        }\n      }\n    },\n    {\n      \"Sid\": \"AllowScopedInstanceProfileTagActions\",\n      \"Effect\": \"Allow\",\n      \"Action\": \"iam:TagInstanceProfile\",\n      \"Resource\": \"*\",\n      \"Condition\": {\n        \"StringEquals\": {\n          \"aws:RequestTag/kubernetes.io/cluster/saii\": \"owned\",\n          \"aws:ResourceTag/kubernetes.io/cluster/saii\": \"owned\",\n          \"aws:ResourceTag/topology.kubernetes.io/region\": \"us-west-2\"\n        },\n        \"StringLike\": {\n          \"aws:RequestTag/karpenter.k8s.aws/ec2nodeclass\": \"*\",\n          \"aws:ResourceTag/karpenter.k8s.aws/ec2nodeclass\": \"*\"\n        }\n      }\n    },\n    {\n      \"Sid\": \"AllowScopedInstanceProfileActions\",\n      \"Effect\": \"Allow\",\n      \"Action\": [\n        \"iam:RemoveRoleFromInstanceProfile\",\n        \"iam:DeleteInstanceProfile\",\n        \"iam:AddRoleToInstanceProfile\"\n      ],\n      \"Resource\": \"*\",\n      \"Condition\": {\n        \"StringEquals\": {\n          \"aws:ResourceTag/kubernetes.io/cluster/saii\": \"owned\",\n          \"aws:ResourceTag/topology.kubernetes.io/region\": \"us-west-2\"\n        },\n        \"StringLike\": {\n          \"aws:ResourceTag/karpenter.k8s.aws/ec2nodeclass\": \"*\"\n        }\n      }\n    },\n    {\n      \"Sid\": \"AllowInstanceProfileReadActions\",\n      \"Effect\": \"Allow\",\n      \"Action\": \"iam:GetInstanceProfile\",\n      \"Resource\": \"*\"\n    },\n    {\n      \"Sid\": \"AllowAPIServerEndpointDiscovery\",\n      \"Effect\": \"Allow\",\n      \"Action\": \"eks:DescribeCluster\",\n      \"Resource\": \"arn:aws:eks:us-west-2:882027629355:cluster/saii\"\n    }\n  ]\n}",
            "minified_json": "{\"Version\":\"2012-10-17\",\"Statement\":[{\"Sid\":\"AllowScopedEC2InstanceActions\",\"Effect\":\"Allow\",\"Action\":[\"ec2:RunInstances\",\"ec2:CreateFleet\"],\"Resource\":[\"arn:aws:ec2:*::snapshot/*\",\"arn:aws:ec2:*::image/*\",\"arn:aws:ec2:*:*:subnet/*\",\"arn:aws:ec2:*:*:spot-instances-request/*\",\"arn:aws:ec2:*:*:security-group/*\",\"arn:aws:ec2:*:*:launch-template/*\"]},{\"Sid\":\"AllowScopedEC2InstanceActionsWithTags\",\"Effect\":\"Allow\",\"Action\":[\"ec2:RunInstances\",\"ec2:CreateLaunchTemplate\",\"ec2:CreateFleet\"],\"Resource\":[\"arn:aws:ec2:*:*:volume/*\",\"arn:aws:ec2:*:*:spot-instances-request/*\",\"arn:aws:ec2:*:*:network-interface/*\",\"arn:aws:ec2:*:*:launch-template/*\",\"arn:aws:ec2:*:*:instance/*\",\"arn:aws:ec2:*:*:fleet/*\"],\"Condition\":{\"StringEquals\":{\"aws:RequestTag/kubernetes.io/cluster/saii\":\"owned\"},\"StringLike\":{\"aws:RequestTag/karpenter.sh/nodepool\":\"*\"}}},{\"Sid\":\"AllowScopedResourceCreationTagging\",\"Effect\":\"Allow\",\"Action\":\"ec2:CreateTags\",\"Resource\":[\"arn:aws:ec2:*:*:volume/*\",\"arn:aws:ec2:*:*:spot-instances-request/*\",\"arn:aws:ec2:*:*:network-interface/*\",\"arn:aws:ec2:*:*:launch-template/*\",\"arn:aws:ec2:*:*:instance/*\",\"arn:aws:ec2:*:*:fleet/*\"],\"Condition\":{\"StringEquals\":{\"aws:RequestTag/kubernetes.io/cluster/saii\":\"owned\",\"ec2:CreateAction\":[\"RunInstances\",\"CreateFleet\",\"CreateLaunchTemplate\"]},\"StringLike\":{\"aws:RequestTag/karpenter.sh/nodepool\":\"*\"}}},{\"Sid\":\"AllowScopedResourceTagging\",\"Effect\":\"Allow\",\"Action\":\"ec2:CreateTags\",\"Resource\":\"arn:aws:ec2:*:*:instance/*\",\"Condition\":{\"ForAllValues:StringEquals\":{\"aws:TagKeys\":[\"karpenter.sh/nodeclaim\",\"Name\"]},\"StringEquals\":{\"aws:ResourceTag/kubernetes.io/cluster/saii\":\"owned\"},\"StringLike\":{\"aws:ResourceTag/karpenter.sh/nodepool\":\"*\"}}},{\"Sid\":\"AllowScopedDeletion\",\"Effect\":\"Allow\",\"Action\":[\"ec2:TerminateInstances\",\"ec2:DeleteLaunchTemplate\"],\"Resource\":[\"arn:aws:ec2:*:*:launch-template/*\",\"arn:aws:ec2:*:*:instance/*\"],\"Condition\":{\"StringEquals\":{\"aws:ResourceTag/kubernetes.io/cluster/saii\":\"owned\"},\"StringLike\":{\"aws:ResourceTag/karpenter.sh/nodepool\":\"*\"}}},{\"Sid\":\"AllowRegionalReadActions\",\"Effect\":\"Allow\",\"Action\":[\"ec2:DescribeSubnets\",\"ec2:DescribeSpotPriceHistory\",\"ec2:DescribeSecurityGroups\",\"ec2:DescribeLaunchTemplates\",\"ec2:DescribeInstances\",\"ec2:DescribeInstanceTypes\",\"ec2:DescribeInstanceTypeOfferings\",\"ec2:DescribeImages\",\"ec2:DescribeAvailabilityZones\"],\"Resource\":\"*\",\"Condition\":{\"StringEquals\":{\"aws:RequestedRegion\":\"us-west-2\"}}},{\"Sid\":\"AllowSSMReadActions\",\"Effect\":\"Allow\",\"Action\":\"ssm:GetParameter\",\"Resource\":\"arn:aws:ssm:us-west-2::parameter/aws/service/*\"},{\"Sid\":\"AllowPricingReadActions\",\"Effect\":\"Allow\",\"Action\":\"pricing:GetProducts\",\"Resource\":\"*\"},{\"Sid\":\"AllowInterruptionQueueActions\",\"Effect\":\"Allow\",\"Action\":[\"sqs:ReceiveMessage\",\"sqs:GetQueueUrl\",\"sqs:GetQueueAttributes\",\"sqs:DeleteMessage\"],\"Resource\":\"arn:aws:sqs:us-west-2:882027629355:Karpenter-saii\"},{\"Sid\":\"AllowPassingInstanceRole\",\"Effect\":\"Allow\",\"Action\":\"iam:PassRole\",\"Resource\":\"arn:aws:iam::882027629355:role/Karpenter-saii-20241003052200411500000016\",\"Condition\":{\"StringEquals\":{\"iam:PassedToService\":\"ec2.amazonaws.com\"}}},{\"Sid\":\"AllowScopedInstanceProfileCreationActions\",\"Effect\":\"Allow\",\"Action\":\"iam:CreateInstanceProfile\",\"Resource\":\"*\",\"Condition\":{\"StringEquals\":{\"aws:RequestTag/kubernetes.io/cluster/saii\":\"owned\",\"aws:RequestTag/topology.kubernetes.io/region\":\"us-west-2\"},\"StringLike\":{\"aws:RequestTag/karpenter.k8s.aws/ec2nodeclass\":\"*\"}}},{\"Sid\":\"AllowScopedInstanceProfileTagActions\",\"Effect\":\"Allow\",\"Action\":\"iam:TagInstanceProfile\",\"Resource\":\"*\",\"Condition\":{\"StringEquals\":{\"aws:RequestTag/kubernetes.io/cluster/saii\":\"owned\",\"aws:ResourceTag/kubernetes.io/cluster/saii\":\"owned\",\"aws:ResourceTag/topology.kubernetes.io/region\":\"us-west-2\"},\"StringLike\":{\"aws:RequestTag/karpenter.k8s.aws/ec2nodeclass\":\"*\",\"aws:ResourceTag/karpenter.k8s.aws/ec2nodeclass\":\"*\"}}},{\"Sid\":\"AllowScopedInstanceProfileActions\",\"Effect\":\"Allow\",\"Action\":[\"iam:RemoveRoleFromInstanceProfile\",\"iam:DeleteInstanceProfile\",\"iam:AddRoleToInstanceProfile\"],\"Resource\":\"*\",\"Condition\":{\"StringEquals\":{\"aws:ResourceTag/kubernetes.io/cluster/saii\":\"owned\",\"aws:ResourceTag/topology.kubernetes.io/region\":\"us-west-2\"},\"StringLike\":{\"aws:ResourceTag/karpenter.k8s.aws/ec2nodeclass\":\"*\"}}},{\"Sid\":\"AllowInstanceProfileReadActions\",\"Effect\":\"Allow\",\"Action\":\"iam:GetInstanceProfile\",\"Resource\":\"*\"},{\"Sid\":\"AllowAPIServerEndpointDiscovery\",\"Effect\":\"Allow\",\"Action\":\"eks:DescribeCluster\",\"Resource\":\"arn:aws:eks:us-west-2:882027629355:cluster/saii\"}]}",
            "override_json": null,
            "override_policy_documents": null,
            "policy_id": null,
            "source_json": null,
            "source_policy_documents": null,
            "statement": [
              {
                "actions": [
                  "ec2:CreateFleet",
                  "ec2:RunInstances"
                ],
                "condition": [],
                "effect": "Allow",
                "not_actions": [],
                "not_principals": [],
                "not_resources": [],
                "principals": [],
                "resources": [
                  "arn:aws:ec2:*:*:launch-template/*",
                  "arn:aws:ec2:*:*:security-group/*",
                  "arn:aws:ec2:*:*:spot-instances-request/*",
                  "arn:aws:ec2:*:*:subnet/*",
                  "arn:aws:ec2:*::image/*",
                  "arn:aws:ec2:*::snapshot/*"
                ],
                "sid": "AllowScopedEC2InstanceActions"
              },
              {
                "actions": [
                  "ec2:CreateFleet",
                  "ec2:CreateLaunchTemplate",
                  "ec2:RunInstances"
                ],
                "condition": [
                  {
                    "test": "StringEquals",
                    "values": [
                      "owned"
                    ],
                    "variable": "aws:RequestTag/kubernetes.io/cluster/saii"
                  },
                  {
                    "test": "StringLike",
                    "values": [
                      "*"
                    ],
                    "variable": "aws:RequestTag/karpenter.sh/nodepool"
                  }
                ],
                "effect": "Allow",
                "not_actions": [],
                "not_principals": [],
                "not_resources": [],
                "principals": [],
                "resources": [
                  "arn:aws:ec2:*:*:fleet/*",
                  "arn:aws:ec2:*:*:instance/*",
                  "arn:aws:ec2:*:*:launch-template/*",
                  "arn:aws:ec2:*:*:network-interface/*",
                  "arn:aws:ec2:*:*:spot-instances-request/*",
                  "arn:aws:ec2:*:*:volume/*"
                ],
                "sid": "AllowScopedEC2InstanceActionsWithTags"
              },
              {
                "actions": [
                  "ec2:CreateTags"
                ],
                "condition": [
                  {
                    "test": "StringEquals",
                    "values": [
                      "RunInstances",
                      "CreateFleet",
                      "CreateLaunchTemplate"
                    ],
                    "variable": "ec2:CreateAction"
                  },
                  {
                    "test": "StringEquals",
                    "values": [
                      "owned"
                    ],
                    "variable": "aws:RequestTag/kubernetes.io/cluster/saii"
                  },
                  {
                    "test": "StringLike",
                    "values": [
                      "*"
                    ],
                    "variable": "aws:RequestTag/karpenter.sh/nodepool"
                  }
                ],
                "effect": "Allow",
                "not_actions": [],
                "not_principals": [],
                "not_resources": [],
                "principals": [],
                "resources": [
                  "arn:aws:ec2:*:*:fleet/*",
                  "arn:aws:ec2:*:*:instance/*",
                  "arn:aws:ec2:*:*:launch-template/*",
                  "arn:aws:ec2:*:*:network-interface/*",
                  "arn:aws:ec2:*:*:spot-instances-request/*",
                  "arn:aws:ec2:*:*:volume/*"
                ],
                "sid": "AllowScopedResourceCreationTagging"
              },
              {
                "actions": [
                  "ec2:CreateTags"
                ],
                "condition": [
                  {
                    "test": "ForAllValues:StringEquals",
                    "values": [
                      "karpenter.sh/nodeclaim",
                      "Name"
                    ],
                    "variable": "aws:TagKeys"
                  },
                  {
                    "test": "StringEquals",
                    "values": [
                      "owned"
                    ],
                    "variable": "aws:ResourceTag/kubernetes.io/cluster/saii"
                  },
                  {
                    "test": "StringLike",
                    "values": [
                      "*"
                    ],
                    "variable": "aws:ResourceTag/karpenter.sh/nodepool"
                  }
                ],
                "effect": "Allow",
                "not_actions": [],
                "not_principals": [],
                "not_resources": [],
                "principals": [],
                "resources": [
                  "arn:aws:ec2:*:*:instance/*"
                ],
                "sid": "AllowScopedResourceTagging"
              },
              {
                "actions": [
                  "ec2:DeleteLaunchTemplate",
                  "ec2:TerminateInstances"
                ],
                "condition": [
                  {
                    "test": "StringEquals",
                    "values": [
                      "owned"
                    ],
                    "variable": "aws:ResourceTag/kubernetes.io/cluster/saii"
                  },
                  {
                    "test": "StringLike",
                    "values": [
                      "*"
                    ],
                    "variable": "aws:ResourceTag/karpenter.sh/nodepool"
                  }
                ],
                "effect": "Allow",
                "not_actions": [],
                "not_principals": [],
                "not_resources": [],
                "principals": [],
                "resources": [
                  "arn:aws:ec2:*:*:instance/*",
                  "arn:aws:ec2:*:*:launch-template/*"
                ],
                "sid": "AllowScopedDeletion"
              },
              {
                "actions": [
                  "ec2:DescribeAvailabilityZones",
                  "ec2:DescribeImages",
                  "ec2:DescribeInstanceTypeOfferings",
                  "ec2:DescribeInstanceTypes",
                  "ec2:DescribeInstances",
                  "ec2:DescribeLaunchTemplates",
                  "ec2:DescribeSecurityGroups",
                  "ec2:DescribeSpotPriceHistory",
                  "ec2:DescribeSubnets"
                ],
                "condition": [
                  {
                    "test": "StringEquals",
                    "values": [
                      "us-west-2"
                    ],
                    "variable": "aws:RequestedRegion"
                  }
                ],
                "effect": "Allow",
                "not_actions": [],
                "not_principals": [],
                "not_resources": [],
                "principals": [],
                "resources": [
                  "*"
                ],
                "sid": "AllowRegionalReadActions"
              },
              {
                "actions": [
                  "ssm:GetParameter"
                ],
                "condition": [],
                "effect": "Allow",
                "not_actions": [],
                "not_principals": [],
                "not_resources": [],
                "principals": [],
                "resources": [
                  "arn:aws:ssm:us-west-2::parameter/aws/service/*"
                ],
                "sid": "AllowSSMReadActions"
              },
              {
                "actions": [
                  "pricing:GetProducts"
                ],
                "condition": [],
                "effect": "Allow",
                "not_actions": [],
                "not_principals": [],
                "not_resources": [],
                "principals": [],
                "resources": [
                  "*"
                ],
                "sid": "AllowPricingReadActions"
              },
              {
                "actions": [
                  "sqs:DeleteMessage",
                  "sqs:GetQueueAttributes",
                  "sqs:GetQueueUrl",
                  "sqs:ReceiveMessage"
                ],
                "condition": [],
                "effect": "Allow",
                "not_actions": [],
                "not_principals": [],
                "not_resources": [],
                "principals": [],
                "resources": [
                  "arn:aws:sqs:us-west-2:882027629355:Karpenter-saii"
                ],
                "sid": "AllowInterruptionQueueActions"
              },
              {
                "actions": [
                  "iam:PassRole"
                ],
                "condition": [
                  {
                    "test": "StringEquals",
                    "values": [
                      "ec2.amazonaws.com"
                    ],
                    "variable": "iam:PassedToService"
                  }
                ],
                "effect": "Allow",
                "not_actions": [],
                "not_principals": [],
                "not_resources": [],
                "principals": [],
                "resources": [
                  "arn:aws:iam::882027629355:role/Karpenter-saii-20241003052200411500000016"
                ],
                "sid": "AllowPassingInstanceRole"
              },
              {
                "actions": [
                  "iam:CreateInstanceProfile"
                ],
                "condition": [
                  {
                    "test": "StringEquals",
                    "values": [
                      "owned"
                    ],
                    "variable": "aws:RequestTag/kubernetes.io/cluster/saii"
                  },
                  {
                    "test": "StringEquals",
                    "values": [
                      "us-west-2"
                    ],
                    "variable": "aws:RequestTag/topology.kubernetes.io/region"
                  },
                  {
                    "test": "StringLike",
                    "values": [
                      "*"
                    ],
                    "variable": "aws:RequestTag/karpenter.k8s.aws/ec2nodeclass"
                  }
                ],
                "effect": "Allow",
                "not_actions": [],
                "not_principals": [],
                "not_resources": [],
                "principals": [],
                "resources": [
                  "*"
                ],
                "sid": "AllowScopedInstanceProfileCreationActions"
              },
              {
                "actions": [
                  "iam:TagInstanceProfile"
                ],
                "condition": [
                  {
                    "test": "StringEquals",
                    "values": [
                      "owned"
                    ],
                    "variable": "aws:RequestTag/kubernetes.io/cluster/saii"
                  },
                  {
                    "test": "StringEquals",
                    "values": [
                      "owned"
                    ],
                    "variable": "aws:ResourceTag/kubernetes.io/cluster/saii"
                  },
                  {
                    "test": "StringEquals",
                    "values": [
                      "us-west-2"
                    ],
                    "variable": "aws:ResourceTag/topology.kubernetes.io/region"
                  },
                  {
                    "test": "StringLike",
                    "values": [
                      "*"
                    ],
                    "variable": "aws:RequestTag/karpenter.k8s.aws/ec2nodeclass"
                  },
                  {
                    "test": "StringLike",
                    "values": [
                      "*"
                    ],
                    "variable": "aws:ResourceTag/karpenter.k8s.aws/ec2nodeclass"
                  }
                ],
                "effect": "Allow",
                "not_actions": [],
                "not_principals": [],
                "not_resources": [],
                "principals": [],
                "resources": [
                  "*"
                ],
                "sid": "AllowScopedInstanceProfileTagActions"
              },
              {
                "actions": [
                  "iam:AddRoleToInstanceProfile",
                  "iam:DeleteInstanceProfile",
                  "iam:RemoveRoleFromInstanceProfile"
                ],
                "condition": [
                  {
                    "test": "StringEquals",
                    "values": [
                      "owned"
                    ],
                    "variable": "aws:ResourceTag/kubernetes.io/cluster/saii"
                  },
                  {
                    "test": "StringEquals",
                    "values": [
                      "us-west-2"
                    ],
                    "variable": "aws:ResourceTag/topology.kubernetes.io/region"
                  },
                  {
                    "test": "StringLike",
                    "values": [
                      "*"
                    ],
                    "variable": "aws:ResourceTag/karpenter.k8s.aws/ec2nodeclass"
                  }
                ],
                "effect": "Allow",
                "not_actions": [],
                "not_principals": [],
                "not_resources": [],
                "principals": [],
                "resources": [
                  "*"
                ],
                "sid": "AllowScopedInstanceProfileActions"
              },
              {
                "actions": [
                  "iam:GetInstanceProfile"
                ],
                "condition": [],
                "effect": "Allow",
                "not_actions": [],
                "not_principals": [],
                "not_resources": [],
                "principals": [],
                "resources": [
                  "*"
                ],
                "sid": "AllowInstanceProfileReadActions"
              },
              {
                "actions": [
                  "eks:DescribeCluster"
                ],
                "condition": [],
                "effect": "Allow",
                "not_actions": [],
                "not_principals": [],
                "not_resources": [],
                "principals": [],
                "resources": [
                  "arn:aws:eks:us-west-2:882027629355:cluster/saii"
                ],
                "sid": "AllowAPIServerEndpointDiscovery"
              }
            ],
            "version": "2012-10-17"
          },
          "sensitive_attributes": []
        }
      ]
    },
    {
      "module": "module.karpenter",
      "mode": "data",
      "type": "aws_iam_policy_document",
      "name": "v1",
      "provider": "provider[\"registry.terraform.io/hashicorp/aws\"]",
      "instances": [
        {
          "index_key": 0,
          "schema_version": 0,
          "attributes": {
            "id": "3634812948",
            "json": "{\n  \"Version\": \"2012-10-17\",\n  \"Statement\": [\n    {\n      \"Sid\": \"AllowScopedEC2InstanceAccessActions\",\n      \"Effect\": \"Allow\",\n      \"Action\": [\n        \"ec2:RunInstances\",\n        \"ec2:CreateFleet\"\n      ],\n      \"Resource\": [\n        \"arn:aws:ec2:us-west-2::snapshot/*\",\n        \"arn:aws:ec2:us-west-2::image/*\",\n        \"arn:aws:ec2:us-west-2:*:subnet/*\",\n        \"arn:aws:ec2:us-west-2:*:security-group/*\"\n      ]\n    },\n    {\n      \"Sid\": \"AllowScopedEC2LaunchTemplateAccessActions\",\n      \"Effect\": \"Allow\",\n      \"Action\": [\n        \"ec2:RunInstances\",\n        \"ec2:CreateFleet\"\n      ],\n      \"Resource\": \"arn:aws:ec2:us-west-2:*:launch-template/*\",\n      \"Condition\": {\n        \"StringEquals\": {\n          \"aws:ResourceTag/kubernetes.io/cluster/saii\": \"owned\"\n        },\n        \"StringLike\": {\n          \"aws:ResourceTag/karpenter.sh/nodepool\": \"*\"\n        }\n      }\n    },\n    {\n      \"Sid\": \"AllowScopedEC2InstanceActionsWithTags\",\n      \"Effect\": \"Allow\",\n      \"Action\": [\n        \"ec2:RunInstances\",\n        \"ec2:CreateLaunchTemplate\",\n        \"ec2:CreateFleet\"\n      ],\n      \"Resource\": [\n        \"arn:aws:ec2:us-west-2:*:volume/*\",\n        \"arn:aws:ec2:us-west-2:*:spot-instances-request/*\",\n        \"arn:aws:ec2:us-west-2:*:network-interface/*\",\n        \"arn:aws:ec2:us-west-2:*:launch-template/*\",\n        \"arn:aws:ec2:us-west-2:*:instance/*\",\n        \"arn:aws:ec2:us-west-2:*:fleet/*\"\n      ],\n      \"Condition\": {\n        \"StringEquals\": {\n          \"aws:RequestTag/eks:eks-cluster-name\": \"saii\",\n          \"aws:RequestTag/kubernetes.io/cluster/saii\": \"owned\"\n        },\n        \"StringLike\": {\n          \"aws:RequestTag/karpenter.sh/nodepool\": \"*\"\n        }\n      }\n    },\n    {\n      \"Sid\": \"AllowScopedResourceCreationTagging\",\n      \"Effect\": \"Allow\",\n      \"Action\": \"ec2:CreateTags\",\n      \"Resource\": [\n        \"arn:aws:ec2:us-west-2:*:volume/*\",\n        \"arn:aws:ec2:us-west-2:*:spot-instances-request/*\",\n        \"arn:aws:ec2:us-west-2:*:network-interface/*\",\n        \"arn:aws:ec2:us-west-2:*:launch-template/*\",\n        \"arn:aws:ec2:us-west-2:*:instance/*\",\n        \"arn:aws:ec2:us-west-2:*:fleet/*\"\n      ],\n      \"Condition\": {\n        \"StringEquals\": {\n          \"aws:RequestTag/eks:eks-cluster-name\": \"saii\",\n          \"aws:RequestTag/kubernetes.io/cluster/saii\": \"owned\",\n          \"ec2:CreateAction\": [\n            \"RunInstances\",\n            \"CreateFleet\",\n            \"CreateLaunchTemplate\"\n          ]\n        },\n        \"StringLike\": {\n          \"aws:RequestTag/karpenter.sh/nodepool\": \"*\"\n        }\n      }\n    },\n    {\n      \"Sid\": \"AllowScopedResourceTagging\",\n      \"Effect\": \"Allow\",\n      \"Action\": \"ec2:CreateTags\",\n      \"Resource\": \"arn:aws:ec2:us-west-2:*:instance/*\",\n      \"Condition\": {\n        \"ForAllValues:StringEquals\": {\n          \"aws:TagKeys\": [\n            \"eks:eks-cluster-name\",\n            \"karpenter.sh/nodeclaim\",\n            \"Name\"\n          ]\n        },\n        \"StringEquals\": {\n          \"aws:ResourceTag/kubernetes.io/cluster/saii\": \"owned\"\n        },\n        \"StringEqualsIfExists\": {\n          \"aws:RequestTag/eks:eks-cluster-name\": \"saii\"\n        },\n        \"StringLike\": {\n          \"aws:ResourceTag/karpenter.sh/nodepool\": \"*\"\n        }\n      }\n    },\n    {\n      \"Sid\": \"AllowScopedDeletion\",\n      \"Effect\": \"Allow\",\n      \"Action\": [\n        \"ec2:TerminateInstances\",\n        \"ec2:DeleteLaunchTemplate\"\n      ],\n      \"Resource\": [\n        \"arn:aws:ec2:us-west-2:*:launch-template/*\",\n        \"arn:aws:ec2:us-west-2:*:instance/*\"\n      ],\n      \"Condition\": {\n        \"StringEquals\": {\n          \"aws:ResourceTag/kubernetes.io/cluster/saii\": \"owned\"\n        },\n        \"StringLike\": {\n          \"aws:ResourceTag/karpenter.sh/nodepool\": \"*\"\n        }\n      }\n    },\n    {\n      \"Sid\": \"AllowRegionalReadActions\",\n      \"Effect\": \"Allow\",\n      \"Action\": [\n        \"ec2:DescribeSubnets\",\n        \"ec2:DescribeSpotPriceHistory\",\n        \"ec2:DescribeSecurityGroups\",\n        \"ec2:DescribeLaunchTemplates\",\n        \"ec2:DescribeInstances\",\n        \"ec2:DescribeInstanceTypes\",\n        \"ec2:DescribeInstanceTypeOfferings\",\n        \"ec2:DescribeImages\",\n        \"ec2:DescribeAvailabilityZones\"\n      ],\n      \"Resource\": \"*\",\n      \"Condition\": {\n        \"StringEquals\": {\n          \"aws:RequestedRegion\": \"us-west-2\"\n        }\n      }\n    },\n    {\n      \"Sid\": \"AllowSSMReadActions\",\n      \"Effect\": \"Allow\",\n      \"Action\": \"ssm:GetParameter\",\n      \"Resource\": \"arn:aws:ssm:us-west-2::parameter/aws/service/*\"\n    },\n    {\n      \"Sid\": \"AllowPricingReadActions\",\n      \"Effect\": \"Allow\",\n      \"Action\": \"pricing:GetProducts\",\n      \"Resource\": \"*\"\n    },\n    {\n      \"Sid\": \"AllowInterruptionQueueActions\",\n      \"Effect\": \"Allow\",\n      \"Action\": [\n        \"sqs:ReceiveMessage\",\n        \"sqs:GetQueueUrl\",\n        \"sqs:DeleteMessage\"\n      ],\n      \"Resource\": \"arn:aws:sqs:us-west-2:882027629355:Karpenter-saii\"\n    },\n    {\n      \"Sid\": \"AllowPassingInstanceRole\",\n      \"Effect\": \"Allow\",\n      \"Action\": \"iam:PassRole\",\n      \"Resource\": \"arn:aws:iam::882027629355:role/Karpenter-saii-20241003052200411500000016\",\n      \"Condition\": {\n        \"StringEquals\": {\n          \"iam:PassedToService\": \"ec2.amazonaws.com\"\n        }\n      }\n    },\n    {\n      \"Sid\": \"AllowScopedInstanceProfileCreationActions\",\n      \"Effect\": \"Allow\",\n      \"Action\": \"iam:CreateInstanceProfile\",\n      \"Resource\": \"arn:aws:iam::882027629355:instance-profile/*\",\n      \"Condition\": {\n        \"StringEquals\": {\n          \"aws:RequestTag/eks:eks-cluster-name\": \"saii\",\n          \"aws:RequestTag/kubernetes.io/cluster/saii\": \"owned\",\n          \"aws:RequestTag/topology.kubernetes.io/region\": \"us-west-2\"\n        },\n        \"StringLike\": {\n          \"aws:RequestTag/karpenter.k8s.aws/ec2nodeclass\": \"*\"\n        }\n      }\n    },\n    {\n      \"Sid\": \"AllowScopedInstanceProfileTagActions\",\n      \"Effect\": \"Allow\",\n      \"Action\": \"iam:TagInstanceProfile\",\n      \"Resource\": \"arn:aws:iam::882027629355:instance-profile/*\",\n      \"Condition\": {\n        \"StringEquals\": {\n          \"aws:RequestTag/eks:eks-cluster-name\": \"saii\",\n          \"aws:RequestTag/kubernetes.io/cluster/saii\": \"owned\",\n          \"aws:RequestTag/topology.kubernetes.io/region\": \"us-west-2\",\n          \"aws:ResourceTag/kubernetes.io/cluster/saii\": \"owned\",\n          \"aws:ResourceTag/topology.kubernetes.io/region\": \"us-west-2\"\n        },\n        \"StringLike\": {\n          \"aws:RequestTag/karpenter.k8s.aws/ec2nodeclass\": \"*\",\n          \"aws:ResourceTag/karpenter.k8s.aws/ec2nodeclass\": \"*\"\n        }\n      }\n    },\n    {\n      \"Sid\": \"AllowScopedInstanceProfileActions\",\n      \"Effect\": \"Allow\",\n      \"Action\": [\n        \"iam:RemoveRoleFromInstanceProfile\",\n        \"iam:DeleteInstanceProfile\",\n        \"iam:AddRoleToInstanceProfile\"\n      ],\n      \"Resource\": \"arn:aws:iam::882027629355:instance-profile/*\",\n      \"Condition\": {\n        \"StringEquals\": {\n          \"aws:ResourceTag/kubernetes.io/cluster/saii\": \"owned\",\n          \"aws:ResourceTag/topology.kubernetes.io/region\": \"us-west-2\"\n        },\n        \"StringLike\": {\n          \"aws:ResourceTag/karpenter.k8s.aws/ec2nodeclass\": \"*\"\n        }\n      }\n    },\n    {\n      \"Sid\": \"AllowInstanceProfileReadActions\",\n      \"Effect\": \"Allow\",\n      \"Action\": \"iam:GetInstanceProfile\",\n      \"Resource\": \"arn:aws:iam::882027629355:instance-profile/*\"\n    },\n    {\n      \"Sid\": \"AllowAPIServerEndpointDiscovery\",\n      \"Effect\": \"Allow\",\n      \"Action\": \"eks:DescribeCluster\",\n      \"Resource\": \"arn:aws:eks:us-west-2:882027629355:cluster/saii\"\n    }\n  ]\n}",
            "minified_json": "{\"Version\":\"2012-10-17\",\"Statement\":[{\"Sid\":\"AllowScopedEC2InstanceAccessActions\",\"Effect\":\"Allow\",\"Action\":[\"ec2:RunInstances\",\"ec2:CreateFleet\"],\"Resource\":[\"arn:aws:ec2:us-west-2::snapshot/*\",\"arn:aws:ec2:us-west-2::image/*\",\"arn:aws:ec2:us-west-2:*:subnet/*\",\"arn:aws:ec2:us-west-2:*:security-group/*\"]},{\"Sid\":\"AllowScopedEC2LaunchTemplateAccessActions\",\"Effect\":\"Allow\",\"Action\":[\"ec2:RunInstances\",\"ec2:CreateFleet\"],\"Resource\":\"arn:aws:ec2:us-west-2:*:launch-template/*\",\"Condition\":{\"StringEquals\":{\"aws:ResourceTag/kubernetes.io/cluster/saii\":\"owned\"},\"StringLike\":{\"aws:ResourceTag/karpenter.sh/nodepool\":\"*\"}}},{\"Sid\":\"AllowScopedEC2InstanceActionsWithTags\",\"Effect\":\"Allow\",\"Action\":[\"ec2:RunInstances\",\"ec2:CreateLaunchTemplate\",\"ec2:CreateFleet\"],\"Resource\":[\"arn:aws:ec2:us-west-2:*:volume/*\",\"arn:aws:ec2:us-west-2:*:spot-instances-request/*\",\"arn:aws:ec2:us-west-2:*:network-interface/*\",\"arn:aws:ec2:us-west-2:*:launch-template/*\",\"arn:aws:ec2:us-west-2:*:instance/*\",\"arn:aws:ec2:us-west-2:*:fleet/*\"],\"Condition\":{\"StringEquals\":{\"aws:RequestTag/eks:eks-cluster-name\":\"saii\",\"aws:RequestTag/kubernetes.io/cluster/saii\":\"owned\"},\"StringLike\":{\"aws:RequestTag/karpenter.sh/nodepool\":\"*\"}}},{\"Sid\":\"AllowScopedResourceCreationTagging\",\"Effect\":\"Allow\",\"Action\":\"ec2:CreateTags\",\"Resource\":[\"arn:aws:ec2:us-west-2:*:volume/*\",\"arn:aws:ec2:us-west-2:*:spot-instances-request/*\",\"arn:aws:ec2:us-west-2:*:network-interface/*\",\"arn:aws:ec2:us-west-2:*:launch-template/*\",\"arn:aws:ec2:us-west-2:*:instance/*\",\"arn:aws:ec2:us-west-2:*:fleet/*\"],\"Condition\":{\"StringEquals\":{\"aws:RequestTag/eks:eks-cluster-name\":\"saii\",\"aws:RequestTag/kubernetes.io/cluster/saii\":\"owned\",\"ec2:CreateAction\":[\"RunInstances\",\"CreateFleet\",\"CreateLaunchTemplate\"]},\"StringLike\":{\"aws:RequestTag/karpenter.sh/nodepool\":\"*\"}}},{\"Sid\":\"AllowScopedResourceTagging\",\"Effect\":\"Allow\",\"Action\":\"ec2:CreateTags\",\"Resource\":\"arn:aws:ec2:us-west-2:*:instance/*\",\"Condition\":{\"ForAllValues:StringEquals\":{\"aws:TagKeys\":[\"eks:eks-cluster-name\",\"karpenter.sh/nodeclaim\",\"Name\"]},\"StringEquals\":{\"aws:ResourceTag/kubernetes.io/cluster/saii\":\"owned\"},\"StringEqualsIfExists\":{\"aws:RequestTag/eks:eks-cluster-name\":\"saii\"},\"StringLike\":{\"aws:ResourceTag/karpenter.sh/nodepool\":\"*\"}}},{\"Sid\":\"AllowScopedDeletion\",\"Effect\":\"Allow\",\"Action\":[\"ec2:TerminateInstances\",\"ec2:DeleteLaunchTemplate\"],\"Resource\":[\"arn:aws:ec2:us-west-2:*:launch-template/*\",\"arn:aws:ec2:us-west-2:*:instance/*\"],\"Condition\":{\"StringEquals\":{\"aws:ResourceTag/kubernetes.io/cluster/saii\":\"owned\"},\"StringLike\":{\"aws:ResourceTag/karpenter.sh/nodepool\":\"*\"}}},{\"Sid\":\"AllowRegionalReadActions\",\"Effect\":\"Allow\",\"Action\":[\"ec2:DescribeSubnets\",\"ec2:DescribeSpotPriceHistory\",\"ec2:DescribeSecurityGroups\",\"ec2:DescribeLaunchTemplates\",\"ec2:DescribeInstances\",\"ec2:DescribeInstanceTypes\",\"ec2:DescribeInstanceTypeOfferings\",\"ec2:DescribeImages\",\"ec2:DescribeAvailabilityZones\"],\"Resource\":\"*\",\"Condition\":{\"StringEquals\":{\"aws:RequestedRegion\":\"us-west-2\"}}},{\"Sid\":\"AllowSSMReadActions\",\"Effect\":\"Allow\",\"Action\":\"ssm:GetParameter\",\"Resource\":\"arn:aws:ssm:us-west-2::parameter/aws/service/*\"},{\"Sid\":\"AllowPricingReadActions\",\"Effect\":\"Allow\",\"Action\":\"pricing:GetProducts\",\"Resource\":\"*\"},{\"Sid\":\"AllowInterruptionQueueActions\",\"Effect\":\"Allow\",\"Action\":[\"sqs:ReceiveMessage\",\"sqs:GetQueueUrl\",\"sqs:DeleteMessage\"],\"Resource\":\"arn:aws:sqs:us-west-2:882027629355:Karpenter-saii\"},{\"Sid\":\"AllowPassingInstanceRole\",\"Effect\":\"Allow\",\"Action\":\"iam:PassRole\",\"Resource\":\"arn:aws:iam::882027629355:role/Karpenter-saii-20241003052200411500000016\",\"Condition\":{\"StringEquals\":{\"iam:PassedToService\":\"ec2.amazonaws.com\"}}},{\"Sid\":\"AllowScopedInstanceProfileCreationActions\",\"Effect\":\"Allow\",\"Action\":\"iam:CreateInstanceProfile\",\"Resource\":\"arn:aws:iam::882027629355:instance-profile/*\",\"Condition\":{\"StringEquals\":{\"aws:RequestTag/eks:eks-cluster-name\":\"saii\",\"aws:RequestTag/kubernetes.io/cluster/saii\":\"owned\",\"aws:RequestTag/topology.kubernetes.io/region\":\"us-west-2\"},\"StringLike\":{\"aws:RequestTag/karpenter.k8s.aws/ec2nodeclass\":\"*\"}}},{\"Sid\":\"AllowScopedInstanceProfileTagActions\",\"Effect\":\"Allow\",\"Action\":\"iam:TagInstanceProfile\",\"Resource\":\"arn:aws:iam::882027629355:instance-profile/*\",\"Condition\":{\"StringEquals\":{\"aws:RequestTag/eks:eks-cluster-name\":\"saii\",\"aws:RequestTag/kubernetes.io/cluster/saii\":\"owned\",\"aws:RequestTag/topology.kubernetes.io/region\":\"us-west-2\",\"aws:ResourceTag/kubernetes.io/cluster/saii\":\"owned\",\"aws:ResourceTag/topology.kubernetes.io/region\":\"us-west-2\"},\"StringLike\":{\"aws:RequestTag/karpenter.k8s.aws/ec2nodeclass\":\"*\",\"aws:ResourceTag/karpenter.k8s.aws/ec2nodeclass\":\"*\"}}},{\"Sid\":\"AllowScopedInstanceProfileActions\",\"Effect\":\"Allow\",\"Action\":[\"iam:RemoveRoleFromInstanceProfile\",\"iam:DeleteInstanceProfile\",\"iam:AddRoleToInstanceProfile\"],\"Resource\":\"arn:aws:iam::882027629355:instance-profile/*\",\"Condition\":{\"StringEquals\":{\"aws:ResourceTag/kubernetes.io/cluster/saii\":\"owned\",\"aws:ResourceTag/topology.kubernetes.io/region\":\"us-west-2\"},\"StringLike\":{\"aws:ResourceTag/karpenter.k8s.aws/ec2nodeclass\":\"*\"}}},{\"Sid\":\"AllowInstanceProfileReadActions\",\"Effect\":\"Allow\",\"Action\":\"iam:GetInstanceProfile\",\"Resource\":\"arn:aws:iam::882027629355:instance-profile/*\"},{\"Sid\":\"AllowAPIServerEndpointDiscovery\",\"Effect\":\"Allow\",\"Action\":\"eks:DescribeCluster\",\"Resource\":\"arn:aws:eks:us-west-2:882027629355:cluster/saii\"}]}",
            "override_json": null,
            "override_policy_documents": null,
            "policy_id": null,
            "source_json": null,
            "source_policy_documents": null,
            "statement": [
              {
                "actions": [
                  "ec2:CreateFleet",
                  "ec2:RunInstances"
                ],
                "condition": [],
                "effect": "Allow",
                "not_actions": [],
                "not_principals": [],
                "not_resources": [],
                "principals": [],
                "resources": [
                  "arn:aws:ec2:us-west-2:*:security-group/*",
                  "arn:aws:ec2:us-west-2:*:subnet/*",
                  "arn:aws:ec2:us-west-2::image/*",
                  "arn:aws:ec2:us-west-2::snapshot/*"
                ],
                "sid": "AllowScopedEC2InstanceAccessActions"
              },
              {
                "actions": [
                  "ec2:CreateFleet",
                  "ec2:RunInstances"
                ],
                "condition": [
                  {
                    "test": "StringEquals",
                    "values": [
                      "owned"
                    ],
                    "variable": "aws:ResourceTag/kubernetes.io/cluster/saii"
                  },
                  {
                    "test": "StringLike",
                    "values": [
                      "*"
                    ],
                    "variable": "aws:ResourceTag/karpenter.sh/nodepool"
                  }
                ],
                "effect": "Allow",
                "not_actions": [],
                "not_principals": [],
                "not_resources": [],
                "principals": [],
                "resources": [
                  "arn:aws:ec2:us-west-2:*:launch-template/*"
                ],
                "sid": "AllowScopedEC2LaunchTemplateAccessActions"
              },
              {
                "actions": [
                  "ec2:CreateFleet",
                  "ec2:CreateLaunchTemplate",
                  "ec2:RunInstances"
                ],
                "condition": [
                  {
                    "test": "StringEquals",
                    "values": [
                      "owned"
                    ],
                    "variable": "aws:RequestTag/kubernetes.io/cluster/saii"
                  },
                  {
                    "test": "StringEquals",
                    "values": [
                      "saii"
                    ],
                    "variable": "aws:RequestTag/eks:eks-cluster-name"
                  },
                  {
                    "test": "StringLike",
                    "values": [
                      "*"
                    ],
                    "variable": "aws:RequestTag/karpenter.sh/nodepool"
                  }
                ],
                "effect": "Allow",
                "not_actions": [],
                "not_principals": [],
                "not_resources": [],
                "principals": [],
                "resources": [
                  "arn:aws:ec2:us-west-2:*:fleet/*",
                  "arn:aws:ec2:us-west-2:*:instance/*",
                  "arn:aws:ec2:us-west-2:*:launch-template/*",
                  "arn:aws:ec2:us-west-2:*:network-interface/*",
                  "arn:aws:ec2:us-west-2:*:spot-instances-request/*",
                  "arn:aws:ec2:us-west-2:*:volume/*"
                ],
                "sid": "AllowScopedEC2InstanceActionsWithTags"
              },
              {
                "actions": [
                  "ec2:CreateTags"
                ],
                "condition": [
                  {
                    "test": "StringEquals",
                    "values": [
                      "RunInstances",
                      "CreateFleet",
                      "CreateLaunchTemplate"
                    ],
                    "variable": "ec2:CreateAction"
                  },
                  {
                    "test": "StringEquals",
                    "values": [
                      "owned"
                    ],
                    "variable": "aws:RequestTag/kubernetes.io/cluster/saii"
                  },
                  {
                    "test": "StringEquals",
                    "values": [
                      "saii"
                    ],
                    "variable": "aws:RequestTag/eks:eks-cluster-name"
                  },
                  {
                    "test": "StringLike",
                    "values": [
                      "*"
                    ],
                    "variable": "aws:RequestTag/karpenter.sh/nodepool"
                  }
                ],
                "effect": "Allow",
                "not_actions": [],
                "not_principals": [],
                "not_resources": [],
                "principals": [],
                "resources": [
                  "arn:aws:ec2:us-west-2:*:fleet/*",
                  "arn:aws:ec2:us-west-2:*:instance/*",
                  "arn:aws:ec2:us-west-2:*:launch-template/*",
                  "arn:aws:ec2:us-west-2:*:network-interface/*",
                  "arn:aws:ec2:us-west-2:*:spot-instances-request/*",
                  "arn:aws:ec2:us-west-2:*:volume/*"
                ],
                "sid": "AllowScopedResourceCreationTagging"
              },
              {
                "actions": [
                  "ec2:CreateTags"
                ],
                "condition": [
                  {
                    "test": "ForAllValues:StringEquals",
                    "values": [
                      "eks:eks-cluster-name",
                      "karpenter.sh/nodeclaim",
                      "Name"
                    ],
                    "variable": "aws:TagKeys"
                  },
                  {
                    "test": "StringEquals",
                    "values": [
                      "owned"
                    ],
                    "variable": "aws:ResourceTag/kubernetes.io/cluster/saii"
                  },
                  {
                    "test": "StringEqualsIfExists",
                    "values": [
                      "saii"
                    ],
                    "variable": "aws:RequestTag/eks:eks-cluster-name"
                  },
                  {
                    "test": "StringLike",
                    "values": [
                      "*"
                    ],
                    "variable": "aws:ResourceTag/karpenter.sh/nodepool"
                  }
                ],
                "effect": "Allow",
                "not_actions": [],
                "not_principals": [],
                "not_resources": [],
                "principals": [],
                "resources": [
                  "arn:aws:ec2:us-west-2:*:instance/*"
                ],
                "sid": "AllowScopedResourceTagging"
              },
              {
                "actions": [
                  "ec2:DeleteLaunchTemplate",
                  "ec2:TerminateInstances"
                ],
                "condition": [
                  {
                    "test": "StringEquals",
                    "values": [
                      "owned"
                    ],
                    "variable": "aws:ResourceTag/kubernetes.io/cluster/saii"
                  },
                  {
                    "test": "StringLike",
                    "values": [
                      "*"
                    ],
                    "variable": "aws:ResourceTag/karpenter.sh/nodepool"
                  }
                ],
                "effect": "Allow",
                "not_actions": [],
                "not_principals": [],
                "not_resources": [],
                "principals": [],
                "resources": [
                  "arn:aws:ec2:us-west-2:*:instance/*",
                  "arn:aws:ec2:us-west-2:*:launch-template/*"
                ],
                "sid": "AllowScopedDeletion"
              },
              {
                "actions": [
                  "ec2:DescribeAvailabilityZones",
                  "ec2:DescribeImages",
                  "ec2:DescribeInstanceTypeOfferings",
                  "ec2:DescribeInstanceTypes",
                  "ec2:DescribeInstances",
                  "ec2:DescribeLaunchTemplates",
                  "ec2:DescribeSecurityGroups",
                  "ec2:DescribeSpotPriceHistory",
                  "ec2:DescribeSubnets"
                ],
                "condition": [
                  {
                    "test": "StringEquals",
                    "values": [
                      "us-west-2"
                    ],
                    "variable": "aws:RequestedRegion"
                  }
                ],
                "effect": "Allow",
                "not_actions": [],
                "not_principals": [],
                "not_resources": [],
                "principals": [],
                "resources": [
                  "*"
                ],
                "sid": "AllowRegionalReadActions"
              },
              {
                "actions": [
                  "ssm:GetParameter"
                ],
                "condition": [],
                "effect": "Allow",
                "not_actions": [],
                "not_principals": [],
                "not_resources": [],
                "principals": [],
                "resources": [
                  "arn:aws:ssm:us-west-2::parameter/aws/service/*"
                ],
                "sid": "AllowSSMReadActions"
              },
              {
                "actions": [
                  "pricing:GetProducts"
                ],
                "condition": [],
                "effect": "Allow",
                "not_actions": [],
                "not_principals": [],
                "not_resources": [],
                "principals": [],
                "resources": [
                  "*"
                ],
                "sid": "AllowPricingReadActions"
              },
              {
                "actions": [
                  "sqs:DeleteMessage",
                  "sqs:GetQueueUrl",
                  "sqs:ReceiveMessage"
                ],
                "condition": [],
                "effect": "Allow",
                "not_actions": [],
                "not_principals": [],
                "not_resources": [],
                "principals": [],
                "resources": [
                  "arn:aws:sqs:us-west-2:882027629355:Karpenter-saii"
                ],
                "sid": "AllowInterruptionQueueActions"
              },
              {
                "actions": [
                  "iam:PassRole"
                ],
                "condition": [
                  {
                    "test": "StringEquals",
                    "values": [
                      "ec2.amazonaws.com"
                    ],
                    "variable": "iam:PassedToService"
                  }
                ],
                "effect": "Allow",
                "not_actions": [],
                "not_principals": [],
                "not_resources": [],
                "principals": [],
                "resources": [
                  "arn:aws:iam::882027629355:role/Karpenter-saii-20241003052200411500000016"
                ],
                "sid": "AllowPassingInstanceRole"
              },
              {
                "actions": [
                  "iam:CreateInstanceProfile"
                ],
                "condition": [
                  {
                    "test": "StringEquals",
                    "values": [
                      "owned"
                    ],
                    "variable": "aws:RequestTag/kubernetes.io/cluster/saii"
                  },
                  {
                    "test": "StringEquals",
                    "values": [
                      "saii"
                    ],
                    "variable": "aws:RequestTag/eks:eks-cluster-name"
                  },
                  {
                    "test": "StringEquals",
                    "values": [
                      "us-west-2"
                    ],
                    "variable": "aws:RequestTag/topology.kubernetes.io/region"
                  },
                  {
                    "test": "StringLike",
                    "values": [
                      "*"
                    ],
                    "variable": "aws:RequestTag/karpenter.k8s.aws/ec2nodeclass"
                  }
                ],
                "effect": "Allow",
                "not_actions": [],
                "not_principals": [],
                "not_resources": [],
                "principals": [],
                "resources": [
                  "arn:aws:iam::882027629355:instance-profile/*"
                ],
                "sid": "AllowScopedInstanceProfileCreationActions"
              },
              {
                "actions": [
                  "iam:TagInstanceProfile"
                ],
                "condition": [
                  {
                    "test": "StringEquals",
                    "values": [
                      "owned"
                    ],
                    "variable": "aws:RequestTag/kubernetes.io/cluster/saii"
                  },
                  {
                    "test": "StringEquals",
                    "values": [
                      "owned"
                    ],
                    "variable": "aws:ResourceTag/kubernetes.io/cluster/saii"
                  },
                  {
                    "test": "StringEquals",
                    "values": [
                      "saii"
                    ],
                    "variable": "aws:RequestTag/eks:eks-cluster-name"
                  },
                  {
                    "test": "StringEquals",
                    "values": [
                      "us-west-2"
                    ],
                    "variable": "aws:RequestTag/topology.kubernetes.io/region"
                  },
                  {
                    "test": "StringEquals",
                    "values": [
                      "us-west-2"
                    ],
                    "variable": "aws:ResourceTag/topology.kubernetes.io/region"
                  },
                  {
                    "test": "StringLike",
                    "values": [
                      "*"
                    ],
                    "variable": "aws:RequestTag/karpenter.k8s.aws/ec2nodeclass"
                  },
                  {
                    "test": "StringLike",
                    "values": [
                      "*"
                    ],
                    "variable": "aws:ResourceTag/karpenter.k8s.aws/ec2nodeclass"
                  }
                ],
                "effect": "Allow",
                "not_actions": [],
                "not_principals": [],
                "not_resources": [],
                "principals": [],
                "resources": [
                  "arn:aws:iam::882027629355:instance-profile/*"
                ],
                "sid": "AllowScopedInstanceProfileTagActions"
              },
              {
                "actions": [
                  "iam:AddRoleToInstanceProfile",
                  "iam:DeleteInstanceProfile",
                  "iam:RemoveRoleFromInstanceProfile"
                ],
                "condition": [
                  {
                    "test": "StringEquals",
                    "values": [
                      "owned"
                    ],
                    "variable": "aws:ResourceTag/kubernetes.io/cluster/saii"
                  },
                  {
                    "test": "StringEquals",
                    "values": [
                      "us-west-2"
                    ],
                    "variable": "aws:ResourceTag/topology.kubernetes.io/region"
                  },
                  {
                    "test": "StringLike",
                    "values": [
                      "*"
                    ],
                    "variable": "aws:ResourceTag/karpenter.k8s.aws/ec2nodeclass"
                  }
                ],
                "effect": "Allow",
                "not_actions": [],
                "not_principals": [],
                "not_resources": [],
                "principals": [],
                "resources": [
                  "arn:aws:iam::882027629355:instance-profile/*"
                ],
                "sid": "AllowScopedInstanceProfileActions"
              },
              {
                "actions": [
                  "iam:GetInstanceProfile"
                ],
                "condition": [],
                "effect": "Allow",
                "not_actions": [],
                "not_principals": [],
                "not_resources": [],
                "principals": [],
                "resources": [
                  "arn:aws:iam::882027629355:instance-profile/*"
                ],
                "sid": "AllowInstanceProfileReadActions"
              },
              {
                "actions": [
                  "eks:DescribeCluster"
                ],
                "condition": [],
                "effect": "Allow",
                "not_actions": [],
                "not_principals": [],
                "not_resources": [],
                "principals": [],
                "resources": [
                  "arn:aws:eks:us-west-2:882027629355:cluster/saii"
                ],
                "sid": "AllowAPIServerEndpointDiscovery"
              }
            ],
            "version": "2012-10-17"
          },
          "sensitive_attributes": []
        }
      ]
    },
    {
      "module": "module.karpenter",
      "mode": "data",
      "type": "aws_partition",
      "name": "current",
      "provider": "provider[\"registry.terraform.io/hashicorp/aws\"]",
      "instances": [
        {
          "schema_version": 0,
          "attributes": {
            "dns_suffix": "amazonaws.com",
            "id": "aws",
            "partition": "aws",
            "reverse_dns_prefix": "com.amazonaws"
          },
          "sensitive_attributes": []
        }
      ]
    },
    {
      "module": "module.karpenter",
      "mode": "data",
      "type": "aws_region",
      "name": "current",
      "provider": "provider[\"registry.terraform.io/hashicorp/aws\"]",
      "instances": [
        {
          "schema_version": 0,
          "attributes": {
            "description": "US West (Oregon)",
            "endpoint": "ec2.us-west-2.amazonaws.com",
            "id": "us-west-2",
            "name": "us-west-2"
          },
          "sensitive_attributes": []
        }
      ]
    },
    {
      "module": "module.karpenter",
      "mode": "managed",
      "type": "aws_cloudwatch_event_rule",
      "name": "this",
      "provider": "provider[\"registry.terraform.io/hashicorp/aws\"]",
      "instances": [
        {
          "index_key": "health_event",
          "schema_version": 1,
          "attributes": {
            "arn": "arn:aws:events:us-west-2:882027629355:rule/KarpenterHealthEvent-20241003052200406000000012",
            "description": "Karpenter interrupt - AWS health event",
            "event_bus_name": "default",
            "event_pattern": "{\"detail-type\":[\"AWS Health Event\"],\"source\":[\"aws.health\"]}",
            "force_destroy": false,
            "id": "KarpenterHealthEvent-20241003052200406000000012",
            "is_enabled": true,
            "name": "KarpenterHealthEvent-20241003052200406000000012",
            "name_prefix": "KarpenterHealthEvent-",
            "role_arn": "",
            "schedule_expression": "",
            "state": "ENABLED",
            "tags": {
              "ClusterName": "saii"
            },
            "tags_all": {
              "ClusterName": "saii"
            }
          },
          "sensitive_attributes": [],
          "private": "eyJzY2hlbWFfdmVyc2lvbiI6IjEifQ==",
          "dependencies": [
            "module.eks.aws_cloudwatch_log_group.this",
            "module.eks.aws_eks_access_entry.this",
            "module.eks.aws_eks_access_policy_association.this",
            "module.eks.aws_eks_cluster.this",
            "module.eks.aws_iam_policy.cni_ipv6_policy",
            "module.eks.aws_iam_role.this",
            "module.eks.aws_iam_role_policy_attachment.this",
            "module.eks.aws_security_group.cluster",
            "module.eks.aws_security_group.node",
            "module.eks.aws_security_group_rule.cluster",
            "module.eks.aws_security_group_rule.node",
            "module.eks.data.aws_caller_identity.current",
            "module.eks.data.aws_iam_policy_document.assume_role_policy",
            "module.eks.data.aws_iam_policy_document.cni_ipv6_policy",
            "module.eks.data.aws_iam_session_context.current",
            "module.eks.data.aws_partition.current",
            "module.eks.module.kms.aws_kms_external_key.this",
            "module.eks.module.kms.aws_kms_key.this",
            "module.eks.module.kms.aws_kms_replica_external_key.this",
            "module.eks.module.kms.aws_kms_replica_key.this",
            "module.eks.module.kms.data.aws_caller_identity.current",
            "module.eks.module.kms.data.aws_iam_policy_document.this",
            "module.eks.module.kms.data.aws_partition.current",
            "module.vpc.aws_subnet.intra",
            "module.vpc.aws_subnet.private",
            "module.vpc.aws_vpc.this",
            "module.vpc.aws_vpc_ipv4_cidr_block_association.this"
          ]
        },
        {
          "index_key": "instance_rebalance",
          "schema_version": 1,
          "attributes": {
            "arn": "arn:aws:events:us-west-2:882027629355:rule/KarpenterInstanceRebalance-20241003052200410500000015",
            "description": "Karpenter interrupt - EC2 instance rebalance recommendation",
            "event_bus_name": "default",
            "event_pattern": "{\"detail-type\":[\"EC2 Instance Rebalance Recommendation\"],\"source\":[\"aws.ec2\"]}",
            "force_destroy": false,
            "id": "KarpenterInstanceRebalance-20241003052200410500000015",
            "is_enabled": true,
            "name": "KarpenterInstanceRebalance-20241003052200410500000015",
            "name_prefix": "KarpenterInstanceRebalance-",
            "role_arn": "",
            "schedule_expression": "",
            "state": "ENABLED",
            "tags": {
              "ClusterName": "saii"
            },
            "tags_all": {
              "ClusterName": "saii"
            }
          },
          "sensitive_attributes": [],
          "private": "eyJzY2hlbWFfdmVyc2lvbiI6IjEifQ==",
          "dependencies": [
            "module.eks.aws_cloudwatch_log_group.this",
            "module.eks.aws_eks_access_entry.this",
            "module.eks.aws_eks_access_policy_association.this",
            "module.eks.aws_eks_cluster.this",
            "module.eks.aws_iam_policy.cni_ipv6_policy",
            "module.eks.aws_iam_role.this",
            "module.eks.aws_iam_role_policy_attachment.this",
            "module.eks.aws_security_group.cluster",
            "module.eks.aws_security_group.node",
            "module.eks.aws_security_group_rule.cluster",
            "module.eks.aws_security_group_rule.node",
            "module.eks.data.aws_caller_identity.current",
            "module.eks.data.aws_iam_policy_document.assume_role_policy",
            "module.eks.data.aws_iam_policy_document.cni_ipv6_policy",
            "module.eks.data.aws_iam_session_context.current",
            "module.eks.data.aws_partition.current",
            "module.eks.module.kms.aws_kms_external_key.this",
            "module.eks.module.kms.aws_kms_key.this",
            "module.eks.module.kms.aws_kms_replica_external_key.this",
            "module.eks.module.kms.aws_kms_replica_key.this",
            "module.eks.module.kms.data.aws_caller_identity.current",
            "module.eks.module.kms.data.aws_iam_policy_document.this",
            "module.eks.module.kms.data.aws_partition.current",
            "module.vpc.aws_subnet.intra",
            "module.vpc.aws_subnet.private",
            "module.vpc.aws_vpc.this",
            "module.vpc.aws_vpc_ipv4_cidr_block_association.this"
          ]
        },
        {
          "index_key": "instance_state_change",
          "schema_version": 1,
          "attributes": {
            "arn": "arn:aws:events:us-west-2:882027629355:rule/KarpenterInstanceStateChange-20241003052200406700000014",
            "description": "Karpenter interrupt - EC2 instance state-change notification",
            "event_bus_name": "default",
            "event_pattern": "{\"detail-type\":[\"EC2 Instance State-change Notification\"],\"source\":[\"aws.ec2\"]}",
            "force_destroy": false,
            "id": "KarpenterInstanceStateChange-20241003052200406700000014",
            "is_enabled": true,
            "name": "KarpenterInstanceStateChange-20241003052200406700000014",
            "name_prefix": "KarpenterInstanceStateChange-",
            "role_arn": "",
            "schedule_expression": "",
            "state": "ENABLED",
            "tags": {
              "ClusterName": "saii"
            },
            "tags_all": {
              "ClusterName": "saii"
            }
          },
          "sensitive_attributes": [],
          "private": "eyJzY2hlbWFfdmVyc2lvbiI6IjEifQ==",
          "dependencies": [
            "module.eks.aws_cloudwatch_log_group.this",
            "module.eks.aws_eks_access_entry.this",
            "module.eks.aws_eks_access_policy_association.this",
            "module.eks.aws_eks_cluster.this",
            "module.eks.aws_iam_policy.cni_ipv6_policy",
            "module.eks.aws_iam_role.this",
            "module.eks.aws_iam_role_policy_attachment.this",
            "module.eks.aws_security_group.cluster",
            "module.eks.aws_security_group.node",
            "module.eks.aws_security_group_rule.cluster",
            "module.eks.aws_security_group_rule.node",
            "module.eks.data.aws_caller_identity.current",
            "module.eks.data.aws_iam_policy_document.assume_role_policy",
            "module.eks.data.aws_iam_policy_document.cni_ipv6_policy",
            "module.eks.data.aws_iam_session_context.current",
            "module.eks.data.aws_partition.current",
            "module.eks.module.kms.aws_kms_external_key.this",
            "module.eks.module.kms.aws_kms_key.this",
            "module.eks.module.kms.aws_kms_replica_external_key.this",
            "module.eks.module.kms.aws_kms_replica_key.this",
            "module.eks.module.kms.data.aws_caller_identity.current",
            "module.eks.module.kms.data.aws_iam_policy_document.this",
            "module.eks.module.kms.data.aws_partition.current",
            "module.vpc.aws_subnet.intra",
            "module.vpc.aws_subnet.private",
            "module.vpc.aws_vpc.this",
            "module.vpc.aws_vpc_ipv4_cidr_block_association.this"
          ]
        },
        {
          "index_key": "spot_interrupt",
          "schema_version": 1,
          "attributes": {
            "arn": "arn:aws:events:us-west-2:882027629355:rule/KarpenterSpotInterrupt-20241003052200405100000011",
            "description": "Karpenter interrupt - EC2 spot instance interruption warning",
            "event_bus_name": "default",
            "event_pattern": "{\"detail-type\":[\"EC2 Spot Instance Interruption Warning\"],\"source\":[\"aws.ec2\"]}",
            "force_destroy": false,
            "id": "KarpenterSpotInterrupt-20241003052200405100000011",
            "is_enabled": true,
            "name": "KarpenterSpotInterrupt-20241003052200405100000011",
            "name_prefix": "KarpenterSpotInterrupt-",
            "role_arn": "",
            "schedule_expression": "",
            "state": "ENABLED",
            "tags": {
              "ClusterName": "saii"
            },
            "tags_all": {
              "ClusterName": "saii"
            }
          },
          "sensitive_attributes": [],
          "private": "eyJzY2hlbWFfdmVyc2lvbiI6IjEifQ==",
          "dependencies": [
            "module.eks.aws_cloudwatch_log_group.this",
            "module.eks.aws_eks_access_entry.this",
            "module.eks.aws_eks_access_policy_association.this",
            "module.eks.aws_eks_cluster.this",
            "module.eks.aws_iam_policy.cni_ipv6_policy",
            "module.eks.aws_iam_role.this",
            "module.eks.aws_iam_role_policy_attachment.this",
            "module.eks.aws_security_group.cluster",
            "module.eks.aws_security_group.node",
            "module.eks.aws_security_group_rule.cluster",
            "module.eks.aws_security_group_rule.node",
            "module.eks.data.aws_caller_identity.current",
            "module.eks.data.aws_iam_policy_document.assume_role_policy",
            "module.eks.data.aws_iam_policy_document.cni_ipv6_policy",
            "module.eks.data.aws_iam_session_context.current",
            "module.eks.data.aws_partition.current",
            "module.eks.module.kms.aws_kms_external_key.this",
            "module.eks.module.kms.aws_kms_key.this",
            "module.eks.module.kms.aws_kms_replica_external_key.this",
            "module.eks.module.kms.aws_kms_replica_key.this",
            "module.eks.module.kms.data.aws_caller_identity.current",
            "module.eks.module.kms.data.aws_iam_policy_document.this",
            "module.eks.module.kms.data.aws_partition.current",
            "module.vpc.aws_subnet.intra",
            "module.vpc.aws_subnet.private",
            "module.vpc.aws_vpc.this",
            "module.vpc.aws_vpc_ipv4_cidr_block_association.this"
          ]
        }
      ]
    },
    {
      "module": "module.karpenter",
      "mode": "managed",
      "type": "aws_cloudwatch_event_target",
      "name": "this",
      "provider": "provider[\"registry.terraform.io/hashicorp/aws\"]",
      "instances": [
        {
          "index_key": "health_event",
          "schema_version": 1,
          "attributes": {
            "arn": "arn:aws:sqs:us-west-2:882027629355:Karpenter-saii",
            "batch_target": [],
            "dead_letter_config": [],
            "ecs_target": [],
            "event_bus_name": "default",
            "force_destroy": false,
            "http_target": [],
            "id": "KarpenterHealthEvent-20241003052200406000000012-KarpenterInterruptionQueueTarget",
            "input": "",
            "input_path": "",
            "input_transformer": [],
            "kinesis_target": [],
            "redshift_target": [],
            "retry_policy": [],
            "role_arn": "",
            "rule": "KarpenterHealthEvent-20241003052200406000000012",
            "run_command_targets": [],
            "sagemaker_pipeline_target": [],
            "sqs_target": [],
            "target_id": "KarpenterInterruptionQueueTarget"
          },
          "sensitive_attributes": [],
          "private": "eyJzY2hlbWFfdmVyc2lvbiI6IjEifQ==",
          "dependencies": [
            "module.eks.aws_cloudwatch_log_group.this",
            "module.eks.aws_eks_access_entry.this",
            "module.eks.aws_eks_access_policy_association.this",
            "module.eks.aws_eks_cluster.this",
            "module.eks.aws_iam_policy.cni_ipv6_policy",
            "module.eks.aws_iam_role.this",
            "module.eks.aws_iam_role_policy_attachment.this",
            "module.eks.aws_security_group.cluster",
            "module.eks.aws_security_group.node",
            "module.eks.aws_security_group_rule.cluster",
            "module.eks.aws_security_group_rule.node",
            "module.eks.data.aws_caller_identity.current",
            "module.eks.data.aws_iam_policy_document.assume_role_policy",
            "module.eks.data.aws_iam_policy_document.cni_ipv6_policy",
            "module.eks.data.aws_iam_session_context.current",
            "module.eks.data.aws_partition.current",
            "module.eks.module.kms.aws_kms_external_key.this",
            "module.eks.module.kms.aws_kms_key.this",
            "module.eks.module.kms.aws_kms_replica_external_key.this",
            "module.eks.module.kms.aws_kms_replica_key.this",
            "module.eks.module.kms.data.aws_caller_identity.current",
            "module.eks.module.kms.data.aws_iam_policy_document.this",
            "module.eks.module.kms.data.aws_partition.current",
            "module.karpenter.aws_cloudwatch_event_rule.this",
            "module.karpenter.aws_sqs_queue.this",
            "module.vpc.aws_subnet.intra",
            "module.vpc.aws_subnet.private",
            "module.vpc.aws_vpc.this",
            "module.vpc.aws_vpc_ipv4_cidr_block_association.this"
          ]
        },
        {
          "index_key": "instance_rebalance",
          "schema_version": 1,
          "attributes": {
            "arn": "arn:aws:sqs:us-west-2:882027629355:Karpenter-saii",
            "batch_target": [],
            "dead_letter_config": [],
            "ecs_target": [],
            "event_bus_name": "default",
            "force_destroy": false,
            "http_target": [],
            "id": "KarpenterInstanceRebalance-20241003052200410500000015-KarpenterInterruptionQueueTarget",
            "input": "",
            "input_path": "",
            "input_transformer": [],
            "kinesis_target": [],
            "redshift_target": [],
            "retry_policy": [],
            "role_arn": "",
            "rule": "KarpenterInstanceRebalance-20241003052200410500000015",
            "run_command_targets": [],
            "sagemaker_pipeline_target": [],
            "sqs_target": [],
            "target_id": "KarpenterInterruptionQueueTarget"
          },
          "sensitive_attributes": [],
          "private": "eyJzY2hlbWFfdmVyc2lvbiI6IjEifQ==",
          "dependencies": [
            "module.eks.aws_cloudwatch_log_group.this",
            "module.eks.aws_eks_access_entry.this",
            "module.eks.aws_eks_access_policy_association.this",
            "module.eks.aws_eks_cluster.this",
            "module.eks.aws_iam_policy.cni_ipv6_policy",
            "module.eks.aws_iam_role.this",
            "module.eks.aws_iam_role_policy_attachment.this",
            "module.eks.aws_security_group.cluster",
            "module.eks.aws_security_group.node",
            "module.eks.aws_security_group_rule.cluster",
            "module.eks.aws_security_group_rule.node",
            "module.eks.data.aws_caller_identity.current",
            "module.eks.data.aws_iam_policy_document.assume_role_policy",
            "module.eks.data.aws_iam_policy_document.cni_ipv6_policy",
            "module.eks.data.aws_iam_session_context.current",
            "module.eks.data.aws_partition.current",
            "module.eks.module.kms.aws_kms_external_key.this",
            "module.eks.module.kms.aws_kms_key.this",
            "module.eks.module.kms.aws_kms_replica_external_key.this",
            "module.eks.module.kms.aws_kms_replica_key.this",
            "module.eks.module.kms.data.aws_caller_identity.current",
            "module.eks.module.kms.data.aws_iam_policy_document.this",
            "module.eks.module.kms.data.aws_partition.current",
            "module.karpenter.aws_cloudwatch_event_rule.this",
            "module.karpenter.aws_sqs_queue.this",
            "module.vpc.aws_subnet.intra",
            "module.vpc.aws_subnet.private",
            "module.vpc.aws_vpc.this",
            "module.vpc.aws_vpc_ipv4_cidr_block_association.this"
          ]
        },
        {
          "index_key": "instance_state_change",
          "schema_version": 1,
          "attributes": {
            "arn": "arn:aws:sqs:us-west-2:882027629355:Karpenter-saii",
            "batch_target": [],
            "dead_letter_config": [],
            "ecs_target": [],
            "event_bus_name": "default",
            "force_destroy": false,
            "http_target": [],
            "id": "KarpenterInstanceStateChange-20241003052200406700000014-KarpenterInterruptionQueueTarget",
            "input": "",
            "input_path": "",
            "input_transformer": [],
            "kinesis_target": [],
            "redshift_target": [],
            "retry_policy": [],
            "role_arn": "",
            "rule": "KarpenterInstanceStateChange-20241003052200406700000014",
            "run_command_targets": [],
            "sagemaker_pipeline_target": [],
            "sqs_target": [],
            "target_id": "KarpenterInterruptionQueueTarget"
          },
          "sensitive_attributes": [],
          "private": "eyJzY2hlbWFfdmVyc2lvbiI6IjEifQ==",
          "dependencies": [
            "module.eks.aws_cloudwatch_log_group.this",
            "module.eks.aws_eks_access_entry.this",
            "module.eks.aws_eks_access_policy_association.this",
            "module.eks.aws_eks_cluster.this",
            "module.eks.aws_iam_policy.cni_ipv6_policy",
            "module.eks.aws_iam_role.this",
            "module.eks.aws_iam_role_policy_attachment.this",
            "module.eks.aws_security_group.cluster",
            "module.eks.aws_security_group.node",
            "module.eks.aws_security_group_rule.cluster",
            "module.eks.aws_security_group_rule.node",
            "module.eks.data.aws_caller_identity.current",
            "module.eks.data.aws_iam_policy_document.assume_role_policy",
            "module.eks.data.aws_iam_policy_document.cni_ipv6_policy",
            "module.eks.data.aws_iam_session_context.current",
            "module.eks.data.aws_partition.current",
            "module.eks.module.kms.aws_kms_external_key.this",
            "module.eks.module.kms.aws_kms_key.this",
            "module.eks.module.kms.aws_kms_replica_external_key.this",
            "module.eks.module.kms.aws_kms_replica_key.this",
            "module.eks.module.kms.data.aws_caller_identity.current",
            "module.eks.module.kms.data.aws_iam_policy_document.this",
            "module.eks.module.kms.data.aws_partition.current",
            "module.karpenter.aws_cloudwatch_event_rule.this",
            "module.karpenter.aws_sqs_queue.this",
            "module.vpc.aws_subnet.intra",
            "module.vpc.aws_subnet.private",
            "module.vpc.aws_vpc.this",
            "module.vpc.aws_vpc_ipv4_cidr_block_association.this"
          ]
        },
        {
          "index_key": "spot_interrupt",
          "schema_version": 1,
          "attributes": {
            "arn": "arn:aws:sqs:us-west-2:882027629355:Karpenter-saii",
            "batch_target": [],
            "dead_letter_config": [],
            "ecs_target": [],
            "event_bus_name": "default",
            "force_destroy": false,
            "http_target": [],
            "id": "KarpenterSpotInterrupt-20241003052200405100000011-KarpenterInterruptionQueueTarget",
            "input": "",
            "input_path": "",
            "input_transformer": [],
            "kinesis_target": [],
            "redshift_target": [],
            "retry_policy": [],
            "role_arn": "",
            "rule": "KarpenterSpotInterrupt-20241003052200405100000011",
            "run_command_targets": [],
            "sagemaker_pipeline_target": [],
            "sqs_target": [],
            "target_id": "KarpenterInterruptionQueueTarget"
          },
          "sensitive_attributes": [],
          "private": "eyJzY2hlbWFfdmVyc2lvbiI6IjEifQ==",
          "dependencies": [
            "module.eks.aws_cloudwatch_log_group.this",
            "module.eks.aws_eks_access_entry.this",
            "module.eks.aws_eks_access_policy_association.this",
            "module.eks.aws_eks_cluster.this",
            "module.eks.aws_iam_policy.cni_ipv6_policy",
            "module.eks.aws_iam_role.this",
            "module.eks.aws_iam_role_policy_attachment.this",
            "module.eks.aws_security_group.cluster",
            "module.eks.aws_security_group.node",
            "module.eks.aws_security_group_rule.cluster",
            "module.eks.aws_security_group_rule.node",
            "module.eks.data.aws_caller_identity.current",
            "module.eks.data.aws_iam_policy_document.assume_role_policy",
            "module.eks.data.aws_iam_policy_document.cni_ipv6_policy",
            "module.eks.data.aws_iam_session_context.current",
            "module.eks.data.aws_partition.current",
            "module.eks.module.kms.aws_kms_external_key.this",
            "module.eks.module.kms.aws_kms_key.this",
            "module.eks.module.kms.aws_kms_replica_external_key.this",
            "module.eks.module.kms.aws_kms_replica_key.this",
            "module.eks.module.kms.data.aws_caller_identity.current",
            "module.eks.module.kms.data.aws_iam_policy_document.this",
            "module.eks.module.kms.data.aws_partition.current",
            "module.karpenter.aws_cloudwatch_event_rule.this",
            "module.karpenter.aws_sqs_queue.this",
            "module.vpc.aws_subnet.intra",
            "module.vpc.aws_subnet.private",
            "module.vpc.aws_vpc.this",
            "module.vpc.aws_vpc_ipv4_cidr_block_association.this"
          ]
        }
      ]
    },
    {
      "module": "module.karpenter",
      "mode": "managed",
      "type": "aws_eks_access_entry",
      "name": "node",
      "provider": "provider[\"registry.terraform.io/hashicorp/aws\"]",
      "instances": [
        {
          "index_key": 0,
          "schema_version": 0,
          "attributes": {
            "access_entry_arn": "arn:aws:eks:us-west-2:882027629355:access-entry/saii/role/882027629355/Karpenter-saii-20241003052200411500000016/52c9286a-6637-5b01-51e1-007b219151ac",
            "cluster_name": "saii",
            "created_at": "2024-10-03T05:22:56Z",
            "id": "saii:arn:aws:iam::882027629355:role/Karpenter-saii-20241003052200411500000016",
            "kubernetes_groups": [
              "system:nodes"
            ],
            "modified_at": "2024-10-03T05:22:56Z",
            "principal_arn": "arn:aws:iam::882027629355:role/Karpenter-saii-20241003052200411500000016",
            "tags": {},
            "tags_all": {},
            "timeouts": null,
            "type": "EC2_LINUX",
            "user_name": "system:node:{{EC2PrivateDNSName}}"
          },
          "sensitive_attributes": [],
          "private": "eyJlMmJmYjczMC1lY2FhLTExZTYtOGY4OC0zNDM2M2JjN2M0YzAiOnsiY3JlYXRlIjo2MDAwMDAwMDAwMDAsImRlbGV0ZSI6NjAwMDAwMDAwMDAwfX0=",
          "dependencies": [
            "module.eks.aws_cloudwatch_log_group.this",
            "module.eks.aws_eks_access_entry.this",
            "module.eks.aws_eks_access_policy_association.this",
            "module.eks.aws_eks_cluster.this",
            "module.eks.aws_iam_policy.cni_ipv6_policy",
            "module.eks.aws_iam_role.this",
            "module.eks.aws_iam_role_policy_attachment.this",
            "module.eks.aws_security_group.cluster",
            "module.eks.aws_security_group.node",
            "module.eks.aws_security_group_rule.cluster",
            "module.eks.aws_security_group_rule.node",
            "module.eks.data.aws_caller_identity.current",
            "module.eks.data.aws_iam_policy_document.assume_role_policy",
            "module.eks.data.aws_iam_policy_document.cni_ipv6_policy",
            "module.eks.data.aws_iam_session_context.current",
            "module.eks.data.aws_partition.current",
            "module.eks.module.kms.aws_kms_external_key.this",
            "module.eks.module.kms.aws_kms_key.this",
            "module.eks.module.kms.aws_kms_replica_external_key.this",
            "module.eks.module.kms.aws_kms_replica_key.this",
            "module.eks.module.kms.data.aws_caller_identity.current",
            "module.eks.module.kms.data.aws_iam_policy_document.this",
            "module.eks.module.kms.data.aws_partition.current",
            "module.karpenter.aws_iam_role.node",
            "module.karpenter.aws_sqs_queue.this",
            "module.karpenter.aws_sqs_queue_policy.this",
            "module.karpenter.data.aws_iam_policy_document.node_assume_role",
            "module.karpenter.data.aws_iam_policy_document.queue",
            "module.karpenter.data.aws_partition.current",
            "module.vpc.aws_subnet.intra",
            "module.vpc.aws_subnet.private",
            "module.vpc.aws_vpc.this",
            "module.vpc.aws_vpc_ipv4_cidr_block_association.this"
          ]
        }
      ]
    },
    {
      "module": "module.karpenter",
      "mode": "managed",
      "type": "aws_eks_pod_identity_association",
      "name": "karpenter",
      "provider": "provider[\"registry.terraform.io/hashicorp/aws\"]",
      "instances": [
        {
          "index_key": 0,
          "schema_version": 0,
          "attributes": {
            "association_arn": "arn:aws:eks:us-west-2:882027629355:podidentityassociation/saii/a-4m3lnelhdjwbvwmsb",
            "association_id": "a-4m3lnelhdjwbvwmsb",
            "cluster_name": "saii",
            "id": "a-4m3lnelhdjwbvwmsb",
            "namespace": "kube-system",
            "role_arn": "arn:aws:iam::882027629355:role/KarpenterController-20241003051023775800000001",
            "service_account": "karpenter",
            "tags": {},
            "tags_all": {}
          },
          "sensitive_attributes": [],
          "dependencies": [
            "module.eks.aws_cloudwatch_log_group.this",
            "module.eks.aws_eks_access_entry.this",
            "module.eks.aws_eks_access_policy_association.this",
            "module.eks.aws_eks_cluster.this",
            "module.eks.aws_iam_policy.cni_ipv6_policy",
            "module.eks.aws_iam_role.this",
            "module.eks.aws_iam_role_policy_attachment.this",
            "module.eks.aws_security_group.cluster",
            "module.eks.aws_security_group.node",
            "module.eks.aws_security_group_rule.cluster",
            "module.eks.aws_security_group_rule.node",
            "module.eks.data.aws_caller_identity.current",
            "module.eks.data.aws_iam_policy_document.assume_role_policy",
            "module.eks.data.aws_iam_policy_document.cni_ipv6_policy",
            "module.eks.data.aws_iam_session_context.current",
            "module.eks.data.aws_partition.current",
            "module.eks.module.kms.aws_kms_external_key.this",
            "module.eks.module.kms.aws_kms_key.this",
            "module.eks.module.kms.aws_kms_replica_external_key.this",
            "module.eks.module.kms.aws_kms_replica_key.this",
            "module.eks.module.kms.data.aws_caller_identity.current",
            "module.eks.module.kms.data.aws_iam_policy_document.this",
            "module.eks.module.kms.data.aws_partition.current",
            "module.karpenter.aws_iam_role.controller",
            "module.karpenter.data.aws_iam_policy_document.controller_assume_role",
            "module.vpc.aws_subnet.intra",
            "module.vpc.aws_subnet.private",
            "module.vpc.aws_vpc.this",
            "module.vpc.aws_vpc_ipv4_cidr_block_association.this"
          ]
        }
      ]
    },
    {
      "module": "module.karpenter",
      "mode": "managed",
      "type": "aws_iam_policy",
      "name": "controller",
      "provider": "provider[\"registry.terraform.io/hashicorp/aws\"]",
      "instances": [
        {
          "index_key": 0,
          "schema_version": 0,
          "attributes": {
            "arn": "arn:aws:iam::882027629355:policy/KarpenterController-2024100305222892870000001d",
            "attachment_count": 1,
            "description": "Karpenter controller IAM policy",
            "id": "arn:aws:iam::882027629355:policy/KarpenterController-2024100305222892870000001d",
            "name": "KarpenterController-2024100305222892870000001d",
            "name_prefix": "KarpenterController-",
            "path": "/",
            "policy": "{\"Statement\":[{\"Action\":[\"ec2:RunInstances\",\"ec2:CreateFleet\"],\"Effect\":\"Allow\",\"Resource\":[\"arn:aws:ec2:us-west-2::snapshot/*\",\"arn:aws:ec2:us-west-2::image/*\",\"arn:aws:ec2:us-west-2:*:subnet/*\",\"arn:aws:ec2:us-west-2:*:security-group/*\"],\"Sid\":\"AllowScopedEC2InstanceAccessActions\"},{\"Action\":[\"ec2:RunInstances\",\"ec2:CreateFleet\"],\"Condition\":{\"StringEquals\":{\"aws:ResourceTag/kubernetes.io/cluster/saii\":\"owned\"},\"StringLike\":{\"aws:ResourceTag/karpenter.sh/nodepool\":\"*\"}},\"Effect\":\"Allow\",\"Resource\":\"arn:aws:ec2:us-west-2:*:launch-template/*\",\"Sid\":\"AllowScopedEC2LaunchTemplateAccessActions\"},{\"Action\":[\"ec2:RunInstances\",\"ec2:CreateLaunchTemplate\",\"ec2:CreateFleet\"],\"Condition\":{\"StringEquals\":{\"aws:RequestTag/eks:eks-cluster-name\":\"saii\",\"aws:RequestTag/kubernetes.io/cluster/saii\":\"owned\"},\"StringLike\":{\"aws:RequestTag/karpenter.sh/nodepool\":\"*\"}},\"Effect\":\"Allow\",\"Resource\":[\"arn:aws:ec2:us-west-2:*:volume/*\",\"arn:aws:ec2:us-west-2:*:spot-instances-request/*\",\"arn:aws:ec2:us-west-2:*:network-interface/*\",\"arn:aws:ec2:us-west-2:*:launch-template/*\",\"arn:aws:ec2:us-west-2:*:instance/*\",\"arn:aws:ec2:us-west-2:*:fleet/*\"],\"Sid\":\"AllowScopedEC2InstanceActionsWithTags\"},{\"Action\":\"ec2:CreateTags\",\"Condition\":{\"StringEquals\":{\"aws:RequestTag/eks:eks-cluster-name\":\"saii\",\"aws:RequestTag/kubernetes.io/cluster/saii\":\"owned\",\"ec2:CreateAction\":[\"RunInstances\",\"CreateFleet\",\"CreateLaunchTemplate\"]},\"StringLike\":{\"aws:RequestTag/karpenter.sh/nodepool\":\"*\"}},\"Effect\":\"Allow\",\"Resource\":[\"arn:aws:ec2:us-west-2:*:volume/*\",\"arn:aws:ec2:us-west-2:*:spot-instances-request/*\",\"arn:aws:ec2:us-west-2:*:network-interface/*\",\"arn:aws:ec2:us-west-2:*:launch-template/*\",\"arn:aws:ec2:us-west-2:*:instance/*\",\"arn:aws:ec2:us-west-2:*:fleet/*\"],\"Sid\":\"AllowScopedResourceCreationTagging\"},{\"Action\":\"ec2:CreateTags\",\"Condition\":{\"ForAllValues:StringEquals\":{\"aws:TagKeys\":[\"eks:eks-cluster-name\",\"karpenter.sh/nodeclaim\",\"Name\"]},\"StringEquals\":{\"aws:ResourceTag/kubernetes.io/cluster/saii\":\"owned\"},\"StringEqualsIfExists\":{\"aws:RequestTag/eks:eks-cluster-name\":\"saii\"},\"StringLike\":{\"aws:ResourceTag/karpenter.sh/nodepool\":\"*\"}},\"Effect\":\"Allow\",\"Resource\":\"arn:aws:ec2:us-west-2:*:instance/*\",\"Sid\":\"AllowScopedResourceTagging\"},{\"Action\":[\"ec2:TerminateInstances\",\"ec2:DeleteLaunchTemplate\"],\"Condition\":{\"StringEquals\":{\"aws:ResourceTag/kubernetes.io/cluster/saii\":\"owned\"},\"StringLike\":{\"aws:ResourceTag/karpenter.sh/nodepool\":\"*\"}},\"Effect\":\"Allow\",\"Resource\":[\"arn:aws:ec2:us-west-2:*:launch-template/*\",\"arn:aws:ec2:us-west-2:*:instance/*\"],\"Sid\":\"AllowScopedDeletion\"},{\"Action\":[\"ec2:DescribeSubnets\",\"ec2:DescribeSpotPriceHistory\",\"ec2:DescribeSecurityGroups\",\"ec2:DescribeLaunchTemplates\",\"ec2:DescribeInstances\",\"ec2:DescribeInstanceTypes\",\"ec2:DescribeInstanceTypeOfferings\",\"ec2:DescribeImages\",\"ec2:DescribeAvailabilityZones\"],\"Condition\":{\"StringEquals\":{\"aws:RequestedRegion\":\"us-west-2\"}},\"Effect\":\"Allow\",\"Resource\":\"*\",\"Sid\":\"AllowRegionalReadActions\"},{\"Action\":\"ssm:GetParameter\",\"Effect\":\"Allow\",\"Resource\":\"arn:aws:ssm:us-west-2::parameter/aws/service/*\",\"Sid\":\"AllowSSMReadActions\"},{\"Action\":\"pricing:GetProducts\",\"Effect\":\"Allow\",\"Resource\":\"*\",\"Sid\":\"AllowPricingReadActions\"},{\"Action\":[\"sqs:ReceiveMessage\",\"sqs:GetQueueUrl\",\"sqs:DeleteMessage\"],\"Effect\":\"Allow\",\"Resource\":\"arn:aws:sqs:us-west-2:882027629355:Karpenter-saii\",\"Sid\":\"AllowInterruptionQueueActions\"},{\"Action\":\"iam:PassRole\",\"Condition\":{\"StringEquals\":{\"iam:PassedToService\":\"ec2.amazonaws.com\"}},\"Effect\":\"Allow\",\"Resource\":\"arn:aws:iam::882027629355:role/Karpenter-saii-20241003052200411500000016\",\"Sid\":\"AllowPassingInstanceRole\"},{\"Action\":\"iam:CreateInstanceProfile\",\"Condition\":{\"StringEquals\":{\"aws:RequestTag/eks:eks-cluster-name\":\"saii\",\"aws:RequestTag/kubernetes.io/cluster/saii\":\"owned\",\"aws:RequestTag/topology.kubernetes.io/region\":\"us-west-2\"},\"StringLike\":{\"aws:RequestTag/karpenter.k8s.aws/ec2nodeclass\":\"*\"}},\"Effect\":\"Allow\",\"Resource\":\"arn:aws:iam::882027629355:instance-profile/*\",\"Sid\":\"AllowScopedInstanceProfileCreationActions\"},{\"Action\":\"iam:TagInstanceProfile\",\"Condition\":{\"StringEquals\":{\"aws:RequestTag/eks:eks-cluster-name\":\"saii\",\"aws:RequestTag/kubernetes.io/cluster/saii\":\"owned\",\"aws:RequestTag/topology.kubernetes.io/region\":\"us-west-2\",\"aws:ResourceTag/kubernetes.io/cluster/saii\":\"owned\",\"aws:ResourceTag/topology.kubernetes.io/region\":\"us-west-2\"},\"StringLike\":{\"aws:RequestTag/karpenter.k8s.aws/ec2nodeclass\":\"*\",\"aws:ResourceTag/karpenter.k8s.aws/ec2nodeclass\":\"*\"}},\"Effect\":\"Allow\",\"Resource\":\"arn:aws:iam::882027629355:instance-profile/*\",\"Sid\":\"AllowScopedInstanceProfileTagActions\"},{\"Action\":[\"iam:RemoveRoleFromInstanceProfile\",\"iam:DeleteInstanceProfile\",\"iam:AddRoleToInstanceProfile\"],\"Condition\":{\"StringEquals\":{\"aws:ResourceTag/kubernetes.io/cluster/saii\":\"owned\",\"aws:ResourceTag/topology.kubernetes.io/region\":\"us-west-2\"},\"StringLike\":{\"aws:ResourceTag/karpenter.k8s.aws/ec2nodeclass\":\"*\"}},\"Effect\":\"Allow\",\"Resource\":\"arn:aws:iam::882027629355:instance-profile/*\",\"Sid\":\"AllowScopedInstanceProfileActions\"},{\"Action\":\"iam:GetInstanceProfile\",\"Effect\":\"Allow\",\"Resource\":\"arn:aws:iam::882027629355:instance-profile/*\",\"Sid\":\"AllowInstanceProfileReadActions\"},{\"Action\":\"eks:DescribeCluster\",\"Effect\":\"Allow\",\"Resource\":\"arn:aws:eks:us-west-2:882027629355:cluster/saii\",\"Sid\":\"AllowAPIServerEndpointDiscovery\"}],\"Version\":\"2012-10-17\"}",
            "policy_id": "ANPA42XHRRMVXXUISDU3K",
            "tags": {},
            "tags_all": {}
          },
          "sensitive_attributes": [],
          "private": "bnVsbA==",
          "dependencies": [
            "module.eks.aws_cloudwatch_log_group.this",
            "module.eks.aws_eks_access_entry.this",
            "module.eks.aws_eks_access_policy_association.this",
            "module.eks.aws_eks_cluster.this",
            "module.eks.aws_iam_policy.cni_ipv6_policy",
            "module.eks.aws_iam_role.this",
            "module.eks.aws_iam_role_policy_attachment.this",
            "module.eks.aws_security_group.cluster",
            "module.eks.aws_security_group.node",
            "module.eks.aws_security_group_rule.cluster",
            "module.eks.aws_security_group_rule.node",
            "module.eks.data.aws_caller_identity.current",
            "module.eks.data.aws_iam_policy_document.assume_role_policy",
            "module.eks.data.aws_iam_policy_document.cni_ipv6_policy",
            "module.eks.data.aws_iam_session_context.current",
            "module.eks.data.aws_partition.current",
            "module.eks.module.kms.aws_kms_external_key.this",
            "module.eks.module.kms.aws_kms_key.this",
            "module.eks.module.kms.aws_kms_replica_external_key.this",
            "module.eks.module.kms.aws_kms_replica_key.this",
            "module.eks.module.kms.data.aws_caller_identity.current",
            "module.eks.module.kms.data.aws_iam_policy_document.this",
            "module.eks.module.kms.data.aws_partition.current",
            "module.karpenter.aws_iam_role.node",
            "module.karpenter.aws_sqs_queue.this",
            "module.karpenter.data.aws_caller_identity.current",
            "module.karpenter.data.aws_iam_policy_document.controller",
            "module.karpenter.data.aws_iam_policy_document.node_assume_role",
            "module.karpenter.data.aws_iam_policy_document.v033",
            "module.karpenter.data.aws_iam_policy_document.v1",
            "module.karpenter.data.aws_partition.current",
            "module.karpenter.data.aws_region.current",
            "module.vpc.aws_subnet.intra",
            "module.vpc.aws_subnet.private",
            "module.vpc.aws_vpc.this",
            "module.vpc.aws_vpc_ipv4_cidr_block_association.this"
          ]
        }
      ]
    },
    {
      "module": "module.karpenter",
      "mode": "managed",
      "type": "aws_iam_role",
      "name": "controller",
      "provider": "provider[\"registry.terraform.io/hashicorp/aws\"]",
      "instances": [
        {
          "index_key": 0,
          "schema_version": 0,
          "attributes": {
            "arn": "arn:aws:iam::882027629355:role/KarpenterController-20241003051023775800000001",
            "assume_role_policy": "{\"Statement\":[{\"Action\":[\"sts:TagSession\",\"sts:AssumeRole\"],\"Effect\":\"Allow\",\"Principal\":{\"Service\":\"pods.eks.amazonaws.com\"}}],\"Version\":\"2012-10-17\"}",
            "create_date": "2024-10-03T05:10:24Z",
            "description": "Karpenter controller IAM role",
            "force_detach_policies": true,
            "id": "KarpenterController-20241003051023775800000001",
            "inline_policy": [],
            "managed_policy_arns": [
              "arn:aws:iam::882027629355:policy/KarpenterController-2024100305222892870000001d"
            ],
            "max_session_duration": 3600,
            "name": "KarpenterController-20241003051023775800000001",
            "name_prefix": "KarpenterController-",
            "path": "/",
            "permissions_boundary": "",
            "tags": {},
            "tags_all": {},
            "unique_id": "AROA42XHRRMVWFFRN7J6X"
          },
          "sensitive_attributes": [],
          "private": "bnVsbA==",
          "dependencies": [
            "module.karpenter.data.aws_iam_policy_document.controller_assume_role"
          ]
        }
      ]
    },
    {
      "module": "module.karpenter",
      "mode": "managed",
      "type": "aws_iam_role",
      "name": "node",
      "provider": "provider[\"registry.terraform.io/hashicorp/aws\"]",
      "instances": [
        {
          "index_key": 0,
          "schema_version": 0,
          "attributes": {
            "arn": "arn:aws:iam::882027629355:role/Karpenter-saii-20241003052200411500000016",
            "assume_role_policy": "{\"Statement\":[{\"Action\":\"sts:AssumeRole\",\"Effect\":\"Allow\",\"Principal\":{\"Service\":\"ec2.amazonaws.com\"},\"Sid\":\"EKSNodeAssumeRole\"}],\"Version\":\"2012-10-17\"}",
            "create_date": "2024-10-03T05:22:00Z",
            "description": "",
            "force_detach_policies": true,
            "id": "Karpenter-saii-20241003052200411500000016",
            "inline_policy": [],
            "managed_policy_arns": [
              "arn:aws:iam::aws:policy/AmazonEC2ContainerRegistryReadOnly",
              "arn:aws:iam::aws:policy/AmazonEKSWorkerNodePolicy",
              "arn:aws:iam::aws:policy/AmazonEKS_CNI_Policy",
              "arn:aws:iam::aws:policy/AmazonSSMManagedInstanceCore"
            ],
            "max_session_duration": 3600,
            "name": "Karpenter-saii-20241003052200411500000016",
            "name_prefix": "Karpenter-saii-",
            "path": "/",
            "permissions_boundary": "",
            "tags": {},
            "tags_all": {},
            "unique_id": "AROA42XHRRMVXBNJFAH6X"
          },
          "sensitive_attributes": [],
          "private": "bnVsbA==",
          "dependencies": [
            "module.eks.aws_cloudwatch_log_group.this",
            "module.eks.aws_eks_access_entry.this",
            "module.eks.aws_eks_access_policy_association.this",
            "module.eks.aws_eks_cluster.this",
            "module.eks.aws_iam_policy.cni_ipv6_policy",
            "module.eks.aws_iam_role.this",
            "module.eks.aws_iam_role_policy_attachment.this",
            "module.eks.aws_security_group.cluster",
            "module.eks.aws_security_group.node",
            "module.eks.aws_security_group_rule.cluster",
            "module.eks.aws_security_group_rule.node",
            "module.eks.data.aws_caller_identity.current",
            "module.eks.data.aws_iam_policy_document.assume_role_policy",
            "module.eks.data.aws_iam_policy_document.cni_ipv6_policy",
            "module.eks.data.aws_iam_session_context.current",
            "module.eks.data.aws_partition.current",
            "module.eks.module.kms.aws_kms_external_key.this",
            "module.eks.module.kms.aws_kms_key.this",
            "module.eks.module.kms.aws_kms_replica_external_key.this",
            "module.eks.module.kms.aws_kms_replica_key.this",
            "module.eks.module.kms.data.aws_caller_identity.current",
            "module.eks.module.kms.data.aws_iam_policy_document.this",
            "module.eks.module.kms.data.aws_partition.current",
            "module.karpenter.data.aws_iam_policy_document.node_assume_role",
            "module.karpenter.data.aws_partition.current",
            "module.vpc.aws_subnet.intra",
            "module.vpc.aws_subnet.private",
            "module.vpc.aws_vpc.this",
            "module.vpc.aws_vpc_ipv4_cidr_block_association.this"
          ]
        }
      ]
    },
    {
      "module": "module.karpenter",
      "mode": "managed",
      "type": "aws_iam_role_policy_attachment",
      "name": "controller",
      "provider": "provider[\"registry.terraform.io/hashicorp/aws\"]",
      "instances": [
        {
          "index_key": 0,
          "schema_version": 0,
          "attributes": {
            "id": "KarpenterController-20241003051023775800000001-2024100305223004610000001e",
            "policy_arn": "arn:aws:iam::882027629355:policy/KarpenterController-2024100305222892870000001d",
            "role": "KarpenterController-20241003051023775800000001"
          },
          "sensitive_attributes": [],
          "private": "bnVsbA==",
          "dependencies": [
            "module.eks.aws_cloudwatch_log_group.this",
            "module.eks.aws_eks_access_entry.this",
            "module.eks.aws_eks_access_policy_association.this",
            "module.eks.aws_eks_cluster.this",
            "module.eks.aws_iam_policy.cni_ipv6_policy",
            "module.eks.aws_iam_role.this",
            "module.eks.aws_iam_role_policy_attachment.this",
            "module.eks.aws_security_group.cluster",
            "module.eks.aws_security_group.node",
            "module.eks.aws_security_group_rule.cluster",
            "module.eks.aws_security_group_rule.node",
            "module.eks.data.aws_caller_identity.current",
            "module.eks.data.aws_iam_policy_document.assume_role_policy",
            "module.eks.data.aws_iam_policy_document.cni_ipv6_policy",
            "module.eks.data.aws_iam_session_context.current",
            "module.eks.data.aws_partition.current",
            "module.eks.module.kms.aws_kms_external_key.this",
            "module.eks.module.kms.aws_kms_key.this",
            "module.eks.module.kms.aws_kms_replica_external_key.this",
            "module.eks.module.kms.aws_kms_replica_key.this",
            "module.eks.module.kms.data.aws_caller_identity.current",
            "module.eks.module.kms.data.aws_iam_policy_document.this",
            "module.eks.module.kms.data.aws_partition.current",
            "module.karpenter.aws_iam_policy.controller",
            "module.karpenter.aws_iam_role.controller",
            "module.karpenter.aws_iam_role.node",
            "module.karpenter.aws_sqs_queue.this",
            "module.karpenter.data.aws_caller_identity.current",
            "module.karpenter.data.aws_iam_policy_document.controller",
            "module.karpenter.data.aws_iam_policy_document.controller_assume_role",
            "module.karpenter.data.aws_iam_policy_document.node_assume_role",
            "module.karpenter.data.aws_iam_policy_document.v033",
            "module.karpenter.data.aws_iam_policy_document.v1",
            "module.karpenter.data.aws_partition.current",
            "module.karpenter.data.aws_region.current",
            "module.vpc.aws_subnet.intra",
            "module.vpc.aws_subnet.private",
            "module.vpc.aws_vpc.this",
            "module.vpc.aws_vpc_ipv4_cidr_block_association.this"
          ]
        }
      ]
    },
    {
      "module": "module.karpenter",
      "mode": "managed",
      "type": "aws_iam_role_policy_attachment",
      "name": "node",
      "provider": "provider[\"registry.terraform.io/hashicorp/aws\"]",
      "instances": [
        {
          "index_key": "AmazonEC2ContainerRegistryReadOnly",
          "schema_version": 0,
          "attributes": {
            "id": "Karpenter-saii-20241003052200411500000016-20241003052202445800000019",
            "policy_arn": "arn:aws:iam::aws:policy/AmazonEC2ContainerRegistryReadOnly",
            "role": "Karpenter-saii-20241003052200411500000016"
          },
          "sensitive_attributes": [],
          "private": "bnVsbA==",
          "dependencies": [
            "module.eks.aws_cloudwatch_log_group.this",
            "module.eks.aws_eks_access_entry.this",
            "module.eks.aws_eks_access_policy_association.this",
            "module.eks.aws_eks_cluster.this",
            "module.eks.aws_iam_policy.cni_ipv6_policy",
            "module.eks.aws_iam_role.this",
            "module.eks.aws_iam_role_policy_attachment.this",
            "module.eks.aws_security_group.cluster",
            "module.eks.aws_security_group.node",
            "module.eks.aws_security_group_rule.cluster",
            "module.eks.aws_security_group_rule.node",
            "module.eks.data.aws_caller_identity.current",
            "module.eks.data.aws_iam_policy_document.assume_role_policy",
            "module.eks.data.aws_iam_policy_document.cni_ipv6_policy",
            "module.eks.data.aws_iam_session_context.current",
            "module.eks.data.aws_partition.current",
            "module.eks.module.kms.aws_kms_external_key.this",
            "module.eks.module.kms.aws_kms_key.this",
            "module.eks.module.kms.aws_kms_replica_external_key.this",
            "module.eks.module.kms.aws_kms_replica_key.this",
            "module.eks.module.kms.data.aws_caller_identity.current",
            "module.eks.module.kms.data.aws_iam_policy_document.this",
            "module.eks.module.kms.data.aws_partition.current",
            "module.karpenter.aws_iam_role.node",
            "module.karpenter.data.aws_caller_identity.current",
            "module.karpenter.data.aws_iam_policy_document.node_assume_role",
            "module.karpenter.data.aws_partition.current",
            "module.vpc.aws_subnet.intra",
            "module.vpc.aws_subnet.private",
            "module.vpc.aws_vpc.this",
            "module.vpc.aws_vpc_ipv4_cidr_block_association.this"
          ]
        },
        {
          "index_key": "AmazonEKSWorkerNodePolicy",
          "schema_version": 0,
          "attributes": {
            "id": "Karpenter-saii-20241003052200411500000016-2024100305220244960000001a",
            "policy_arn": "arn:aws:iam::aws:policy/AmazonEKSWorkerNodePolicy",
            "role": "Karpenter-saii-20241003052200411500000016"
          },
          "sensitive_attributes": [],
          "private": "bnVsbA==",
          "dependencies": [
            "module.eks.aws_cloudwatch_log_group.this",
            "module.eks.aws_eks_access_entry.this",
            "module.eks.aws_eks_access_policy_association.this",
            "module.eks.aws_eks_cluster.this",
            "module.eks.aws_iam_policy.cni_ipv6_policy",
            "module.eks.aws_iam_role.this",
            "module.eks.aws_iam_role_policy_attachment.this",
            "module.eks.aws_security_group.cluster",
            "module.eks.aws_security_group.node",
            "module.eks.aws_security_group_rule.cluster",
            "module.eks.aws_security_group_rule.node",
            "module.eks.data.aws_caller_identity.current",
            "module.eks.data.aws_iam_policy_document.assume_role_policy",
            "module.eks.data.aws_iam_policy_document.cni_ipv6_policy",
            "module.eks.data.aws_iam_session_context.current",
            "module.eks.data.aws_partition.current",
            "module.eks.module.kms.aws_kms_external_key.this",
            "module.eks.module.kms.aws_kms_key.this",
            "module.eks.module.kms.aws_kms_replica_external_key.this",
            "module.eks.module.kms.aws_kms_replica_key.this",
            "module.eks.module.kms.data.aws_caller_identity.current",
            "module.eks.module.kms.data.aws_iam_policy_document.this",
            "module.eks.module.kms.data.aws_partition.current",
            "module.karpenter.aws_iam_role.node",
            "module.karpenter.data.aws_caller_identity.current",
            "module.karpenter.data.aws_iam_policy_document.node_assume_role",
            "module.karpenter.data.aws_partition.current",
            "module.vpc.aws_subnet.intra",
            "module.vpc.aws_subnet.private",
            "module.vpc.aws_vpc.this",
            "module.vpc.aws_vpc_ipv4_cidr_block_association.this"
          ]
        },
        {
          "index_key": "AmazonEKS_CNI_Policy",
          "schema_version": 0,
          "attributes": {
            "id": "Karpenter-saii-20241003052200411500000016-20241003052201822500000017",
            "policy_arn": "arn:aws:iam::aws:policy/AmazonEKS_CNI_Policy",
            "role": "Karpenter-saii-20241003052200411500000016"
          },
          "sensitive_attributes": [],
          "private": "bnVsbA==",
          "dependencies": [
            "module.eks.aws_cloudwatch_log_group.this",
            "module.eks.aws_eks_access_entry.this",
            "module.eks.aws_eks_access_policy_association.this",
            "module.eks.aws_eks_cluster.this",
            "module.eks.aws_iam_policy.cni_ipv6_policy",
            "module.eks.aws_iam_role.this",
            "module.eks.aws_iam_role_policy_attachment.this",
            "module.eks.aws_security_group.cluster",
            "module.eks.aws_security_group.node",
            "module.eks.aws_security_group_rule.cluster",
            "module.eks.aws_security_group_rule.node",
            "module.eks.data.aws_caller_identity.current",
            "module.eks.data.aws_iam_policy_document.assume_role_policy",
            "module.eks.data.aws_iam_policy_document.cni_ipv6_policy",
            "module.eks.data.aws_iam_session_context.current",
            "module.eks.data.aws_partition.current",
            "module.eks.module.kms.aws_kms_external_key.this",
            "module.eks.module.kms.aws_kms_key.this",
            "module.eks.module.kms.aws_kms_replica_external_key.this",
            "module.eks.module.kms.aws_kms_replica_key.this",
            "module.eks.module.kms.data.aws_caller_identity.current",
            "module.eks.module.kms.data.aws_iam_policy_document.this",
            "module.eks.module.kms.data.aws_partition.current",
            "module.karpenter.aws_iam_role.node",
            "module.karpenter.data.aws_caller_identity.current",
            "module.karpenter.data.aws_iam_policy_document.node_assume_role",
            "module.karpenter.data.aws_partition.current",
            "module.vpc.aws_subnet.intra",
            "module.vpc.aws_subnet.private",
            "module.vpc.aws_vpc.this",
            "module.vpc.aws_vpc_ipv4_cidr_block_association.this"
          ]
        }
      ]
    },
    {
      "module": "module.karpenter",
      "mode": "managed",
      "type": "aws_iam_role_policy_attachment",
      "name": "node_additional",
      "provider": "provider[\"registry.terraform.io/hashicorp/aws\"]",
      "instances": [
        {
          "index_key": "AmazonSSMManagedInstanceCore",
          "schema_version": 0,
          "attributes": {
            "id": "Karpenter-saii-20241003052200411500000016-20241003052202130300000018",
            "policy_arn": "arn:aws:iam::aws:policy/AmazonSSMManagedInstanceCore",
            "role": "Karpenter-saii-20241003052200411500000016"
          },
          "sensitive_attributes": [],
          "private": "bnVsbA==",
          "dependencies": [
            "module.eks.aws_cloudwatch_log_group.this",
            "module.eks.aws_eks_access_entry.this",
            "module.eks.aws_eks_access_policy_association.this",
            "module.eks.aws_eks_cluster.this",
            "module.eks.aws_iam_policy.cni_ipv6_policy",
            "module.eks.aws_iam_role.this",
            "module.eks.aws_iam_role_policy_attachment.this",
            "module.eks.aws_security_group.cluster",
            "module.eks.aws_security_group.node",
            "module.eks.aws_security_group_rule.cluster",
            "module.eks.aws_security_group_rule.node",
            "module.eks.data.aws_caller_identity.current",
            "module.eks.data.aws_iam_policy_document.assume_role_policy",
            "module.eks.data.aws_iam_policy_document.cni_ipv6_policy",
            "module.eks.data.aws_iam_session_context.current",
            "module.eks.data.aws_partition.current",
            "module.eks.module.kms.aws_kms_external_key.this",
            "module.eks.module.kms.aws_kms_key.this",
            "module.eks.module.kms.aws_kms_replica_external_key.this",
            "module.eks.module.kms.aws_kms_replica_key.this",
            "module.eks.module.kms.data.aws_caller_identity.current",
            "module.eks.module.kms.data.aws_iam_policy_document.this",
            "module.eks.module.kms.data.aws_partition.current",
            "module.karpenter.aws_iam_role.node",
            "module.karpenter.data.aws_iam_policy_document.node_assume_role",
            "module.karpenter.data.aws_partition.current",
            "module.vpc.aws_subnet.intra",
            "module.vpc.aws_subnet.private",
            "module.vpc.aws_vpc.this",
            "module.vpc.aws_vpc_ipv4_cidr_block_association.this"
          ]
        }
      ]
    },
    {
      "module": "module.karpenter",
      "mode": "managed",
      "type": "aws_sqs_queue",
      "name": "this",
      "provider": "provider[\"registry.terraform.io/hashicorp/aws\"]",
      "instances": [
        {
          "index_key": 0,
          "schema_version": 0,
          "attributes": {
            "arn": "arn:aws:sqs:us-west-2:882027629355:Karpenter-saii",
            "content_based_deduplication": false,
            "deduplication_scope": "",
            "delay_seconds": 0,
            "fifo_queue": false,
            "fifo_throughput_limit": "",
            "id": "https://sqs.us-west-2.amazonaws.com/882027629355/Karpenter-saii",
            "kms_data_key_reuse_period_seconds": 300,
            "kms_master_key_id": "",
            "max_message_size": 262144,
            "message_retention_seconds": 300,
            "name": "Karpenter-saii",
            "name_prefix": "",
            "policy": "{\"Statement\":[{\"Action\":\"sqs:SendMessage\",\"Effect\":\"Allow\",\"Principal\":{\"Service\":[\"sqs.amazonaws.com\",\"events.amazonaws.com\"]},\"Resource\":\"arn:aws:sqs:us-west-2:882027629355:Karpenter-saii\",\"Sid\":\"SqsWrite\"},{\"Action\":\"sqs:*\",\"Condition\":{\"StringEquals\":{\"aws:SecureTransport\":\"false\"}},\"Effect\":\"Deny\",\"Principal\":\"*\",\"Resource\":\"arn:aws:sqs:us-west-2:882027629355:Karpenter-saii\",\"Sid\":\"DenyHTTP\"}],\"Version\":\"2012-10-17\"}",
            "receive_wait_time_seconds": 0,
            "redrive_allow_policy": "",
            "redrive_policy": "",
            "sqs_managed_sse_enabled": true,
            "tags": {},
            "tags_all": {},
            "url": "https://sqs.us-west-2.amazonaws.com/882027629355/Karpenter-saii",
            "visibility_timeout_seconds": 30
          },
          "sensitive_attributes": [],
          "private": "bnVsbA==",
          "dependencies": [
            "module.eks.aws_cloudwatch_log_group.this",
            "module.eks.aws_eks_access_entry.this",
            "module.eks.aws_eks_access_policy_association.this",
            "module.eks.aws_eks_cluster.this",
            "module.eks.aws_iam_policy.cni_ipv6_policy",
            "module.eks.aws_iam_role.this",
            "module.eks.aws_iam_role_policy_attachment.this",
            "module.eks.aws_security_group.cluster",
            "module.eks.aws_security_group.node",
            "module.eks.aws_security_group_rule.cluster",
            "module.eks.aws_security_group_rule.node",
            "module.eks.data.aws_caller_identity.current",
            "module.eks.data.aws_iam_policy_document.assume_role_policy",
            "module.eks.data.aws_iam_policy_document.cni_ipv6_policy",
            "module.eks.data.aws_iam_session_context.current",
            "module.eks.data.aws_partition.current",
            "module.eks.module.kms.aws_kms_external_key.this",
            "module.eks.module.kms.aws_kms_key.this",
            "module.eks.module.kms.aws_kms_replica_external_key.this",
            "module.eks.module.kms.aws_kms_replica_key.this",
            "module.eks.module.kms.data.aws_caller_identity.current",
            "module.eks.module.kms.data.aws_iam_policy_document.this",
            "module.eks.module.kms.data.aws_partition.current",
            "module.vpc.aws_subnet.intra",
            "module.vpc.aws_subnet.private",
            "module.vpc.aws_vpc.this",
            "module.vpc.aws_vpc_ipv4_cidr_block_association.this"
          ]
        }
      ]
    },
    {
      "module": "module.karpenter",
      "mode": "managed",
      "type": "aws_sqs_queue_policy",
      "name": "this",
      "provider": "provider[\"registry.terraform.io/hashicorp/aws\"]",
      "instances": [
        {
          "index_key": 0,
          "schema_version": 1,
          "attributes": {
            "id": "https://sqs.us-west-2.amazonaws.com/882027629355/Karpenter-saii",
            "policy": "{\"Statement\":[{\"Action\":\"sqs:SendMessage\",\"Effect\":\"Allow\",\"Principal\":{\"Service\":[\"sqs.amazonaws.com\",\"events.amazonaws.com\"]},\"Resource\":\"arn:aws:sqs:us-west-2:882027629355:Karpenter-saii\",\"Sid\":\"SqsWrite\"},{\"Action\":\"sqs:*\",\"Condition\":{\"StringEquals\":{\"aws:SecureTransport\":\"false\"}},\"Effect\":\"Deny\",\"Principal\":\"*\",\"Resource\":\"arn:aws:sqs:us-west-2:882027629355:Karpenter-saii\",\"Sid\":\"DenyHTTP\"}],\"Version\":\"2012-10-17\"}",
            "queue_url": "https://sqs.us-west-2.amazonaws.com/882027629355/Karpenter-saii"
          },
          "sensitive_attributes": [],
          "private": "eyJzY2hlbWFfdmVyc2lvbiI6IjEifQ==",
          "dependencies": [
            "module.eks.aws_cloudwatch_log_group.this",
            "module.eks.aws_eks_access_entry.this",
            "module.eks.aws_eks_access_policy_association.this",
            "module.eks.aws_eks_cluster.this",
            "module.eks.aws_iam_policy.cni_ipv6_policy",
            "module.eks.aws_iam_role.this",
            "module.eks.aws_iam_role_policy_attachment.this",
            "module.eks.aws_security_group.cluster",
            "module.eks.aws_security_group.node",
            "module.eks.aws_security_group_rule.cluster",
            "module.eks.aws_security_group_rule.node",
            "module.eks.data.aws_caller_identity.current",
            "module.eks.data.aws_iam_policy_document.assume_role_policy",
            "module.eks.data.aws_iam_policy_document.cni_ipv6_policy",
            "module.eks.data.aws_iam_session_context.current",
            "module.eks.data.aws_partition.current",
            "module.eks.module.kms.aws_kms_external_key.this",
            "module.eks.module.kms.aws_kms_key.this",
            "module.eks.module.kms.aws_kms_replica_external_key.this",
            "module.eks.module.kms.aws_kms_replica_key.this",
            "module.eks.module.kms.data.aws_caller_identity.current",
            "module.eks.module.kms.data.aws_iam_policy_document.this",
            "module.eks.module.kms.data.aws_partition.current",
            "module.karpenter.aws_sqs_queue.this",
            "module.karpenter.data.aws_iam_policy_document.queue",
            "module.vpc.aws_subnet.intra",
            "module.vpc.aws_subnet.private",
            "module.vpc.aws_vpc.this",
            "module.vpc.aws_vpc_ipv4_cidr_block_association.this"
          ]
        }
      ]
    },
    {
      "module": "module.vpc",
      "mode": "managed",
      "type": "aws_default_network_acl",
      "name": "this",
      "provider": "provider[\"registry.terraform.io/hashicorp/aws\"]",
      "instances": [
        {
          "index_key": 0,
          "schema_version": 0,
          "attributes": {
            "arn": "arn:aws:ec2:us-west-2:882027629355:network-acl/acl-0a52737cc72cf0ba6",
            "default_network_acl_id": "acl-0a52737cc72cf0ba6",
            "egress": [
              {
                "action": "allow",
                "cidr_block": "",
                "from_port": 0,
                "icmp_code": 0,
                "icmp_type": 0,
                "ipv6_cidr_block": "::/0",
                "protocol": "-1",
                "rule_no": 101,
                "to_port": 0
              },
              {
                "action": "allow",
                "cidr_block": "0.0.0.0/0",
                "from_port": 0,
                "icmp_code": 0,
                "icmp_type": 0,
                "ipv6_cidr_block": "",
                "protocol": "-1",
                "rule_no": 100,
                "to_port": 0
              }
            ],
            "id": "acl-0a52737cc72cf0ba6",
            "ingress": [
              {
                "action": "allow",
                "cidr_block": "",
                "from_port": 0,
                "icmp_code": 0,
                "icmp_type": 0,
                "ipv6_cidr_block": "::/0",
                "protocol": "-1",
                "rule_no": 101,
                "to_port": 0
              },
              {
                "action": "allow",
                "cidr_block": "0.0.0.0/0",
                "from_port": 0,
                "icmp_code": 0,
                "icmp_type": 0,
                "ipv6_cidr_block": "",
                "protocol": "-1",
                "rule_no": 100,
                "to_port": 0
              }
            ],
            "owner_id": "882027629355",
            "subnet_ids": [
              "subnet-00c89940b82da97cf",
              "subnet-014f2dfdc1ee6957a",
              "subnet-035ad5660b0c214e8",
              "subnet-046be441e6762363b",
              "subnet-04b3564b7e1d6e92d",
              "subnet-056092059fa24bc3f",
              "subnet-0bb7258c288d38b96",
              "subnet-0c2fd488851a0c205",
              "subnet-0d2bd996a9c7e4d0e"
            ],
            "tags": {
              "Name": "saii-vpc-default"
            },
            "tags_all": {
              "Name": "saii-vpc-default"
            },
            "vpc_id": "vpc-0197dd4d5f4e38dfb"
          },
          "sensitive_attributes": [],
          "private": "bnVsbA==",
          "dependencies": [
            "module.vpc.aws_vpc.this"
          ]
        }
      ]
    },
    {
      "module": "module.vpc",
      "mode": "managed",
      "type": "aws_default_route_table",
      "name": "default",
      "provider": "provider[\"registry.terraform.io/hashicorp/aws\"]",
      "instances": [
        {
          "index_key": 0,
          "schema_version": 0,
          "attributes": {
            "arn": "arn:aws:ec2:us-west-2:882027629355:route-table/rtb-0e0b1f84456419f02",
            "default_route_table_id": "rtb-0e0b1f84456419f02",
            "id": "rtb-0e0b1f84456419f02",
            "owner_id": "882027629355",
            "propagating_vgws": [],
            "route": [],
            "tags": {
              "Name": "saii-vpc-default"
            },
            "tags_all": {
              "Name": "saii-vpc-default"
            },
            "timeouts": {
              "create": "5m",
              "update": "5m"
            },
            "vpc_id": "vpc-0197dd4d5f4e38dfb"
          },
          "sensitive_attributes": [],
          "private": "eyJlMmJmYjczMC1lY2FhLTExZTYtOGY4OC0zNDM2M2JjN2M0YzAiOnsiY3JlYXRlIjozMDAwMDAwMDAwMDAsInVwZGF0ZSI6MzAwMDAwMDAwMDAwfX0=",
          "dependencies": [
            "module.vpc.aws_vpc.this"
          ]
        }
      ]
    },
    {
      "module": "module.vpc",
      "mode": "managed",
      "type": "aws_default_security_group",
      "name": "this",
      "provider": "provider[\"registry.terraform.io/hashicorp/aws\"]",
      "instances": [
        {
          "index_key": 0,
          "schema_version": 1,
          "attributes": {
            "arn": "arn:aws:ec2:us-west-2:882027629355:security-group/sg-02e0269e42db2afa0",
            "description": "default VPC security group",
            "egress": [],
            "id": "sg-02e0269e42db2afa0",
            "ingress": [],
            "name": "default",
            "name_prefix": "",
            "owner_id": "882027629355",
            "revoke_rules_on_delete": false,
            "tags": {
              "Name": "saii-vpc-default"
            },
            "tags_all": {
              "Name": "saii-vpc-default"
            },
            "vpc_id": "vpc-0197dd4d5f4e38dfb"
          },
          "sensitive_attributes": [],
          "private": "eyJzY2hlbWFfdmVyc2lvbiI6IjEifQ==",
          "dependencies": [
            "module.vpc.aws_vpc.this"
          ]
        }
      ]
    },
    {
      "module": "module.vpc",
      "mode": "managed",
      "type": "aws_eip",
      "name": "nat",
      "provider": "provider[\"registry.terraform.io/hashicorp/aws\"]",
      "instances": [
        {
          "index_key": 0,
          "schema_version": 0,
          "attributes": {
            "address": null,
            "allocation_id": "eipalloc-0cd15fa3503bec716",
            "arn": "arn:aws:ec2:us-west-2:882027629355:elastic-ip/eipalloc-0cd15fa3503bec716",
            "associate_with_private_ip": null,
            "association_id": "eipassoc-09cbb3bd4d9ca04f6",
            "carrier_ip": "",
            "customer_owned_ip": "",
            "customer_owned_ipv4_pool": "",
            "domain": "vpc",
            "id": "eipalloc-0cd15fa3503bec716",
            "instance": "",
            "network_border_group": "us-west-2",
            "network_interface": "eni-0f6d6f78bac4cf69b",
            "private_dns": "ip-10-0-101-174.us-west-2.compute.internal",
            "private_ip": "10.0.101.174",
            "ptr_record": "",
            "public_dns": "ec2-52-39-90-210.us-west-2.compute.amazonaws.com",
            "public_ip": "52.39.90.210",
            "public_ipv4_pool": "amazon",
            "tags": {
              "Name": "saii-vpc-us-west-2a"
            },
            "tags_all": {
              "Name": "saii-vpc-us-west-2a"
            },
            "timeouts": null,
            "vpc": true
          },
          "sensitive_attributes": [],
          "private": "eyJlMmJmYjczMC1lY2FhLTExZTYtOGY4OC0zNDM2M2JjN2M0YzAiOnsiZGVsZXRlIjoxODAwMDAwMDAwMDAsInJlYWQiOjkwMDAwMDAwMDAwMCwidXBkYXRlIjozMDAwMDAwMDAwMDB9fQ==",
          "dependencies": [
            "module.vpc.aws_internet_gateway.this",
            "module.vpc.aws_vpc.this",
            "module.vpc.aws_vpc_ipv4_cidr_block_association.this"
          ]
        }
      ]
    },
    {
      "module": "module.vpc",
      "mode": "managed",
      "type": "aws_internet_gateway",
      "name": "this",
      "provider": "provider[\"registry.terraform.io/hashicorp/aws\"]",
      "instances": [
        {
          "index_key": 0,
          "schema_version": 0,
          "attributes": {
            "arn": "arn:aws:ec2:us-west-2:882027629355:internet-gateway/igw-0ef72af30c9c5a963",
            "id": "igw-0ef72af30c9c5a963",
            "owner_id": "882027629355",
            "tags": {
              "Name": "saii-vpc"
            },
            "tags_all": {
              "Name": "saii-vpc"
            },
            "timeouts": null,
            "vpc_id": "vpc-0197dd4d5f4e38dfb"
          },
          "sensitive_attributes": [],
          "private": "eyJlMmJmYjczMC1lY2FhLTExZTYtOGY4OC0zNDM2M2JjN2M0YzAiOnsiY3JlYXRlIjoxMjAwMDAwMDAwMDAwLCJkZWxldGUiOjEyMDAwMDAwMDAwMDAsInVwZGF0ZSI6MTIwMDAwMDAwMDAwMH19",
          "dependencies": [
            "module.vpc.aws_vpc.this",
            "module.vpc.aws_vpc_ipv4_cidr_block_association.this"
          ]
        }
      ]
    },
    {
      "module": "module.vpc",
      "mode": "managed",
      "type": "aws_nat_gateway",
      "name": "this",
      "provider": "provider[\"registry.terraform.io/hashicorp/aws\"]",
      "instances": [
        {
          "index_key": 0,
          "schema_version": 0,
          "attributes": {
            "allocation_id": "eipalloc-0cd15fa3503bec716",
            "association_id": "eipassoc-09cbb3bd4d9ca04f6",
            "connectivity_type": "public",
            "id": "nat-0cffcd5665996ba5d",
            "network_interface_id": "eni-0f6d6f78bac4cf69b",
            "private_ip": "10.0.101.174",
            "public_ip": "52.39.90.210",
            "secondary_allocation_ids": [],
            "secondary_private_ip_address_count": 0,
            "secondary_private_ip_addresses": [],
            "subnet_id": "subnet-0d2bd996a9c7e4d0e",
            "tags": {
              "Name": "saii-vpc-us-west-2a"
            },
            "tags_all": {
              "Name": "saii-vpc-us-west-2a"
            },
            "timeouts": null
          },
          "sensitive_attributes": [],
          "private": "eyJlMmJmYjczMC1lY2FhLTExZTYtOGY4OC0zNDM2M2JjN2M0YzAiOnsiY3JlYXRlIjo2MDAwMDAwMDAwMDAsImRlbGV0ZSI6MTgwMDAwMDAwMDAwMCwidXBkYXRlIjo2MDAwMDAwMDAwMDB9fQ==",
          "dependencies": [
            "module.vpc.aws_eip.nat",
            "module.vpc.aws_internet_gateway.this",
            "module.vpc.aws_subnet.public",
            "module.vpc.aws_vpc.this",
            "module.vpc.aws_vpc_ipv4_cidr_block_association.this"
          ]
        }
      ]
    },
    {
      "module": "module.vpc",
      "mode": "managed",
      "type": "aws_route",
      "name": "private_nat_gateway",
      "provider": "provider[\"registry.terraform.io/hashicorp/aws\"]",
      "instances": [
        {
          "index_key": 0,
          "schema_version": 0,
          "attributes": {
            "carrier_gateway_id": "",
            "core_network_arn": "",
            "destination_cidr_block": "0.0.0.0/0",
            "destination_ipv6_cidr_block": "",
            "destination_prefix_list_id": "",
            "egress_only_gateway_id": "",
            "gateway_id": "",
            "id": "r-rtb-084afd7b192b0190f1080289494",
            "instance_id": "",
            "instance_owner_id": "",
            "local_gateway_id": "",
            "nat_gateway_id": "nat-0cffcd5665996ba5d",
            "network_interface_id": "",
            "origin": "CreateRoute",
            "route_table_id": "rtb-084afd7b192b0190f",
            "state": "active",
            "timeouts": {
              "create": "5m",
              "delete": null,
              "update": null
            },
            "transit_gateway_id": "",
            "vpc_endpoint_id": "",
            "vpc_peering_connection_id": ""
          },
          "sensitive_attributes": [],
          "private": "eyJlMmJmYjczMC1lY2FhLTExZTYtOGY4OC0zNDM2M2JjN2M0YzAiOnsiY3JlYXRlIjozMDAwMDAwMDAwMDAsImRlbGV0ZSI6MzAwMDAwMDAwMDAwLCJ1cGRhdGUiOjEyMDAwMDAwMDAwMH19",
          "dependencies": [
            "module.vpc.aws_eip.nat",
            "module.vpc.aws_internet_gateway.this",
            "module.vpc.aws_nat_gateway.this",
            "module.vpc.aws_route_table.private",
            "module.vpc.aws_subnet.public",
            "module.vpc.aws_vpc.this",
            "module.vpc.aws_vpc_ipv4_cidr_block_association.this"
          ]
        }
      ]
    },
    {
      "module": "module.vpc",
      "mode": "managed",
      "type": "aws_route",
      "name": "public_internet_gateway",
      "provider": "provider[\"registry.terraform.io/hashicorp/aws\"]",
      "instances": [
        {
          "index_key": 0,
          "schema_version": 0,
          "attributes": {
            "carrier_gateway_id": "",
            "core_network_arn": "",
            "destination_cidr_block": "0.0.0.0/0",
            "destination_ipv6_cidr_block": "",
            "destination_prefix_list_id": "",
            "egress_only_gateway_id": "",
            "gateway_id": "igw-0ef72af30c9c5a963",
            "id": "r-rtb-06109701db8df824d1080289494",
            "instance_id": "",
            "instance_owner_id": "",
            "local_gateway_id": "",
            "nat_gateway_id": "",
            "network_interface_id": "",
            "origin": "CreateRoute",
            "route_table_id": "rtb-06109701db8df824d",
            "state": "active",
            "timeouts": {
              "create": "5m",
              "delete": null,
              "update": null
            },
            "transit_gateway_id": "",
            "vpc_endpoint_id": "",
            "vpc_peering_connection_id": ""
          },
          "sensitive_attributes": [],
          "private": "eyJlMmJmYjczMC1lY2FhLTExZTYtOGY4OC0zNDM2M2JjN2M0YzAiOnsiY3JlYXRlIjozMDAwMDAwMDAwMDAsImRlbGV0ZSI6MzAwMDAwMDAwMDAwLCJ1cGRhdGUiOjEyMDAwMDAwMDAwMH19",
          "dependencies": [
            "module.vpc.aws_internet_gateway.this",
            "module.vpc.aws_route_table.public",
            "module.vpc.aws_vpc.this",
            "module.vpc.aws_vpc_ipv4_cidr_block_association.this"
          ]
        }
      ]
    },
    {
      "module": "module.vpc",
      "mode": "managed",
      "type": "aws_route_table",
      "name": "intra",
      "provider": "provider[\"registry.terraform.io/hashicorp/aws\"]",
      "instances": [
        {
          "index_key": 0,
          "schema_version": 0,
          "attributes": {
            "arn": "arn:aws:ec2:us-west-2:882027629355:route-table/rtb-0a37123d656c9bfd8",
            "id": "rtb-0a37123d656c9bfd8",
            "owner_id": "882027629355",
            "propagating_vgws": [],
            "route": [],
            "tags": {
              "Name": "saii-vpc-intra"
            },
            "tags_all": {
              "Name": "saii-vpc-intra"
            },
            "timeouts": null,
            "vpc_id": "vpc-0197dd4d5f4e38dfb"
          },
          "sensitive_attributes": [],
          "private": "eyJlMmJmYjczMC1lY2FhLTExZTYtOGY4OC0zNDM2M2JjN2M0YzAiOnsiY3JlYXRlIjozMDAwMDAwMDAwMDAsImRlbGV0ZSI6MzAwMDAwMDAwMDAwLCJ1cGRhdGUiOjEyMDAwMDAwMDAwMH19",
          "dependencies": [
            "module.vpc.aws_vpc.this",
            "module.vpc.aws_vpc_ipv4_cidr_block_association.this"
          ]
        }
      ]
    },
    {
      "module": "module.vpc",
      "mode": "managed",
      "type": "aws_route_table",
      "name": "private",
      "provider": "provider[\"registry.terraform.io/hashicorp/aws\"]",
      "instances": [
        {
          "index_key": 0,
          "schema_version": 0,
          "attributes": {
            "arn": "arn:aws:ec2:us-west-2:882027629355:route-table/rtb-084afd7b192b0190f",
            "id": "rtb-084afd7b192b0190f",
            "owner_id": "882027629355",
            "propagating_vgws": [],
            "route": [
              {
                "carrier_gateway_id": "",
                "cidr_block": "0.0.0.0/0",
                "core_network_arn": "",
                "destination_prefix_list_id": "",
                "egress_only_gateway_id": "",
                "gateway_id": "",
                "ipv6_cidr_block": "",
                "local_gateway_id": "",
                "nat_gateway_id": "nat-0cffcd5665996ba5d",
                "network_interface_id": "",
                "transit_gateway_id": "",
                "vpc_endpoint_id": "",
                "vpc_peering_connection_id": ""
              }
            ],
            "tags": {
              "Name": "saii-vpc-private"
            },
            "tags_all": {
              "Name": "saii-vpc-private"
            },
            "timeouts": null,
            "vpc_id": "vpc-0197dd4d5f4e38dfb"
          },
          "sensitive_attributes": [],
          "private": "eyJlMmJmYjczMC1lY2FhLTExZTYtOGY4OC0zNDM2M2JjN2M0YzAiOnsiY3JlYXRlIjozMDAwMDAwMDAwMDAsImRlbGV0ZSI6MzAwMDAwMDAwMDAwLCJ1cGRhdGUiOjEyMDAwMDAwMDAwMH19",
          "dependencies": [
            "module.vpc.aws_vpc.this",
            "module.vpc.aws_vpc_ipv4_cidr_block_association.this"
          ]
        }
      ]
    },
    {
      "module": "module.vpc",
      "mode": "managed",
      "type": "aws_route_table",
      "name": "public",
      "provider": "provider[\"registry.terraform.io/hashicorp/aws\"]",
      "instances": [
        {
          "index_key": 0,
          "schema_version": 0,
          "attributes": {
            "arn": "arn:aws:ec2:us-west-2:882027629355:route-table/rtb-06109701db8df824d",
            "id": "rtb-06109701db8df824d",
            "owner_id": "882027629355",
            "propagating_vgws": [],
            "route": [
              {
                "carrier_gateway_id": "",
                "cidr_block": "0.0.0.0/0",
                "core_network_arn": "",
                "destination_prefix_list_id": "",
                "egress_only_gateway_id": "",
                "gateway_id": "igw-0ef72af30c9c5a963",
                "ipv6_cidr_block": "",
                "local_gateway_id": "",
                "nat_gateway_id": "",
                "network_interface_id": "",
                "transit_gateway_id": "",
                "vpc_endpoint_id": "",
                "vpc_peering_connection_id": ""
              }
            ],
            "tags": {
              "Name": "saii-vpc-public"
            },
            "tags_all": {
              "Name": "saii-vpc-public"
            },
            "timeouts": null,
            "vpc_id": "vpc-0197dd4d5f4e38dfb"
          },
          "sensitive_attributes": [],
          "private": "eyJlMmJmYjczMC1lY2FhLTExZTYtOGY4OC0zNDM2M2JjN2M0YzAiOnsiY3JlYXRlIjozMDAwMDAwMDAwMDAsImRlbGV0ZSI6MzAwMDAwMDAwMDAwLCJ1cGRhdGUiOjEyMDAwMDAwMDAwMH19",
          "dependencies": [
            "module.vpc.aws_vpc.this",
            "module.vpc.aws_vpc_ipv4_cidr_block_association.this"
          ]
        }
      ]
    },
    {
      "module": "module.vpc",
      "mode": "managed",
      "type": "aws_route_table_association",
      "name": "intra",
      "provider": "provider[\"registry.terraform.io/hashicorp/aws\"]",
      "instances": [
        {
          "index_key": 0,
          "schema_version": 0,
          "attributes": {
            "gateway_id": "",
            "id": "rtbassoc-03e5d61961ec8ae77",
            "route_table_id": "rtb-0a37123d656c9bfd8",
            "subnet_id": "subnet-014f2dfdc1ee6957a",
            "timeouts": null
          },
          "sensitive_attributes": [],
          "private": "eyJlMmJmYjczMC1lY2FhLTExZTYtOGY4OC0zNDM2M2JjN2M0YzAiOnsiY3JlYXRlIjozMDAwMDAwMDAwMDAsImRlbGV0ZSI6MzAwMDAwMDAwMDAwLCJ1cGRhdGUiOjEyMDAwMDAwMDAwMH19",
          "dependencies": [
            "module.vpc.aws_route_table.intra",
            "module.vpc.aws_subnet.intra",
            "module.vpc.aws_vpc.this",
            "module.vpc.aws_vpc_ipv4_cidr_block_association.this"
          ]
        },
        {
          "index_key": 1,
          "schema_version": 0,
          "attributes": {
            "gateway_id": "",
            "id": "rtbassoc-0cdbc414fa9c523cc",
            "route_table_id": "rtb-0a37123d656c9bfd8",
            "subnet_id": "subnet-035ad5660b0c214e8",
            "timeouts": null
          },
          "sensitive_attributes": [],
          "private": "eyJlMmJmYjczMC1lY2FhLTExZTYtOGY4OC0zNDM2M2JjN2M0YzAiOnsiY3JlYXRlIjozMDAwMDAwMDAwMDAsImRlbGV0ZSI6MzAwMDAwMDAwMDAwLCJ1cGRhdGUiOjEyMDAwMDAwMDAwMH19",
          "dependencies": [
            "module.vpc.aws_route_table.intra",
            "module.vpc.aws_subnet.intra",
            "module.vpc.aws_vpc.this",
            "module.vpc.aws_vpc_ipv4_cidr_block_association.this"
          ]
        },
        {
          "index_key": 2,
          "schema_version": 0,
          "attributes": {
            "gateway_id": "",
            "id": "rtbassoc-0fab4e2520da3f325",
            "route_table_id": "rtb-0a37123d656c9bfd8",
            "subnet_id": "subnet-046be441e6762363b",
            "timeouts": null
          },
          "sensitive_attributes": [],
          "private": "eyJlMmJmYjczMC1lY2FhLTExZTYtOGY4OC0zNDM2M2JjN2M0YzAiOnsiY3JlYXRlIjozMDAwMDAwMDAwMDAsImRlbGV0ZSI6MzAwMDAwMDAwMDAwLCJ1cGRhdGUiOjEyMDAwMDAwMDAwMH19",
          "dependencies": [
            "module.vpc.aws_route_table.intra",
            "module.vpc.aws_subnet.intra",
            "module.vpc.aws_vpc.this",
            "module.vpc.aws_vpc_ipv4_cidr_block_association.this"
          ]
        }
      ]
    },
    {
      "module": "module.vpc",
      "mode": "managed",
      "type": "aws_route_table_association",
      "name": "private",
      "provider": "provider[\"registry.terraform.io/hashicorp/aws\"]",
      "instances": [
        {
          "index_key": 0,
          "schema_version": 0,
          "attributes": {
            "gateway_id": "",
            "id": "rtbassoc-03028e1f1a9069591",
            "route_table_id": "rtb-084afd7b192b0190f",
            "subnet_id": "subnet-00c89940b82da97cf",
            "timeouts": null
          },
          "sensitive_attributes": [],
          "private": "eyJlMmJmYjczMC1lY2FhLTExZTYtOGY4OC0zNDM2M2JjN2M0YzAiOnsiY3JlYXRlIjozMDAwMDAwMDAwMDAsImRlbGV0ZSI6MzAwMDAwMDAwMDAwLCJ1cGRhdGUiOjEyMDAwMDAwMDAwMH19",
          "dependencies": [
            "module.vpc.aws_route_table.private",
            "module.vpc.aws_subnet.private",
            "module.vpc.aws_vpc.this",
            "module.vpc.aws_vpc_ipv4_cidr_block_association.this"
          ]
        },
        {
          "index_key": 1,
          "schema_version": 0,
          "attributes": {
            "gateway_id": "",
            "id": "rtbassoc-0702031604229c32a",
            "route_table_id": "rtb-084afd7b192b0190f",
            "subnet_id": "subnet-0bb7258c288d38b96",
            "timeouts": null
          },
          "sensitive_attributes": [],
          "private": "eyJlMmJmYjczMC1lY2FhLTExZTYtOGY4OC0zNDM2M2JjN2M0YzAiOnsiY3JlYXRlIjozMDAwMDAwMDAwMDAsImRlbGV0ZSI6MzAwMDAwMDAwMDAwLCJ1cGRhdGUiOjEyMDAwMDAwMDAwMH19",
          "dependencies": [
            "module.vpc.aws_route_table.private",
            "module.vpc.aws_subnet.private",
            "module.vpc.aws_vpc.this",
            "module.vpc.aws_vpc_ipv4_cidr_block_association.this"
          ]
        },
        {
          "index_key": 2,
          "schema_version": 0,
          "attributes": {
            "gateway_id": "",
            "id": "rtbassoc-04ee930c910205c7c",
            "route_table_id": "rtb-084afd7b192b0190f",
            "subnet_id": "subnet-04b3564b7e1d6e92d",
            "timeouts": null
          },
          "sensitive_attributes": [],
          "private": "eyJlMmJmYjczMC1lY2FhLTExZTYtOGY4OC0zNDM2M2JjN2M0YzAiOnsiY3JlYXRlIjozMDAwMDAwMDAwMDAsImRlbGV0ZSI6MzAwMDAwMDAwMDAwLCJ1cGRhdGUiOjEyMDAwMDAwMDAwMH19",
          "dependencies": [
            "module.vpc.aws_route_table.private",
            "module.vpc.aws_subnet.private",
            "module.vpc.aws_vpc.this",
            "module.vpc.aws_vpc_ipv4_cidr_block_association.this"
          ]
        }
      ]
    },
    {
      "module": "module.vpc",
      "mode": "managed",
      "type": "aws_route_table_association",
      "name": "public",
      "provider": "provider[\"registry.terraform.io/hashicorp/aws\"]",
      "instances": [
        {
          "index_key": 0,
          "schema_version": 0,
          "attributes": {
            "gateway_id": "",
            "id": "rtbassoc-0665df264e08f0a6f",
            "route_table_id": "rtb-06109701db8df824d",
            "subnet_id": "subnet-0d2bd996a9c7e4d0e",
            "timeouts": null
          },
          "sensitive_attributes": [],
          "private": "eyJlMmJmYjczMC1lY2FhLTExZTYtOGY4OC0zNDM2M2JjN2M0YzAiOnsiY3JlYXRlIjozMDAwMDAwMDAwMDAsImRlbGV0ZSI6MzAwMDAwMDAwMDAwLCJ1cGRhdGUiOjEyMDAwMDAwMDAwMH19",
          "dependencies": [
            "module.vpc.aws_route_table.public",
            "module.vpc.aws_subnet.public",
            "module.vpc.aws_vpc.this",
            "module.vpc.aws_vpc_ipv4_cidr_block_association.this"
          ]
        },
        {
          "index_key": 1,
          "schema_version": 0,
          "attributes": {
            "gateway_id": "",
            "id": "rtbassoc-0f48137056cfe097c",
            "route_table_id": "rtb-06109701db8df824d",
            "subnet_id": "subnet-0c2fd488851a0c205",
            "timeouts": null
          },
          "sensitive_attributes": [],
          "private": "eyJlMmJmYjczMC1lY2FhLTExZTYtOGY4OC0zNDM2M2JjN2M0YzAiOnsiY3JlYXRlIjozMDAwMDAwMDAwMDAsImRlbGV0ZSI6MzAwMDAwMDAwMDAwLCJ1cGRhdGUiOjEyMDAwMDAwMDAwMH19",
          "dependencies": [
            "module.vpc.aws_route_table.public",
            "module.vpc.aws_subnet.public",
            "module.vpc.aws_vpc.this",
            "module.vpc.aws_vpc_ipv4_cidr_block_association.this"
          ]
        },
        {
          "index_key": 2,
          "schema_version": 0,
          "attributes": {
            "gateway_id": "",
            "id": "rtbassoc-0e0c77f283658db1a",
            "route_table_id": "rtb-06109701db8df824d",
            "subnet_id": "subnet-056092059fa24bc3f",
            "timeouts": null
          },
          "sensitive_attributes": [],
          "private": "eyJlMmJmYjczMC1lY2FhLTExZTYtOGY4OC0zNDM2M2JjN2M0YzAiOnsiY3JlYXRlIjozMDAwMDAwMDAwMDAsImRlbGV0ZSI6MzAwMDAwMDAwMDAwLCJ1cGRhdGUiOjEyMDAwMDAwMDAwMH19",
          "dependencies": [
            "module.vpc.aws_route_table.public",
            "module.vpc.aws_subnet.public",
            "module.vpc.aws_vpc.this",
            "module.vpc.aws_vpc_ipv4_cidr_block_association.this"
          ]
        }
      ]
    },
    {
      "module": "module.vpc",
      "mode": "managed",
      "type": "aws_subnet",
      "name": "intra",
      "provider": "provider[\"registry.terraform.io/hashicorp/aws\"]",
      "instances": [
        {
          "index_key": 0,
          "schema_version": 1,
          "attributes": {
            "arn": "arn:aws:ec2:us-west-2:882027629355:subnet/subnet-014f2dfdc1ee6957a",
            "assign_ipv6_address_on_creation": false,
            "availability_zone": "us-west-2a",
            "availability_zone_id": "usw2-az2",
            "cidr_block": "10.0.104.0/24",
            "customer_owned_ipv4_pool": "",
            "enable_dns64": false,
            "enable_lni_at_device_index": 0,
            "enable_resource_name_dns_a_record_on_launch": false,
            "enable_resource_name_dns_aaaa_record_on_launch": false,
            "id": "subnet-014f2dfdc1ee6957a",
            "ipv6_cidr_block": "",
            "ipv6_cidr_block_association_id": "",
            "ipv6_native": false,
            "map_customer_owned_ip_on_launch": false,
            "map_public_ip_on_launch": false,
            "outpost_arn": "",
            "owner_id": "882027629355",
            "private_dns_hostname_type_on_launch": "ip-name",
            "tags": {
              "Name": "saii-vpc-intra-us-west-2a"
            },
            "tags_all": {
              "Name": "saii-vpc-intra-us-west-2a"
            },
            "timeouts": null,
            "vpc_id": "vpc-0197dd4d5f4e38dfb"
          },
          "sensitive_attributes": [],
          "private": "eyJlMmJmYjczMC1lY2FhLTExZTYtOGY4OC0zNDM2M2JjN2M0YzAiOnsiY3JlYXRlIjo2MDAwMDAwMDAwMDAsImRlbGV0ZSI6MTIwMDAwMDAwMDAwMH0sInNjaGVtYV92ZXJzaW9uIjoiMSJ9",
          "dependencies": [
            "module.vpc.aws_vpc.this",
            "module.vpc.aws_vpc_ipv4_cidr_block_association.this"
          ],
          "create_before_destroy": true
        },
        {
          "index_key": 1,
          "schema_version": 1,
          "attributes": {
            "arn": "arn:aws:ec2:us-west-2:882027629355:subnet/subnet-035ad5660b0c214e8",
            "assign_ipv6_address_on_creation": false,
            "availability_zone": "us-west-2b",
            "availability_zone_id": "usw2-az1",
            "cidr_block": "10.0.105.0/24",
            "customer_owned_ipv4_pool": "",
            "enable_dns64": false,
            "enable_lni_at_device_index": 0,
            "enable_resource_name_dns_a_record_on_launch": false,
            "enable_resource_name_dns_aaaa_record_on_launch": false,
            "id": "subnet-035ad5660b0c214e8",
            "ipv6_cidr_block": "",
            "ipv6_cidr_block_association_id": "",
            "ipv6_native": false,
            "map_customer_owned_ip_on_launch": false,
            "map_public_ip_on_launch": false,
            "outpost_arn": "",
            "owner_id": "882027629355",
            "private_dns_hostname_type_on_launch": "ip-name",
            "tags": {
              "Name": "saii-vpc-intra-us-west-2b"
            },
            "tags_all": {
              "Name": "saii-vpc-intra-us-west-2b"
            },
            "timeouts": null,
            "vpc_id": "vpc-0197dd4d5f4e38dfb"
          },
          "sensitive_attributes": [],
          "private": "eyJlMmJmYjczMC1lY2FhLTExZTYtOGY4OC0zNDM2M2JjN2M0YzAiOnsiY3JlYXRlIjo2MDAwMDAwMDAwMDAsImRlbGV0ZSI6MTIwMDAwMDAwMDAwMH0sInNjaGVtYV92ZXJzaW9uIjoiMSJ9",
          "dependencies": [
            "module.vpc.aws_vpc.this",
            "module.vpc.aws_vpc_ipv4_cidr_block_association.this"
          ],
          "create_before_destroy": true
        },
        {
          "index_key": 2,
          "schema_version": 1,
          "attributes": {
            "arn": "arn:aws:ec2:us-west-2:882027629355:subnet/subnet-046be441e6762363b",
            "assign_ipv6_address_on_creation": false,
            "availability_zone": "us-west-2c",
            "availability_zone_id": "usw2-az3",
            "cidr_block": "10.0.106.0/24",
            "customer_owned_ipv4_pool": "",
            "enable_dns64": false,
            "enable_lni_at_device_index": 0,
            "enable_resource_name_dns_a_record_on_launch": false,
            "enable_resource_name_dns_aaaa_record_on_launch": false,
            "id": "subnet-046be441e6762363b",
            "ipv6_cidr_block": "",
            "ipv6_cidr_block_association_id": "",
            "ipv6_native": false,
            "map_customer_owned_ip_on_launch": false,
            "map_public_ip_on_launch": false,
            "outpost_arn": "",
            "owner_id": "882027629355",
            "private_dns_hostname_type_on_launch": "ip-name",
            "tags": {
              "Name": "saii-vpc-intra-us-west-2c"
            },
            "tags_all": {
              "Name": "saii-vpc-intra-us-west-2c"
            },
            "timeouts": null,
            "vpc_id": "vpc-0197dd4d5f4e38dfb"
          },
          "sensitive_attributes": [],
          "private": "eyJlMmJmYjczMC1lY2FhLTExZTYtOGY4OC0zNDM2M2JjN2M0YzAiOnsiY3JlYXRlIjo2MDAwMDAwMDAwMDAsImRlbGV0ZSI6MTIwMDAwMDAwMDAwMH0sInNjaGVtYV92ZXJzaW9uIjoiMSJ9",
          "dependencies": [
            "module.vpc.aws_vpc.this",
            "module.vpc.aws_vpc_ipv4_cidr_block_association.this"
          ],
          "create_before_destroy": true
        }
      ]
    },
    {
      "module": "module.vpc",
      "mode": "managed",
      "type": "aws_subnet",
      "name": "private",
      "provider": "provider[\"registry.terraform.io/hashicorp/aws\"]",
      "instances": [
        {
          "index_key": 0,
          "schema_version": 1,
          "attributes": {
            "arn": "arn:aws:ec2:us-west-2:882027629355:subnet/subnet-00c89940b82da97cf",
            "assign_ipv6_address_on_creation": false,
            "availability_zone": "us-west-2a",
            "availability_zone_id": "usw2-az2",
            "cidr_block": "10.0.1.0/24",
            "customer_owned_ipv4_pool": "",
            "enable_dns64": false,
            "enable_lni_at_device_index": 0,
            "enable_resource_name_dns_a_record_on_launch": false,
            "enable_resource_name_dns_aaaa_record_on_launch": false,
            "id": "subnet-00c89940b82da97cf",
            "ipv6_cidr_block": "",
            "ipv6_cidr_block_association_id": "",
            "ipv6_native": false,
            "map_customer_owned_ip_on_launch": false,
            "map_public_ip_on_launch": false,
            "outpost_arn": "",
            "owner_id": "882027629355",
            "private_dns_hostname_type_on_launch": "ip-name",
            "tags": {
              "Name": "saii-vpc-private-us-west-2a",
              "karpenter.sh/discovery": "saii",
              "kubernetes.io/role/internal-elb": "1"
            },
            "tags_all": {
              "Name": "saii-vpc-private-us-west-2a",
              "karpenter.sh/discovery": "saii",
              "kubernetes.io/role/internal-elb": "1"
            },
            "timeouts": null,
            "vpc_id": "vpc-0197dd4d5f4e38dfb"
          },
          "sensitive_attributes": [],
          "private": "eyJlMmJmYjczMC1lY2FhLTExZTYtOGY4OC0zNDM2M2JjN2M0YzAiOnsiY3JlYXRlIjo2MDAwMDAwMDAwMDAsImRlbGV0ZSI6MTIwMDAwMDAwMDAwMH0sInNjaGVtYV92ZXJzaW9uIjoiMSJ9",
          "dependencies": [
            "module.vpc.aws_vpc.this",
            "module.vpc.aws_vpc_ipv4_cidr_block_association.this"
          ],
          "create_before_destroy": true
        },
        {
          "index_key": 1,
          "schema_version": 1,
          "attributes": {
            "arn": "arn:aws:ec2:us-west-2:882027629355:subnet/subnet-0bb7258c288d38b96",
            "assign_ipv6_address_on_creation": false,
            "availability_zone": "us-west-2b",
            "availability_zone_id": "usw2-az1",
            "cidr_block": "10.0.2.0/24",
            "customer_owned_ipv4_pool": "",
            "enable_dns64": false,
            "enable_lni_at_device_index": 0,
            "enable_resource_name_dns_a_record_on_launch": false,
            "enable_resource_name_dns_aaaa_record_on_launch": false,
            "id": "subnet-0bb7258c288d38b96",
            "ipv6_cidr_block": "",
            "ipv6_cidr_block_association_id": "",
            "ipv6_native": false,
            "map_customer_owned_ip_on_launch": false,
            "map_public_ip_on_launch": false,
            "outpost_arn": "",
            "owner_id": "882027629355",
            "private_dns_hostname_type_on_launch": "ip-name",
            "tags": {
              "Name": "saii-vpc-private-us-west-2b",
              "karpenter.sh/discovery": "saii",
              "kubernetes.io/role/internal-elb": "1"
            },
            "tags_all": {
              "Name": "saii-vpc-private-us-west-2b",
              "karpenter.sh/discovery": "saii",
              "kubernetes.io/role/internal-elb": "1"
            },
            "timeouts": null,
            "vpc_id": "vpc-0197dd4d5f4e38dfb"
          },
          "sensitive_attributes": [],
          "private": "eyJlMmJmYjczMC1lY2FhLTExZTYtOGY4OC0zNDM2M2JjN2M0YzAiOnsiY3JlYXRlIjo2MDAwMDAwMDAwMDAsImRlbGV0ZSI6MTIwMDAwMDAwMDAwMH0sInNjaGVtYV92ZXJzaW9uIjoiMSJ9",
          "dependencies": [
            "module.vpc.aws_vpc.this",
            "module.vpc.aws_vpc_ipv4_cidr_block_association.this"
          ],
          "create_before_destroy": true
        },
        {
          "index_key": 2,
          "schema_version": 1,
          "attributes": {
            "arn": "arn:aws:ec2:us-west-2:882027629355:subnet/subnet-04b3564b7e1d6e92d",
            "assign_ipv6_address_on_creation": false,
            "availability_zone": "us-west-2c",
            "availability_zone_id": "usw2-az3",
            "cidr_block": "10.0.3.0/24",
            "customer_owned_ipv4_pool": "",
            "enable_dns64": false,
            "enable_lni_at_device_index": 0,
            "enable_resource_name_dns_a_record_on_launch": false,
            "enable_resource_name_dns_aaaa_record_on_launch": false,
            "id": "subnet-04b3564b7e1d6e92d",
            "ipv6_cidr_block": "",
            "ipv6_cidr_block_association_id": "",
            "ipv6_native": false,
            "map_customer_owned_ip_on_launch": false,
            "map_public_ip_on_launch": false,
            "outpost_arn": "",
            "owner_id": "882027629355",
            "private_dns_hostname_type_on_launch": "ip-name",
            "tags": {
              "Name": "saii-vpc-private-us-west-2c",
              "karpenter.sh/discovery": "saii",
              "kubernetes.io/role/internal-elb": "1"
            },
            "tags_all": {
              "Name": "saii-vpc-private-us-west-2c",
              "karpenter.sh/discovery": "saii",
              "kubernetes.io/role/internal-elb": "1"
            },
            "timeouts": null,
            "vpc_id": "vpc-0197dd4d5f4e38dfb"
          },
          "sensitive_attributes": [],
          "private": "eyJlMmJmYjczMC1lY2FhLTExZTYtOGY4OC0zNDM2M2JjN2M0YzAiOnsiY3JlYXRlIjo2MDAwMDAwMDAwMDAsImRlbGV0ZSI6MTIwMDAwMDAwMDAwMH0sInNjaGVtYV92ZXJzaW9uIjoiMSJ9",
          "dependencies": [
            "module.vpc.aws_vpc.this",
            "module.vpc.aws_vpc_ipv4_cidr_block_association.this"
          ],
          "create_before_destroy": true
        }
      ]
    },
    {
      "module": "module.vpc",
      "mode": "managed",
      "type": "aws_subnet",
      "name": "public",
      "provider": "provider[\"registry.terraform.io/hashicorp/aws\"]",
      "instances": [
        {
          "index_key": 0,
          "schema_version": 1,
          "attributes": {
            "arn": "arn:aws:ec2:us-west-2:882027629355:subnet/subnet-0d2bd996a9c7e4d0e",
            "assign_ipv6_address_on_creation": false,
            "availability_zone": "us-west-2a",
            "availability_zone_id": "usw2-az2",
            "cidr_block": "10.0.101.0/24",
            "customer_owned_ipv4_pool": "",
            "enable_dns64": false,
            "enable_lni_at_device_index": 0,
            "enable_resource_name_dns_a_record_on_launch": false,
            "enable_resource_name_dns_aaaa_record_on_launch": false,
            "id": "subnet-0d2bd996a9c7e4d0e",
            "ipv6_cidr_block": "",
            "ipv6_cidr_block_association_id": "",
            "ipv6_native": false,
            "map_customer_owned_ip_on_launch": false,
            "map_public_ip_on_launch": false,
            "outpost_arn": "",
            "owner_id": "882027629355",
            "private_dns_hostname_type_on_launch": "ip-name",
            "tags": {
              "Name": "saii-vpc-public-us-west-2a",
              "kubernetes.io/role/elb": "1"
            },
            "tags_all": {
              "Name": "saii-vpc-public-us-west-2a",
              "kubernetes.io/role/elb": "1"
            },
            "timeouts": null,
            "vpc_id": "vpc-0197dd4d5f4e38dfb"
          },
          "sensitive_attributes": [],
          "private": "eyJlMmJmYjczMC1lY2FhLTExZTYtOGY4OC0zNDM2M2JjN2M0YzAiOnsiY3JlYXRlIjo2MDAwMDAwMDAwMDAsImRlbGV0ZSI6MTIwMDAwMDAwMDAwMH0sInNjaGVtYV92ZXJzaW9uIjoiMSJ9",
          "dependencies": [
            "module.vpc.aws_vpc.this",
            "module.vpc.aws_vpc_ipv4_cidr_block_association.this"
          ]
        },
        {
          "index_key": 1,
          "schema_version": 1,
          "attributes": {
            "arn": "arn:aws:ec2:us-west-2:882027629355:subnet/subnet-0c2fd488851a0c205",
            "assign_ipv6_address_on_creation": false,
            "availability_zone": "us-west-2b",
            "availability_zone_id": "usw2-az1",
            "cidr_block": "10.0.102.0/24",
            "customer_owned_ipv4_pool": "",
            "enable_dns64": false,
            "enable_lni_at_device_index": 0,
            "enable_resource_name_dns_a_record_on_launch": false,
            "enable_resource_name_dns_aaaa_record_on_launch": false,
            "id": "subnet-0c2fd488851a0c205",
            "ipv6_cidr_block": "",
            "ipv6_cidr_block_association_id": "",
            "ipv6_native": false,
            "map_customer_owned_ip_on_launch": false,
            "map_public_ip_on_launch": false,
            "outpost_arn": "",
            "owner_id": "882027629355",
            "private_dns_hostname_type_on_launch": "ip-name",
            "tags": {
              "Name": "saii-vpc-public-us-west-2b",
              "kubernetes.io/role/elb": "1"
            },
            "tags_all": {
              "Name": "saii-vpc-public-us-west-2b",
              "kubernetes.io/role/elb": "1"
            },
            "timeouts": null,
            "vpc_id": "vpc-0197dd4d5f4e38dfb"
          },
          "sensitive_attributes": [],
          "private": "eyJlMmJmYjczMC1lY2FhLTExZTYtOGY4OC0zNDM2M2JjN2M0YzAiOnsiY3JlYXRlIjo2MDAwMDAwMDAwMDAsImRlbGV0ZSI6MTIwMDAwMDAwMDAwMH0sInNjaGVtYV92ZXJzaW9uIjoiMSJ9",
          "dependencies": [
            "module.vpc.aws_vpc.this",
            "module.vpc.aws_vpc_ipv4_cidr_block_association.this"
          ]
        },
        {
          "index_key": 2,
          "schema_version": 1,
          "attributes": {
            "arn": "arn:aws:ec2:us-west-2:882027629355:subnet/subnet-056092059fa24bc3f",
            "assign_ipv6_address_on_creation": false,
            "availability_zone": "us-west-2c",
            "availability_zone_id": "usw2-az3",
            "cidr_block": "10.0.103.0/24",
            "customer_owned_ipv4_pool": "",
            "enable_dns64": false,
            "enable_lni_at_device_index": 0,
            "enable_resource_name_dns_a_record_on_launch": false,
            "enable_resource_name_dns_aaaa_record_on_launch": false,
            "id": "subnet-056092059fa24bc3f",
            "ipv6_cidr_block": "",
            "ipv6_cidr_block_association_id": "",
            "ipv6_native": false,
            "map_customer_owned_ip_on_launch": false,
            "map_public_ip_on_launch": false,
            "outpost_arn": "",
            "owner_id": "882027629355",
            "private_dns_hostname_type_on_launch": "ip-name",
            "tags": {
              "Name": "saii-vpc-public-us-west-2c",
              "kubernetes.io/role/elb": "1"
            },
            "tags_all": {
              "Name": "saii-vpc-public-us-west-2c",
              "kubernetes.io/role/elb": "1"
            },
            "timeouts": null,
            "vpc_id": "vpc-0197dd4d5f4e38dfb"
          },
          "sensitive_attributes": [],
          "private": "eyJlMmJmYjczMC1lY2FhLTExZTYtOGY4OC0zNDM2M2JjN2M0YzAiOnsiY3JlYXRlIjo2MDAwMDAwMDAwMDAsImRlbGV0ZSI6MTIwMDAwMDAwMDAwMH0sInNjaGVtYV92ZXJzaW9uIjoiMSJ9",
          "dependencies": [
            "module.vpc.aws_vpc.this",
            "module.vpc.aws_vpc_ipv4_cidr_block_association.this"
          ]
        }
      ]
    },
    {
      "module": "module.vpc",
      "mode": "managed",
      "type": "aws_vpc",
      "name": "this",
      "provider": "provider[\"registry.terraform.io/hashicorp/aws\"]",
      "instances": [
        {
          "index_key": 0,
          "schema_version": 1,
          "attributes": {
            "arn": "arn:aws:ec2:us-west-2:882027629355:vpc/vpc-0197dd4d5f4e38dfb",
            "assign_generated_ipv6_cidr_block": false,
            "cidr_block": "10.0.0.0/16",
            "default_network_acl_id": "acl-0a52737cc72cf0ba6",
            "default_route_table_id": "rtb-0e0b1f84456419f02",
            "default_security_group_id": "sg-02e0269e42db2afa0",
            "dhcp_options_id": "dopt-02370ee5fecd9db2c",
            "enable_dns_hostnames": true,
            "enable_dns_support": true,
            "enable_network_address_usage_metrics": false,
            "id": "vpc-0197dd4d5f4e38dfb",
            "instance_tenancy": "default",
            "ipv4_ipam_pool_id": null,
            "ipv4_netmask_length": null,
            "ipv6_association_id": "",
            "ipv6_cidr_block": "",
            "ipv6_cidr_block_network_border_group": "",
            "ipv6_ipam_pool_id": "",
            "ipv6_netmask_length": 0,
            "main_route_table_id": "rtb-0e0b1f84456419f02",
            "owner_id": "882027629355",
            "tags": {
              "Name": "saii-vpc"
            },
            "tags_all": {
              "Name": "saii-vpc"
            }
          },
          "sensitive_attributes": [],
          "private": "eyJzY2hlbWFfdmVyc2lvbiI6IjEifQ==",
          "create_before_destroy": true
        }
      ]
    }
  ],
  "check_results": [
    {
      "object_kind": "resource",
      "config_addr": "module.eks.module.self_managed_node_group.module.user_data.null_resource.validate_cluster_service_cidr",
      "status": "pass",
      "objects": null
    },
    {
      "object_kind": "resource",
      "config_addr": "module.eks.module.eks_managed_node_group.module.user_data.null_resource.validate_cluster_service_cidr",
      "status": "pass",
      "objects": [
        {
          "object_addr": "module.eks.module.eks_managed_node_group[\"karpenter\"].module.user_data.null_resource.validate_cluster_service_cidr",
          "status": "pass"
        }
      ]
    },
    {
      "object_kind": "var",
      "config_addr": "module.eks.module.self_managed_node_group.var.platform",
      "status": "pass",
      "objects": null
    }
  ]
}
